
Microsoft Visual Studio Solution File, Format Version 12.00
# Visual Studio Version 17
VisualStudioVersion = 17.1.32407.343
MinimumVisualStudioVersion = 10.0.40219.1
Project("{9A19103F-16F7-4668-BE54-9A1E7A4F7556}") = "01-1-HelloWorld", "01-1-HelloWorld\01-1-HelloWorld.csproj", "{FB25655A-A5F7-4689-BA2C-015D7FB742D3}"
EndProject
Project("{9A19103F-16F7-4668-BE54-9A1E7A4F7556}") = "01-2-HelloBeep", "01-2-HelloBeep\01-2-HelloBeep.csproj", "{22C21884-3559-43EA-975E-92300BA2A695}"
EndProject
Project("{9A19103F-16F7-4668-BE54-9A1E7A4F7556}") = "02-1-DataTypes", "02-1-DataTypes\02-1-DataTypes.csproj", "{410EE8E7-D090-4DDD-BDBB-704AC90F5C7A}"
EndProject
Project("{9A19103F-16F7-4668-BE54-9A1E7A4F7556}") = "03-1-Operators", "03-1-Operators\03-1-Operators.csproj", "{0BDF8BF5-9C51-4CB2-8EA0-8AE08B667FE9}"
EndProject
Project("{9A19103F-16F7-4668-BE54-9A1E7A4F7556}") = "03-2-AssignmentOperators", "03-2-AssignmentOperators\03-2-AssignmentOperators.csproj", "{DF099B69-E63D-4822-ABDB-F382FC38F511}"
EndProject
Project("{9A19103F-16F7-4668-BE54-9A1E7A4F7556}") = "03-3-ArithmeticOperators", "03-3-ArithmeticOperators\03-3-ArithmeticOperators.csproj", "{A5CC5EDF-2505-4188-A871-FEFACE81C460}"
EndProject
Project("{9A19103F-16F7-4668-BE54-9A1E7A4F7556}") = "03-4-ComparisonOperators", "03-4-ComparisonOperators\03-4-ComparisonOperators.csproj", "{6D5D9741-8059-4430-8C18-22F130B2C467}"
EndProject
Project("{9A19103F-16F7-4668-BE54-9A1E7A4F7556}") = "03-5-LogicalOperators", "03-5-LogicalOperators\03-5-LogicalOperators.csproj", "{36E6211B-F0F0-4CBA-870B-E08651B5765A}"
EndProject
Project("{9A19103F-16F7-4668-BE54-9A1E7A4F7556}") = "03-6-ConsoleInput", "03-6-ConsoleInput\03-6-ConsoleInput.csproj", "{7E26CDCF-E15F-4F3B-A2C3-601EABC1A429}"
EndProject
Project("{9A19103F-16F7-4668-BE54-9A1E7A4F7556}") = "04-1-SelectionStatements1", "04-1-SelectionStatements\04-1-SelectionStatements1.csproj", "{C1555F26-1BF4-4E56-8E2F-D43352390F78}"
EndProject
Project("{9A19103F-16F7-4668-BE54-9A1E7A4F7556}") = "04-2-SelectionStatements2", "04-2-SelectionStatements\04-2-SelectionStatements2.csproj", "{F248EBCC-F370-4D56-A978-CDF4ADCA8EA9}"
EndProject
Project("{9A19103F-16F7-4668-BE54-9A1E7A4F7556}") = "04-3-SelectionStatements", "04-3-SelectionStatements\04-3-SelectionStatements.csproj", "{DD07CC0A-AF42-41CB-81A1-35D5CD90EF7D}"
EndProject
Project("{9A19103F-16F7-4668-BE54-9A1E7A4F7556}") = "04-4-SelectionStatements", "04-4-SelectionStatements\04-4-SelectionStatements.csproj", "{CE244754-FCB6-4886-948C-50BF2A160B54}"
EndProject
Project("{9A19103F-16F7-4668-BE54-9A1E7A4F7556}") = "05-1-Methods", "05-1-Methods\05-1-Methods.csproj", "{9D93F38A-6084-47CE-94C1-196229B63F00}"
EndProject
Project("{9A19103F-16F7-4668-BE54-9A1E7A4F7556}") = "05-2-Toxic", "05-2-Toxic\05-2-Toxic.csproj", "{9D3E43AE-33D1-4B35-8910-6D5485FE01F0}"
EndProject
Project("{9A19103F-16F7-4668-BE54-9A1E7A4F7556}") = "06-1-Loops", "06-1-Loops\06-1-Loops.csproj", "{CF8D7923-EF34-4420-BA12-8D3546C488EA}"
EndProject
Project("{9A19103F-16F7-4668-BE54-9A1E7A4F7556}") = "06-2-ForLoops", "06-2-ForLoops\06-2-ForLoops.csproj", "{14440347-1798-4DF9-AD7E-B95A07468CB9}"
EndProject
Project("{9A19103F-16F7-4668-BE54-9A1E7A4F7556}") = "06-3-InputLoop", "06-3-InputLoop\06-3-InputLoop.csproj", "{8FB1DEF4-C87A-4766-89B1-F7CA3C6267E5}"
EndProject
Project("{9A19103F-16F7-4668-BE54-9A1E7A4F7556}") = "06-4-InputLoop2", "06-4-InputLoop\06-4-InputLoop2.csproj", "{BACDC240-E1AE-4CD8-BC92-3CCD8A2FE3BE}"
EndProject
Project("{9A19103F-16F7-4668-BE54-9A1E7A4F7556}") = "06-5-SimpleMenu", "06-5-SimpleMenu\06-5-SimpleMenu.csproj", "{0ECB8886-8B4B-483D-AADB-E69949E015D6}"
EndProject
Project("{9A19103F-16F7-4668-BE54-9A1E7A4F7556}") = "07-1-Arrays", "07-1-Arrays\07-1-Arrays.csproj", "{8B70350E-AF5F-4444-B813-B79D97A791EA}"
EndProject
Project("{9A19103F-16F7-4668-BE54-9A1E7A4F7556}") = "07-2-IndicesRanges", "07-2-IndicesRanges\07-2-IndicesRanges.csproj", "{57A9C3FF-56CD-4966-A831-04E8AFD1E2E0}"
EndProject
Project("{9A19103F-16F7-4668-BE54-9A1E7A4F7556}") = "08-1-ArrayAlgorithms", "08-1-ArrayAlgorithms\08-1-ArrayAlgorithms.csproj", "{E2A67412-DDA7-4C2F-A16E-9FB1928651E4}"
EndProject
Project("{9A19103F-16F7-4668-BE54-9A1E7A4F7556}") = "09-1-RandomNumbers", "09-1-RandomNumbers\09-1-RandomNumbers.csproj", "{C2E72D32-FFD7-48FE-A821-A0B01C69B3DE}"
EndProject
Project("{9A19103F-16F7-4668-BE54-9A1E7A4F7556}") = "10-1-MultidimensionalArrays", "10-1-MultidimensionalArrays\10-1-MultidimensionalArrays.csproj", "{CA6958C0-E2DE-4E37-8BF1-7497E4120C0D}"
EndProject
Project("{9A19103F-16F7-4668-BE54-9A1E7A4F7556}") = "11-1-Objects", "11-1-Objects\11-1-Objects.csproj", "{5B4CD5A2-DA96-4F7A-8078-1A61422C4829}"
EndProject
Project("{9A19103F-16F7-4668-BE54-9A1E7A4F7556}") = "11-2-Objects", "11-2-Objects\11-2-Objects.csproj", "{5AA396B0-0200-492D-BD69-866436554773}"
EndProject
Project("{9A19103F-16F7-4668-BE54-9A1E7A4F7556}") = "11-3-Objects", "11-3-Objects\11-3-Objects.csproj", "{F214349D-C89C-4178-A57A-2523FE225524}"
EndProject
Project("{9A19103F-16F7-4668-BE54-9A1E7A4F7556}") = "11-4-Objects", "11-4-Objects\11-4-Objects.csproj", "{9CAA89D1-E2AC-4FA7-8D99-38C5E64AA4FE}"
EndProject
Project("{9A19103F-16F7-4668-BE54-9A1E7A4F7556}") = "11-5-Objects", "11-5-Objects\11-5-Objects.csproj", "{5DF7BD8D-916F-480C-AA75-F748592E23B7}"
EndProject
Project("{9A19103F-16F7-4668-BE54-9A1E7A4F7556}") = "12-1-ReferenceTypes", "12-1-ReferenceTypes\12-1-ReferenceTypes.csproj", "{BEB5BE52-73DA-48B2-AEC0-2AB76C206878}"
EndProject
Project("{9A19103F-16F7-4668-BE54-9A1E7A4F7556}") = "ZZ-Testing", "XX-Testing\ZZ-Testing.csproj", "{ADF83FE4-F1FA-4AF1-BE69-D2F7BA8275C7}"
EndProject
Project("{FAE04EC0-301F-11D3-BF4B-00C04F79EFBC}") = "Util", "Util\Util.csproj", "{F0AC5FF4-2C2D-463B-86BC-9A9BAFC0108C}"
EndProject
Project("{FAE04EC0-301F-11D3-BF4B-00C04F79EFBC}") = "05-3-ClassLibraries", "05-3-ClassLibraries\05-3-ClassLibraries.csproj", "{9FAF93D9-4C54-4F01-B0FD-131701D5E387}"
EndProject
Project("{FAE04EC0-301F-11D3-BF4B-00C04F79EFBC}") = "05-4-ConsoleMagic", "05-4-ConsoleMagic\05-4-ConsoleMagic.csproj", "{753FDC6F-6DF3-4879-8E70-B8D33F198F67}"
EndProject
Project("{9A19103F-16F7-4668-BE54-9A1E7A4F7556}") = "07-3-Looper", "07-3-Looper\07-3-Looper.csproj", "{F642E864-F5D5-4163-B353-057727494205}"
EndProject
Global
	GlobalSection(SolutionConfigurationPlatforms) = preSolution
		Debug|Any CPU = Debug|Any CPU
		Debug|x64 = Debug|x64
		Debug|x86 = Debug|x86
		Release|Any CPU = Release|Any CPU
		Release|x64 = Release|x64
		Release|x86 = Release|x86
	EndGlobalSection
	GlobalSection(ProjectConfigurationPlatforms) = postSolution
		{FB25655A-A5F7-4689-BA2C-015D7FB742D3}.Debug|Any CPU.ActiveCfg = Debug|Any CPU
		{FB25655A-A5F7-4689-BA2C-015D7FB742D3}.Debug|Any CPU.Build.0 = Debug|Any CPU
		{FB25655A-A5F7-4689-BA2C-015D7FB742D3}.Debug|x64.ActiveCfg = Debug|Any CPU
		{FB25655A-A5F7-4689-BA2C-015D7FB742D3}.Debug|x64.Build.0 = Debug|Any CPU
		{FB25655A-A5F7-4689-BA2C-015D7FB742D3}.Debug|x86.ActiveCfg = Debug|Any CPU
		{FB25655A-A5F7-4689-BA2C-015D7FB742D3}.Debug|x86.Build.0 = Debug|Any CPU
		{FB25655A-A5F7-4689-BA2C-015D7FB742D3}.Release|Any CPU.ActiveCfg = Release|Any CPU
		{FB25655A-A5F7-4689-BA2C-015D7FB742D3}.Release|Any CPU.Build.0 = Release|Any CPU
		{FB25655A-A5F7-4689-BA2C-015D7FB742D3}.Release|x64.ActiveCfg = Release|Any CPU
		{FB25655A-A5F7-4689-BA2C-015D7FB742D3}.Release|x64.Build.0 = Release|Any CPU
		{FB25655A-A5F7-4689-BA2C-015D7FB742D3}.Release|x86.ActiveCfg = Release|Any CPU
		{FB25655A-A5F7-4689-BA2C-015D7FB742D3}.Release|x86.Build.0 = Release|Any CPU
		{22C21884-3559-43EA-975E-92300BA2A695}.Debug|Any CPU.ActiveCfg = Debug|Any CPU
		{22C21884-3559-43EA-975E-92300BA2A695}.Debug|Any CPU.Build.0 = Debug|Any CPU
		{22C21884-3559-43EA-975E-92300BA2A695}.Debug|x64.ActiveCfg = Debug|Any CPU
		{22C21884-3559-43EA-975E-92300BA2A695}.Debug|x64.Build.0 = Debug|Any CPU
		{22C21884-3559-43EA-975E-92300BA2A695}.Debug|x86.ActiveCfg = Debug|Any CPU
		{22C21884-3559-43EA-975E-92300BA2A695}.Debug|x86.Build.0 = Debug|Any CPU
		{22C21884-3559-43EA-975E-92300BA2A695}.Release|Any CPU.ActiveCfg = Release|Any CPU
		{22C21884-3559-43EA-975E-92300BA2A695}.Release|Any CPU.Build.0 = Release|Any CPU
		{22C21884-3559-43EA-975E-92300BA2A695}.Release|x64.ActiveCfg = Release|Any CPU
		{22C21884-3559-43EA-975E-92300BA2A695}.Release|x64.Build.0 = Release|Any CPU
		{22C21884-3559-43EA-975E-92300BA2A695}.Release|x86.ActiveCfg = Release|Any CPU
		{22C21884-3559-43EA-975E-92300BA2A695}.Release|x86.Build.0 = Release|Any CPU
		{410EE8E7-D090-4DDD-BDBB-704AC90F5C7A}.Debug|Any CPU.ActiveCfg = Debug|Any CPU
		{410EE8E7-D090-4DDD-BDBB-704AC90F5C7A}.Debug|Any CPU.Build.0 = Debug|Any CPU
		{410EE8E7-D090-4DDD-BDBB-704AC90F5C7A}.Debug|x64.ActiveCfg = Debug|Any CPU
		{410EE8E7-D090-4DDD-BDBB-704AC90F5C7A}.Debug|x64.Build.0 = Debug|Any CPU
		{410EE8E7-D090-4DDD-BDBB-704AC90F5C7A}.Debug|x86.ActiveCfg = Debug|Any CPU
		{410EE8E7-D090-4DDD-BDBB-704AC90F5C7A}.Debug|x86.Build.0 = Debug|Any CPU
		{410EE8E7-D090-4DDD-BDBB-704AC90F5C7A}.Release|Any CPU.ActiveCfg = Release|Any CPU
		{410EE8E7-D090-4DDD-BDBB-704AC90F5C7A}.Release|Any CPU.Build.0 = Release|Any CPU
		{410EE8E7-D090-4DDD-BDBB-704AC90F5C7A}.Release|x64.ActiveCfg = Release|Any CPU
		{410EE8E7-D090-4DDD-BDBB-704AC90F5C7A}.Release|x64.Build.0 = Release|Any CPU
		{410EE8E7-D090-4DDD-BDBB-704AC90F5C7A}.Release|x86.ActiveCfg = Release|Any CPU
		{410EE8E7-D090-4DDD-BDBB-704AC90F5C7A}.Release|x86.Build.0 = Release|Any CPU
		{0BDF8BF5-9C51-4CB2-8EA0-8AE08B667FE9}.Debug|Any CPU.ActiveCfg = Debug|Any CPU
		{0BDF8BF5-9C51-4CB2-8EA0-8AE08B667FE9}.Debug|Any CPU.Build.0 = Debug|Any CPU
		{0BDF8BF5-9C51-4CB2-8EA0-8AE08B667FE9}.Debug|x64.ActiveCfg = Debug|Any CPU
		{0BDF8BF5-9C51-4CB2-8EA0-8AE08B667FE9}.Debug|x64.Build.0 = Debug|Any CPU
		{0BDF8BF5-9C51-4CB2-8EA0-8AE08B667FE9}.Debug|x86.ActiveCfg = Debug|Any CPU
		{0BDF8BF5-9C51-4CB2-8EA0-8AE08B667FE9}.Debug|x86.Build.0 = Debug|Any CPU
		{0BDF8BF5-9C51-4CB2-8EA0-8AE08B667FE9}.Release|Any CPU.ActiveCfg = Release|Any CPU
		{0BDF8BF5-9C51-4CB2-8EA0-8AE08B667FE9}.Release|Any CPU.Build.0 = Release|Any CPU
		{0BDF8BF5-9C51-4CB2-8EA0-8AE08B667FE9}.Release|x64.ActiveCfg = Release|Any CPU
		{0BDF8BF5-9C51-4CB2-8EA0-8AE08B667FE9}.Release|x64.Build.0 = Release|Any CPU
		{0BDF8BF5-9C51-4CB2-8EA0-8AE08B667FE9}.Release|x86.ActiveCfg = Release|Any CPU
		{0BDF8BF5-9C51-4CB2-8EA0-8AE08B667FE9}.Release|x86.Build.0 = Release|Any CPU
		{DF099B69-E63D-4822-ABDB-F382FC38F511}.Debug|Any CPU.ActiveCfg = Debug|Any CPU
		{DF099B69-E63D-4822-ABDB-F382FC38F511}.Debug|Any CPU.Build.0 = Debug|Any CPU
		{DF099B69-E63D-4822-ABDB-F382FC38F511}.Debug|x64.ActiveCfg = Debug|Any CPU
		{DF099B69-E63D-4822-ABDB-F382FC38F511}.Debug|x64.Build.0 = Debug|Any CPU
		{DF099B69-E63D-4822-ABDB-F382FC38F511}.Debug|x86.ActiveCfg = Debug|Any CPU
		{DF099B69-E63D-4822-ABDB-F382FC38F511}.Debug|x86.Build.0 = Debug|Any CPU
		{DF099B69-E63D-4822-ABDB-F382FC38F511}.Release|Any CPU.ActiveCfg = Release|Any CPU
		{DF099B69-E63D-4822-ABDB-F382FC38F511}.Release|Any CPU.Build.0 = Release|Any CPU
		{DF099B69-E63D-4822-ABDB-F382FC38F511}.Release|x64.ActiveCfg = Release|Any CPU
		{DF099B69-E63D-4822-ABDB-F382FC38F511}.Release|x64.Build.0 = Release|Any CPU
		{DF099B69-E63D-4822-ABDB-F382FC38F511}.Release|x86.ActiveCfg = Release|Any CPU
		{DF099B69-E63D-4822-ABDB-F382FC38F511}.Release|x86.Build.0 = Release|Any CPU
		{A5CC5EDF-2505-4188-A871-FEFACE81C460}.Debug|Any CPU.ActiveCfg = Debug|Any CPU
		{A5CC5EDF-2505-4188-A871-FEFACE81C460}.Debug|Any CPU.Build.0 = Debug|Any CPU
		{A5CC5EDF-2505-4188-A871-FEFACE81C460}.Debug|x64.ActiveCfg = Debug|Any CPU
		{A5CC5EDF-2505-4188-A871-FEFACE81C460}.Debug|x64.Build.0 = Debug|Any CPU
		{A5CC5EDF-2505-4188-A871-FEFACE81C460}.Debug|x86.ActiveCfg = Debug|Any CPU
		{A5CC5EDF-2505-4188-A871-FEFACE81C460}.Debug|x86.Build.0 = Debug|Any CPU
		{A5CC5EDF-2505-4188-A871-FEFACE81C460}.Release|Any CPU.ActiveCfg = Release|Any CPU
		{A5CC5EDF-2505-4188-A871-FEFACE81C460}.Release|Any CPU.Build.0 = Release|Any CPU
		{A5CC5EDF-2505-4188-A871-FEFACE81C460}.Release|x64.ActiveCfg = Release|Any CPU
		{A5CC5EDF-2505-4188-A871-FEFACE81C460}.Release|x64.Build.0 = Release|Any CPU
		{A5CC5EDF-2505-4188-A871-FEFACE81C460}.Release|x86.ActiveCfg = Release|Any CPU
		{A5CC5EDF-2505-4188-A871-FEFACE81C460}.Release|x86.Build.0 = Release|Any CPU
		{6D5D9741-8059-4430-8C18-22F130B2C467}.Debug|Any CPU.ActiveCfg = Debug|Any CPU
		{6D5D9741-8059-4430-8C18-22F130B2C467}.Debug|Any CPU.Build.0 = Debug|Any CPU
		{6D5D9741-8059-4430-8C18-22F130B2C467}.Debug|x64.ActiveCfg = Debug|Any CPU
		{6D5D9741-8059-4430-8C18-22F130B2C467}.Debug|x64.Build.0 = Debug|Any CPU
		{6D5D9741-8059-4430-8C18-22F130B2C467}.Debug|x86.ActiveCfg = Debug|Any CPU
		{6D5D9741-8059-4430-8C18-22F130B2C467}.Debug|x86.Build.0 = Debug|Any CPU
		{6D5D9741-8059-4430-8C18-22F130B2C467}.Release|Any CPU.ActiveCfg = Release|Any CPU
		{6D5D9741-8059-4430-8C18-22F130B2C467}.Release|Any CPU.Build.0 = Release|Any CPU
		{6D5D9741-8059-4430-8C18-22F130B2C467}.Release|x64.ActiveCfg = Release|Any CPU
		{6D5D9741-8059-4430-8C18-22F130B2C467}.Release|x64.Build.0 = Release|Any CPU
		{6D5D9741-8059-4430-8C18-22F130B2C467}.Release|x86.ActiveCfg = Release|Any CPU
		{6D5D9741-8059-4430-8C18-22F130B2C467}.Release|x86.Build.0 = Release|Any CPU
		{36E6211B-F0F0-4CBA-870B-E08651B5765A}.Debug|Any CPU.ActiveCfg = Debug|Any CPU
		{36E6211B-F0F0-4CBA-870B-E08651B5765A}.Debug|Any CPU.Build.0 = Debug|Any CPU
		{36E6211B-F0F0-4CBA-870B-E08651B5765A}.Debug|x64.ActiveCfg = Debug|Any CPU
		{36E6211B-F0F0-4CBA-870B-E08651B5765A}.Debug|x64.Build.0 = Debug|Any CPU
		{36E6211B-F0F0-4CBA-870B-E08651B5765A}.Debug|x86.ActiveCfg = Debug|Any CPU
		{36E6211B-F0F0-4CBA-870B-E08651B5765A}.Debug|x86.Build.0 = Debug|Any CPU
		{36E6211B-F0F0-4CBA-870B-E08651B5765A}.Release|Any CPU.ActiveCfg = Release|Any CPU
		{36E6211B-F0F0-4CBA-870B-E08651B5765A}.Release|Any CPU.Build.0 = Release|Any CPU
		{36E6211B-F0F0-4CBA-870B-E08651B5765A}.Release|x64.ActiveCfg = Release|Any CPU
		{36E6211B-F0F0-4CBA-870B-E08651B5765A}.Release|x64.Build.0 = Release|Any CPU
		{36E6211B-F0F0-4CBA-870B-E08651B5765A}.Release|x86.ActiveCfg = Release|Any CPU
		{36E6211B-F0F0-4CBA-870B-E08651B5765A}.Release|x86.Build.0 = Release|Any CPU
		{7E26CDCF-E15F-4F3B-A2C3-601EABC1A429}.Debug|Any CPU.ActiveCfg = Debug|Any CPU
		{7E26CDCF-E15F-4F3B-A2C3-601EABC1A429}.Debug|Any CPU.Build.0 = Debug|Any CPU
		{7E26CDCF-E15F-4F3B-A2C3-601EABC1A429}.Debug|x64.ActiveCfg = Debug|Any CPU
		{7E26CDCF-E15F-4F3B-A2C3-601EABC1A429}.Debug|x64.Build.0 = Debug|Any CPU
		{7E26CDCF-E15F-4F3B-A2C3-601EABC1A429}.Debug|x86.ActiveCfg = Debug|Any CPU
		{7E26CDCF-E15F-4F3B-A2C3-601EABC1A429}.Debug|x86.Build.0 = Debug|Any CPU
		{7E26CDCF-E15F-4F3B-A2C3-601EABC1A429}.Release|Any CPU.ActiveCfg = Release|Any CPU
		{7E26CDCF-E15F-4F3B-A2C3-601EABC1A429}.Release|Any CPU.Build.0 = Release|Any CPU
		{7E26CDCF-E15F-4F3B-A2C3-601EABC1A429}.Release|x64.ActiveCfg = Release|Any CPU
		{7E26CDCF-E15F-4F3B-A2C3-601EABC1A429}.Release|x64.Build.0 = Release|Any CPU
		{7E26CDCF-E15F-4F3B-A2C3-601EABC1A429}.Release|x86.ActiveCfg = Release|Any CPU
		{7E26CDCF-E15F-4F3B-A2C3-601EABC1A429}.Release|x86.Build.0 = Release|Any CPU
		{C1555F26-1BF4-4E56-8E2F-D43352390F78}.Debug|Any CPU.ActiveCfg = Debug|Any CPU
		{C1555F26-1BF4-4E56-8E2F-D43352390F78}.Debug|Any CPU.Build.0 = Debug|Any CPU
		{C1555F26-1BF4-4E56-8E2F-D43352390F78}.Debug|x64.ActiveCfg = Debug|Any CPU
		{C1555F26-1BF4-4E56-8E2F-D43352390F78}.Debug|x64.Build.0 = Debug|Any CPU
		{C1555F26-1BF4-4E56-8E2F-D43352390F78}.Debug|x86.ActiveCfg = Debug|Any CPU
		{C1555F26-1BF4-4E56-8E2F-D43352390F78}.Debug|x86.Build.0 = Debug|Any CPU
		{C1555F26-1BF4-4E56-8E2F-D43352390F78}.Release|Any CPU.ActiveCfg = Release|Any CPU
		{C1555F26-1BF4-4E56-8E2F-D43352390F78}.Release|Any CPU.Build.0 = Release|Any CPU
		{C1555F26-1BF4-4E56-8E2F-D43352390F78}.Release|x64.ActiveCfg = Release|Any CPU
		{C1555F26-1BF4-4E56-8E2F-D43352390F78}.Release|x64.Build.0 = Release|Any CPU
		{C1555F26-1BF4-4E56-8E2F-D43352390F78}.Release|x86.ActiveCfg = Release|Any CPU
		{C1555F26-1BF4-4E56-8E2F-D43352390F78}.Release|x86.Build.0 = Release|Any CPU
		{F248EBCC-F370-4D56-A978-CDF4ADCA8EA9}.Debug|Any CPU.ActiveCfg = Debug|Any CPU
		{F248EBCC-F370-4D56-A978-CDF4ADCA8EA9}.Debug|Any CPU.Build.0 = Debug|Any CPU
		{F248EBCC-F370-4D56-A978-CDF4ADCA8EA9}.Debug|x64.ActiveCfg = Debug|Any CPU
		{F248EBCC-F370-4D56-A978-CDF4ADCA8EA9}.Debug|x64.Build.0 = Debug|Any CPU
		{F248EBCC-F370-4D56-A978-CDF4ADCA8EA9}.Debug|x86.ActiveCfg = Debug|Any CPU
		{F248EBCC-F370-4D56-A978-CDF4ADCA8EA9}.Debug|x86.Build.0 = Debug|Any CPU
		{F248EBCC-F370-4D56-A978-CDF4ADCA8EA9}.Release|Any CPU.ActiveCfg = Release|Any CPU
		{F248EBCC-F370-4D56-A978-CDF4ADCA8EA9}.Release|Any CPU.Build.0 = Release|Any CPU
		{F248EBCC-F370-4D56-A978-CDF4ADCA8EA9}.Release|x64.ActiveCfg = Release|Any CPU
		{F248EBCC-F370-4D56-A978-CDF4ADCA8EA9}.Release|x64.Build.0 = Release|Any CPU
		{F248EBCC-F370-4D56-A978-CDF4ADCA8EA9}.Release|x86.ActiveCfg = Release|Any CPU
		{F248EBCC-F370-4D56-A978-CDF4ADCA8EA9}.Release|x86.Build.0 = Release|Any CPU
		{DD07CC0A-AF42-41CB-81A1-35D5CD90EF7D}.Debug|Any CPU.ActiveCfg = Debug|Any CPU
		{DD07CC0A-AF42-41CB-81A1-35D5CD90EF7D}.Debug|Any CPU.Build.0 = Debug|Any CPU
		{DD07CC0A-AF42-41CB-81A1-35D5CD90EF7D}.Debug|x64.ActiveCfg = Debug|Any CPU
		{DD07CC0A-AF42-41CB-81A1-35D5CD90EF7D}.Debug|x64.Build.0 = Debug|Any CPU
		{DD07CC0A-AF42-41CB-81A1-35D5CD90EF7D}.Debug|x86.ActiveCfg = Debug|Any CPU
		{DD07CC0A-AF42-41CB-81A1-35D5CD90EF7D}.Debug|x86.Build.0 = Debug|Any CPU
		{DD07CC0A-AF42-41CB-81A1-35D5CD90EF7D}.Release|Any CPU.ActiveCfg = Release|Any CPU
		{DD07CC0A-AF42-41CB-81A1-35D5CD90EF7D}.Release|Any CPU.Build.0 = Release|Any CPU
		{DD07CC0A-AF42-41CB-81A1-35D5CD90EF7D}.Release|x64.ActiveCfg = Release|Any CPU
		{DD07CC0A-AF42-41CB-81A1-35D5CD90EF7D}.Release|x64.Build.0 = Release|Any CPU
		{DD07CC0A-AF42-41CB-81A1-35D5CD90EF7D}.Release|x86.ActiveCfg = Release|Any CPU
		{DD07CC0A-AF42-41CB-81A1-35D5CD90EF7D}.Release|x86.Build.0 = Release|Any CPU
		{CE244754-FCB6-4886-948C-50BF2A160B54}.Debug|Any CPU.ActiveCfg = Debug|Any CPU
		{CE244754-FCB6-4886-948C-50BF2A160B54}.Debug|Any CPU.Build.0 = Debug|Any CPU
		{CE244754-FCB6-4886-948C-50BF2A160B54}.Debug|x64.ActiveCfg = Debug|Any CPU
		{CE244754-FCB6-4886-948C-50BF2A160B54}.Debug|x64.Build.0 = Debug|Any CPU
		{CE244754-FCB6-4886-948C-50BF2A160B54}.Debug|x86.ActiveCfg = Debug|Any CPU
		{CE244754-FCB6-4886-948C-50BF2A160B54}.Debug|x86.Build.0 = Debug|Any CPU
		{CE244754-FCB6-4886-948C-50BF2A160B54}.Release|Any CPU.ActiveCfg = Release|Any CPU
		{CE244754-FCB6-4886-948C-50BF2A160B54}.Release|Any CPU.Build.0 = Release|Any CPU
		{CE244754-FCB6-4886-948C-50BF2A160B54}.Release|x64.ActiveCfg = Release|Any CPU
		{CE244754-FCB6-4886-948C-50BF2A160B54}.Release|x64.Build.0 = Release|Any CPU
		{CE244754-FCB6-4886-948C-50BF2A160B54}.Release|x86.ActiveCfg = Release|Any CPU
		{CE244754-FCB6-4886-948C-50BF2A160B54}.Release|x86.Build.0 = Release|Any CPU
		{9D93F38A-6084-47CE-94C1-196229B63F00}.Debug|Any CPU.ActiveCfg = Debug|Any CPU
		{9D93F38A-6084-47CE-94C1-196229B63F00}.Debug|Any CPU.Build.0 = Debug|Any CPU
		{9D93F38A-6084-47CE-94C1-196229B63F00}.Debug|x64.ActiveCfg = Debug|Any CPU
		{9D93F38A-6084-47CE-94C1-196229B63F00}.Debug|x64.Build.0 = Debug|Any CPU
		{9D93F38A-6084-47CE-94C1-196229B63F00}.Debug|x86.ActiveCfg = Debug|Any CPU
		{9D93F38A-6084-47CE-94C1-196229B63F00}.Debug|x86.Build.0 = Debug|Any CPU
		{9D93F38A-6084-47CE-94C1-196229B63F00}.Release|Any CPU.ActiveCfg = Release|Any CPU
		{9D93F38A-6084-47CE-94C1-196229B63F00}.Release|Any CPU.Build.0 = Release|Any CPU
		{9D93F38A-6084-47CE-94C1-196229B63F00}.Release|x64.ActiveCfg = Release|Any CPU
		{9D93F38A-6084-47CE-94C1-196229B63F00}.Release|x64.Build.0 = Release|Any CPU
		{9D93F38A-6084-47CE-94C1-196229B63F00}.Release|x86.ActiveCfg = Release|Any CPU
		{9D93F38A-6084-47CE-94C1-196229B63F00}.Release|x86.Build.0 = Release|Any CPU
		{9D3E43AE-33D1-4B35-8910-6D5485FE01F0}.Debug|Any CPU.ActiveCfg = Debug|Any CPU
		{9D3E43AE-33D1-4B35-8910-6D5485FE01F0}.Debug|Any CPU.Build.0 = Debug|Any CPU
		{9D3E43AE-33D1-4B35-8910-6D5485FE01F0}.Debug|x64.ActiveCfg = Debug|Any CPU
		{9D3E43AE-33D1-4B35-8910-6D5485FE01F0}.Debug|x64.Build.0 = Debug|Any CPU
		{9D3E43AE-33D1-4B35-8910-6D5485FE01F0}.Debug|x86.ActiveCfg = Debug|Any CPU
		{9D3E43AE-33D1-4B35-8910-6D5485FE01F0}.Debug|x86.Build.0 = Debug|Any CPU
		{9D3E43AE-33D1-4B35-8910-6D5485FE01F0}.Release|Any CPU.ActiveCfg = Release|Any CPU
		{9D3E43AE-33D1-4B35-8910-6D5485FE01F0}.Release|Any CPU.Build.0 = Release|Any CPU
		{9D3E43AE-33D1-4B35-8910-6D5485FE01F0}.Release|x64.ActiveCfg = Release|Any CPU
		{9D3E43AE-33D1-4B35-8910-6D5485FE01F0}.Release|x64.Build.0 = Release|Any CPU
		{9D3E43AE-33D1-4B35-8910-6D5485FE01F0}.Release|x86.ActiveCfg = Release|Any CPU
		{9D3E43AE-33D1-4B35-8910-6D5485FE01F0}.Release|x86.Build.0 = Release|Any CPU
		{CF8D7923-EF34-4420-BA12-8D3546C488EA}.Debug|Any CPU.ActiveCfg = Debug|Any CPU
		{CF8D7923-EF34-4420-BA12-8D3546C488EA}.Debug|Any CPU.Build.0 = Debug|Any CPU
		{CF8D7923-EF34-4420-BA12-8D3546C488EA}.Debug|x64.ActiveCfg = Debug|Any CPU
		{CF8D7923-EF34-4420-BA12-8D3546C488EA}.Debug|x64.Build.0 = Debug|Any CPU
		{CF8D7923-EF34-4420-BA12-8D3546C488EA}.Debug|x86.ActiveCfg = Debug|Any CPU
		{CF8D7923-EF34-4420-BA12-8D3546C488EA}.Debug|x86.Build.0 = Debug|Any CPU
		{CF8D7923-EF34-4420-BA12-8D3546C488EA}.Release|Any CPU.ActiveCfg = Release|Any CPU
		{CF8D7923-EF34-4420-BA12-8D3546C488EA}.Release|Any CPU.Build.0 = Release|Any CPU
		{CF8D7923-EF34-4420-BA12-8D3546C488EA}.Release|x64.ActiveCfg = Release|Any CPU
		{CF8D7923-EF34-4420-BA12-8D3546C488EA}.Release|x64.Build.0 = Release|Any CPU
		{CF8D7923-EF34-4420-BA12-8D3546C488EA}.Release|x86.ActiveCfg = Release|Any CPU
		{CF8D7923-EF34-4420-BA12-8D3546C488EA}.Release|x86.Build.0 = Release|Any CPU
		{14440347-1798-4DF9-AD7E-B95A07468CB9}.Debug|Any CPU.ActiveCfg = Debug|Any CPU
		{14440347-1798-4DF9-AD7E-B95A07468CB9}.Debug|Any CPU.Build.0 = Debug|Any CPU
		{14440347-1798-4DF9-AD7E-B95A07468CB9}.Debug|x64.ActiveCfg = Debug|Any CPU
		{14440347-1798-4DF9-AD7E-B95A07468CB9}.Debug|x64.Build.0 = Debug|Any CPU
		{14440347-1798-4DF9-AD7E-B95A07468CB9}.Debug|x86.ActiveCfg = Debug|Any CPU
		{14440347-1798-4DF9-AD7E-B95A07468CB9}.Debug|x86.Build.0 = Debug|Any CPU
		{14440347-1798-4DF9-AD7E-B95A07468CB9}.Release|Any CPU.ActiveCfg = Release|Any CPU
		{14440347-1798-4DF9-AD7E-B95A07468CB9}.Release|Any CPU.Build.0 = Release|Any CPU
		{14440347-1798-4DF9-AD7E-B95A07468CB9}.Release|x64.ActiveCfg = Release|Any CPU
		{14440347-1798-4DF9-AD7E-B95A07468CB9}.Release|x64.Build.0 = Release|Any CPU
		{14440347-1798-4DF9-AD7E-B95A07468CB9}.Release|x86.ActiveCfg = Release|Any CPU
		{14440347-1798-4DF9-AD7E-B95A07468CB9}.Release|x86.Build.0 = Release|Any CPU
		{8FB1DEF4-C87A-4766-89B1-F7CA3C6267E5}.Debug|Any CPU.ActiveCfg = Debug|Any CPU
		{8FB1DEF4-C87A-4766-89B1-F7CA3C6267E5}.Debug|Any CPU.Build.0 = Debug|Any CPU
		{8FB1DEF4-C87A-4766-89B1-F7CA3C6267E5}.Debug|x64.ActiveCfg = Debug|Any CPU
		{8FB1DEF4-C87A-4766-89B1-F7CA3C6267E5}.Debug|x64.Build.0 = Debug|Any CPU
		{8FB1DEF4-C87A-4766-89B1-F7CA3C6267E5}.Debug|x86.ActiveCfg = Debug|Any CPU
		{8FB1DEF4-C87A-4766-89B1-F7CA3C6267E5}.Debug|x86.Build.0 = Debug|Any CPU
		{8FB1DEF4-C87A-4766-89B1-F7CA3C6267E5}.Release|Any CPU.ActiveCfg = Release|Any CPU
		{8FB1DEF4-C87A-4766-89B1-F7CA3C6267E5}.Release|Any CPU.Build.0 = Release|Any CPU
		{8FB1DEF4-C87A-4766-89B1-F7CA3C6267E5}.Release|x64.ActiveCfg = Release|Any CPU
		{8FB1DEF4-C87A-4766-89B1-F7CA3C6267E5}.Release|x64.Build.0 = Release|Any CPU
		{8FB1DEF4-C87A-4766-89B1-F7CA3C6267E5}.Release|x86.ActiveCfg = Release|Any CPU
		{8FB1DEF4-C87A-4766-89B1-F7CA3C6267E5}.Release|x86.Build.0 = Release|Any CPU
		{BACDC240-E1AE-4CD8-BC92-3CCD8A2FE3BE}.Debug|Any CPU.ActiveCfg = Debug|Any CPU
		{BACDC240-E1AE-4CD8-BC92-3CCD8A2FE3BE}.Debug|Any CPU.Build.0 = Debug|Any CPU
		{BACDC240-E1AE-4CD8-BC92-3CCD8A2FE3BE}.Debug|x64.ActiveCfg = Debug|Any CPU
		{BACDC240-E1AE-4CD8-BC92-3CCD8A2FE3BE}.Debug|x64.Build.0 = Debug|Any CPU
		{BACDC240-E1AE-4CD8-BC92-3CCD8A2FE3BE}.Debug|x86.ActiveCfg = Debug|Any CPU
		{BACDC240-E1AE-4CD8-BC92-3CCD8A2FE3BE}.Debug|x86.Build.0 = Debug|Any CPU
		{BACDC240-E1AE-4CD8-BC92-3CCD8A2FE3BE}.Release|Any CPU.ActiveCfg = Release|Any CPU
		{BACDC240-E1AE-4CD8-BC92-3CCD8A2FE3BE}.Release|Any CPU.Build.0 = Release|Any CPU
		{BACDC240-E1AE-4CD8-BC92-3CCD8A2FE3BE}.Release|x64.ActiveCfg = Release|Any CPU
		{BACDC240-E1AE-4CD8-BC92-3CCD8A2FE3BE}.Release|x64.Build.0 = Release|Any CPU
		{BACDC240-E1AE-4CD8-BC92-3CCD8A2FE3BE}.Release|x86.ActiveCfg = Release|Any CPU
		{BACDC240-E1AE-4CD8-BC92-3CCD8A2FE3BE}.Release|x86.Build.0 = Release|Any CPU
		{0ECB8886-8B4B-483D-AADB-E69949E015D6}.Debug|Any CPU.ActiveCfg = Debug|Any CPU
		{0ECB8886-8B4B-483D-AADB-E69949E015D6}.Debug|Any CPU.Build.0 = Debug|Any CPU
		{0ECB8886-8B4B-483D-AADB-E69949E015D6}.Debug|x64.ActiveCfg = Debug|Any CPU
		{0ECB8886-8B4B-483D-AADB-E69949E015D6}.Debug|x64.Build.0 = Debug|Any CPU
		{0ECB8886-8B4B-483D-AADB-E69949E015D6}.Debug|x86.ActiveCfg = Debug|Any CPU
		{0ECB8886-8B4B-483D-AADB-E69949E015D6}.Debug|x86.Build.0 = Debug|Any CPU
		{0ECB8886-8B4B-483D-AADB-E69949E015D6}.Release|Any CPU.ActiveCfg = Release|Any CPU
		{0ECB8886-8B4B-483D-AADB-E69949E015D6}.Release|Any CPU.Build.0 = Release|Any CPU
		{0ECB8886-8B4B-483D-AADB-E69949E015D6}.Release|x64.ActiveCfg = Release|Any CPU
		{0ECB8886-8B4B-483D-AADB-E69949E015D6}.Release|x64.Build.0 = Release|Any CPU
		{0ECB8886-8B4B-483D-AADB-E69949E015D6}.Release|x86.ActiveCfg = Release|Any CPU
		{0ECB8886-8B4B-483D-AADB-E69949E015D6}.Release|x86.Build.0 = Release|Any CPU
		{8B70350E-AF5F-4444-B813-B79D97A791EA}.Debug|Any CPU.ActiveCfg = Debug|Any CPU
		{8B70350E-AF5F-4444-B813-B79D97A791EA}.Debug|Any CPU.Build.0 = Debug|Any CPU
		{8B70350E-AF5F-4444-B813-B79D97A791EA}.Debug|x64.ActiveCfg = Debug|Any CPU
		{8B70350E-AF5F-4444-B813-B79D97A791EA}.Debug|x64.Build.0 = Debug|Any CPU
		{8B70350E-AF5F-4444-B813-B79D97A791EA}.Debug|x86.ActiveCfg = Debug|Any CPU
		{8B70350E-AF5F-4444-B813-B79D97A791EA}.Debug|x86.Build.0 = Debug|Any CPU
		{8B70350E-AF5F-4444-B813-B79D97A791EA}.Release|Any CPU.ActiveCfg = Release|Any CPU
		{8B70350E-AF5F-4444-B813-B79D97A791EA}.Release|Any CPU.Build.0 = Release|Any CPU
		{8B70350E-AF5F-4444-B813-B79D97A791EA}.Release|x64.ActiveCfg = Release|Any CPU
		{8B70350E-AF5F-4444-B813-B79D97A791EA}.Release|x64.Build.0 = Release|Any CPU
		{8B70350E-AF5F-4444-B813-B79D97A791EA}.Release|x86.ActiveCfg = Release|Any CPU
		{8B70350E-AF5F-4444-B813-B79D97A791EA}.Release|x86.Build.0 = Release|Any CPU
		{57A9C3FF-56CD-4966-A831-04E8AFD1E2E0}.Debug|Any CPU.ActiveCfg = Debug|Any CPU
		{57A9C3FF-56CD-4966-A831-04E8AFD1E2E0}.Debug|Any CPU.Build.0 = Debug|Any CPU
		{57A9C3FF-56CD-4966-A831-04E8AFD1E2E0}.Debug|x64.ActiveCfg = Debug|Any CPU
		{57A9C3FF-56CD-4966-A831-04E8AFD1E2E0}.Debug|x64.Build.0 = Debug|Any CPU
		{57A9C3FF-56CD-4966-A831-04E8AFD1E2E0}.Debug|x86.ActiveCfg = Debug|Any CPU
		{57A9C3FF-56CD-4966-A831-04E8AFD1E2E0}.Debug|x86.Build.0 = Debug|Any CPU
		{57A9C3FF-56CD-4966-A831-04E8AFD1E2E0}.Release|Any CPU.ActiveCfg = Release|Any CPU
		{57A9C3FF-56CD-4966-A831-04E8AFD1E2E0}.Release|Any CPU.Build.0 = Release|Any CPU
		{57A9C3FF-56CD-4966-A831-04E8AFD1E2E0}.Release|x64.ActiveCfg = Release|Any CPU
		{57A9C3FF-56CD-4966-A831-04E8AFD1E2E0}.Release|x64.Build.0 = Release|Any CPU
		{57A9C3FF-56CD-4966-A831-04E8AFD1E2E0}.Release|x86.ActiveCfg = Release|Any CPU
		{57A9C3FF-56CD-4966-A831-04E8AFD1E2E0}.Release|x86.Build.0 = Release|Any CPU
		{E2A67412-DDA7-4C2F-A16E-9FB1928651E4}.Debug|Any CPU.ActiveCfg = Debug|Any CPU
		{E2A67412-DDA7-4C2F-A16E-9FB1928651E4}.Debug|Any CPU.Build.0 = Debug|Any CPU
		{E2A67412-DDA7-4C2F-A16E-9FB1928651E4}.Debug|x64.ActiveCfg = Debug|Any CPU
		{E2A67412-DDA7-4C2F-A16E-9FB1928651E4}.Debug|x64.Build.0 = Debug|Any CPU
		{E2A67412-DDA7-4C2F-A16E-9FB1928651E4}.Debug|x86.ActiveCfg = Debug|Any CPU
		{E2A67412-DDA7-4C2F-A16E-9FB1928651E4}.Debug|x86.Build.0 = Debug|Any CPU
		{E2A67412-DDA7-4C2F-A16E-9FB1928651E4}.Release|Any CPU.ActiveCfg = Release|Any CPU
		{E2A67412-DDA7-4C2F-A16E-9FB1928651E4}.Release|Any CPU.Build.0 = Release|Any CPU
		{E2A67412-DDA7-4C2F-A16E-9FB1928651E4}.Release|x64.ActiveCfg = Release|Any CPU
		{E2A67412-DDA7-4C2F-A16E-9FB1928651E4}.Release|x64.Build.0 = Release|Any CPU
		{E2A67412-DDA7-4C2F-A16E-9FB1928651E4}.Release|x86.ActiveCfg = Release|Any CPU
		{E2A67412-DDA7-4C2F-A16E-9FB1928651E4}.Release|x86.Build.0 = Release|Any CPU
		{C2E72D32-FFD7-48FE-A821-A0B01C69B3DE}.Debug|Any CPU.ActiveCfg = Debug|Any CPU
		{C2E72D32-FFD7-48FE-A821-A0B01C69B3DE}.Debug|Any CPU.Build.0 = Debug|Any CPU
		{C2E72D32-FFD7-48FE-A821-A0B01C69B3DE}.Debug|x64.ActiveCfg = Debug|Any CPU
		{C2E72D32-FFD7-48FE-A821-A0B01C69B3DE}.Debug|x64.Build.0 = Debug|Any CPU
		{C2E72D32-FFD7-48FE-A821-A0B01C69B3DE}.Debug|x86.ActiveCfg = Debug|Any CPU
		{C2E72D32-FFD7-48FE-A821-A0B01C69B3DE}.Debug|x86.Build.0 = Debug|Any CPU
		{C2E72D32-FFD7-48FE-A821-A0B01C69B3DE}.Release|Any CPU.ActiveCfg = Release|Any CPU
		{C2E72D32-FFD7-48FE-A821-A0B01C69B3DE}.Release|Any CPU.Build.0 = Release|Any CPU
		{C2E72D32-FFD7-48FE-A821-A0B01C69B3DE}.Release|x64.ActiveCfg = Release|Any CPU
		{C2E72D32-FFD7-48FE-A821-A0B01C69B3DE}.Release|x64.Build.0 = Release|Any CPU
		{C2E72D32-FFD7-48FE-A821-A0B01C69B3DE}.Release|x86.ActiveCfg = Release|Any CPU
		{C2E72D32-FFD7-48FE-A821-A0B01C69B3DE}.Release|x86.Build.0 = Release|Any CPU
		{CA6958C0-E2DE-4E37-8BF1-7497E4120C0D}.Debug|Any CPU.ActiveCfg = Debug|Any CPU
		{CA6958C0-E2DE-4E37-8BF1-7497E4120C0D}.Debug|Any CPU.Build.0 = Debug|Any CPU
		{CA6958C0-E2DE-4E37-8BF1-7497E4120C0D}.Debug|x64.ActiveCfg = Debug|Any CPU
		{CA6958C0-E2DE-4E37-8BF1-7497E4120C0D}.Debug|x64.Build.0 = Debug|Any CPU
		{CA6958C0-E2DE-4E37-8BF1-7497E4120C0D}.Debug|x86.ActiveCfg = Debug|Any CPU
		{CA6958C0-E2DE-4E37-8BF1-7497E4120C0D}.Debug|x86.Build.0 = Debug|Any CPU
		{CA6958C0-E2DE-4E37-8BF1-7497E4120C0D}.Release|Any CPU.ActiveCfg = Release|Any CPU
		{CA6958C0-E2DE-4E37-8BF1-7497E4120C0D}.Release|Any CPU.Build.0 = Release|Any CPU
		{CA6958C0-E2DE-4E37-8BF1-7497E4120C0D}.Release|x64.ActiveCfg = Release|Any CPU
		{CA6958C0-E2DE-4E37-8BF1-7497E4120C0D}.Release|x64.Build.0 = Release|Any CPU
		{CA6958C0-E2DE-4E37-8BF1-7497E4120C0D}.Release|x86.ActiveCfg = Release|Any CPU
		{CA6958C0-E2DE-4E37-8BF1-7497E4120C0D}.Release|x86.Build.0 = Release|Any CPU
		{5B4CD5A2-DA96-4F7A-8078-1A61422C4829}.Debug|Any CPU.ActiveCfg = Debug|Any CPU
		{5B4CD5A2-DA96-4F7A-8078-1A61422C4829}.Debug|Any CPU.Build.0 = Debug|Any CPU
		{5B4CD5A2-DA96-4F7A-8078-1A61422C4829}.Debug|x64.ActiveCfg = Debug|Any CPU
		{5B4CD5A2-DA96-4F7A-8078-1A61422C4829}.Debug|x64.Build.0 = Debug|Any CPU
		{5B4CD5A2-DA96-4F7A-8078-1A61422C4829}.Debug|x86.ActiveCfg = Debug|Any CPU
		{5B4CD5A2-DA96-4F7A-8078-1A61422C4829}.Debug|x86.Build.0 = Debug|Any CPU
		{5B4CD5A2-DA96-4F7A-8078-1A61422C4829}.Release|Any CPU.ActiveCfg = Release|Any CPU
		{5B4CD5A2-DA96-4F7A-8078-1A61422C4829}.Release|Any CPU.Build.0 = Release|Any CPU
		{5B4CD5A2-DA96-4F7A-8078-1A61422C4829}.Release|x64.ActiveCfg = Release|Any CPU
		{5B4CD5A2-DA96-4F7A-8078-1A61422C4829}.Release|x64.Build.0 = Release|Any CPU
		{5B4CD5A2-DA96-4F7A-8078-1A61422C4829}.Release|x86.ActiveCfg = Release|Any CPU
		{5B4CD5A2-DA96-4F7A-8078-1A61422C4829}.Release|x86.Build.0 = Release|Any CPU
		{5AA396B0-0200-492D-BD69-866436554773}.Debug|Any CPU.ActiveCfg = Debug|Any CPU
		{5AA396B0-0200-492D-BD69-866436554773}.Debug|Any CPU.Build.0 = Debug|Any CPU
		{5AA396B0-0200-492D-BD69-866436554773}.Debug|x64.ActiveCfg = Debug|Any CPU
		{5AA396B0-0200-492D-BD69-866436554773}.Debug|x64.Build.0 = Debug|Any CPU
		{5AA396B0-0200-492D-BD69-866436554773}.Debug|x86.ActiveCfg = Debug|Any CPU
		{5AA396B0-0200-492D-BD69-866436554773}.Debug|x86.Build.0 = Debug|Any CPU
		{5AA396B0-0200-492D-BD69-866436554773}.Release|Any CPU.ActiveCfg = Release|Any CPU
		{5AA396B0-0200-492D-BD69-866436554773}.Release|Any CPU.Build.0 = Release|Any CPU
		{5AA396B0-0200-492D-BD69-866436554773}.Release|x64.ActiveCfg = Release|Any CPU
		{5AA396B0-0200-492D-BD69-866436554773}.Release|x64.Build.0 = Release|Any CPU
		{5AA396B0-0200-492D-BD69-866436554773}.Release|x86.ActiveCfg = Release|Any CPU
		{5AA396B0-0200-492D-BD69-866436554773}.Release|x86.Build.0 = Release|Any CPU
		{F214349D-C89C-4178-A57A-2523FE225524}.Debug|Any CPU.ActiveCfg = Debug|Any CPU
		{F214349D-C89C-4178-A57A-2523FE225524}.Debug|Any CPU.Build.0 = Debug|Any CPU
		{F214349D-C89C-4178-A57A-2523FE225524}.Debug|x64.ActiveCfg = Debug|Any CPU
		{F214349D-C89C-4178-A57A-2523FE225524}.Debug|x64.Build.0 = Debug|Any CPU
		{F214349D-C89C-4178-A57A-2523FE225524}.Debug|x86.ActiveCfg = Debug|Any CPU
		{F214349D-C89C-4178-A57A-2523FE225524}.Debug|x86.Build.0 = Debug|Any CPU
		{F214349D-C89C-4178-A57A-2523FE225524}.Release|Any CPU.ActiveCfg = Release|Any CPU
		{F214349D-C89C-4178-A57A-2523FE225524}.Release|Any CPU.Build.0 = Release|Any CPU
		{F214349D-C89C-4178-A57A-2523FE225524}.Release|x64.ActiveCfg = Release|Any CPU
		{F214349D-C89C-4178-A57A-2523FE225524}.Release|x64.Build.0 = Release|Any CPU
		{F214349D-C89C-4178-A57A-2523FE225524}.Release|x86.ActiveCfg = Release|Any CPU
		{F214349D-C89C-4178-A57A-2523FE225524}.Release|x86.Build.0 = Release|Any CPU
		{9CAA89D1-E2AC-4FA7-8D99-38C5E64AA4FE}.Debug|Any CPU.ActiveCfg = Debug|Any CPU
		{9CAA89D1-E2AC-4FA7-8D99-38C5E64AA4FE}.Debug|Any CPU.Build.0 = Debug|Any CPU
		{9CAA89D1-E2AC-4FA7-8D99-38C5E64AA4FE}.Debug|x64.ActiveCfg = Debug|Any CPU
		{9CAA89D1-E2AC-4FA7-8D99-38C5E64AA4FE}.Debug|x64.Build.0 = Debug|Any CPU
		{9CAA89D1-E2AC-4FA7-8D99-38C5E64AA4FE}.Debug|x86.ActiveCfg = Debug|Any CPU
		{9CAA89D1-E2AC-4FA7-8D99-38C5E64AA4FE}.Debug|x86.Build.0 = Debug|Any CPU
		{9CAA89D1-E2AC-4FA7-8D99-38C5E64AA4FE}.Release|Any CPU.ActiveCfg = Release|Any CPU
		{9CAA89D1-E2AC-4FA7-8D99-38C5E64AA4FE}.Release|Any CPU.Build.0 = Release|Any CPU
		{9CAA89D1-E2AC-4FA7-8D99-38C5E64AA4FE}.Release|x64.ActiveCfg = Release|Any CPU
		{9CAA89D1-E2AC-4FA7-8D99-38C5E64AA4FE}.Release|x64.Build.0 = Release|Any CPU
		{9CAA89D1-E2AC-4FA7-8D99-38C5E64AA4FE}.Release|x86.ActiveCfg = Release|Any CPU
		{9CAA89D1-E2AC-4FA7-8D99-38C5E64AA4FE}.Release|x86.Build.0 = Release|Any CPU
		{5DF7BD8D-916F-480C-AA75-F748592E23B7}.Debug|Any CPU.ActiveCfg = Debug|Any CPU
		{5DF7BD8D-916F-480C-AA75-F748592E23B7}.Debug|Any CPU.Build.0 = Debug|Any CPU
		{5DF7BD8D-916F-480C-AA75-F748592E23B7}.Debug|x64.ActiveCfg = Debug|Any CPU
		{5DF7BD8D-916F-480C-AA75-F748592E23B7}.Debug|x64.Build.0 = Debug|Any CPU
		{5DF7BD8D-916F-480C-AA75-F748592E23B7}.Debug|x86.ActiveCfg = Debug|Any CPU
		{5DF7BD8D-916F-480C-AA75-F748592E23B7}.Debug|x86.Build.0 = Debug|Any CPU
		{5DF7BD8D-916F-480C-AA75-F748592E23B7}.Release|Any CPU.ActiveCfg = Release|Any CPU
		{5DF7BD8D-916F-480C-AA75-F748592E23B7}.Release|Any CPU.Build.0 = Release|Any CPU
		{5DF7BD8D-916F-480C-AA75-F748592E23B7}.Release|x64.ActiveCfg = Release|Any CPU
		{5DF7BD8D-916F-480C-AA75-F748592E23B7}.Release|x64.Build.0 = Release|Any CPU
		{5DF7BD8D-916F-480C-AA75-F748592E23B7}.Release|x86.ActiveCfg = Release|Any CPU
		{5DF7BD8D-916F-480C-AA75-F748592E23B7}.Release|x86.Build.0 = Release|Any CPU
		{BEB5BE52-73DA-48B2-AEC0-2AB76C206878}.Debug|Any CPU.ActiveCfg = Debug|Any CPU
		{BEB5BE52-73DA-48B2-AEC0-2AB76C206878}.Debug|Any CPU.Build.0 = Debug|Any CPU
		{BEB5BE52-73DA-48B2-AEC0-2AB76C206878}.Debug|x64.ActiveCfg = Debug|Any CPU
		{BEB5BE52-73DA-48B2-AEC0-2AB76C206878}.Debug|x64.Build.0 = Debug|Any CPU
		{BEB5BE52-73DA-48B2-AEC0-2AB76C206878}.Debug|x86.ActiveCfg = Debug|Any CPU
		{BEB5BE52-73DA-48B2-AEC0-2AB76C206878}.Debug|x86.Build.0 = Debug|Any CPU
		{BEB5BE52-73DA-48B2-AEC0-2AB76C206878}.Release|Any CPU.ActiveCfg = Release|Any CPU
		{BEB5BE52-73DA-48B2-AEC0-2AB76C206878}.Release|Any CPU.Build.0 = Release|Any CPU
		{BEB5BE52-73DA-48B2-AEC0-2AB76C206878}.Release|x64.ActiveCfg = Release|Any CPU
		{BEB5BE52-73DA-48B2-AEC0-2AB76C206878}.Release|x64.Build.0 = Release|Any CPU
		{BEB5BE52-73DA-48B2-AEC0-2AB76C206878}.Release|x86.ActiveCfg = Release|Any CPU
		{BEB5BE52-73DA-48B2-AEC0-2AB76C206878}.Release|x86.Build.0 = Release|Any CPU
		{ADF83FE4-F1FA-4AF1-BE69-D2F7BA8275C7}.Debug|Any CPU.ActiveCfg = Debug|Any CPU
		{ADF83FE4-F1FA-4AF1-BE69-D2F7BA8275C7}.Debug|Any CPU.Build.0 = Debug|Any CPU
		{ADF83FE4-F1FA-4AF1-BE69-D2F7BA8275C7}.Debug|x64.ActiveCfg = Debug|Any CPU
		{ADF83FE4-F1FA-4AF1-BE69-D2F7BA8275C7}.Debug|x64.Build.0 = Debug|Any CPU
		{ADF83FE4-F1FA-4AF1-BE69-D2F7BA8275C7}.Debug|x86.ActiveCfg = Debug|Any CPU
		{ADF83FE4-F1FA-4AF1-BE69-D2F7BA8275C7}.Debug|x86.Build.0 = Debug|Any CPU
		{ADF83FE4-F1FA-4AF1-BE69-D2F7BA8275C7}.Release|Any CPU.ActiveCfg = Release|Any CPU
		{ADF83FE4-F1FA-4AF1-BE69-D2F7BA8275C7}.Release|Any CPU.Build.0 = Release|Any CPU
		{ADF83FE4-F1FA-4AF1-BE69-D2F7BA8275C7}.Release|x64.ActiveCfg = Release|Any CPU
		{ADF83FE4-F1FA-4AF1-BE69-D2F7BA8275C7}.Release|x64.Build.0 = Release|Any CPU
		{ADF83FE4-F1FA-4AF1-BE69-D2F7BA8275C7}.Release|x86.ActiveCfg = Release|Any CPU
		{ADF83FE4-F1FA-4AF1-BE69-D2F7BA8275C7}.Release|x86.Build.0 = Release|Any CPU
		{F0AC5FF4-2C2D-463B-86BC-9A9BAFC0108C}.Debug|Any CPU.ActiveCfg = Debug|Any CPU
		{F0AC5FF4-2C2D-463B-86BC-9A9BAFC0108C}.Debug|Any CPU.Build.0 = Debug|Any CPU
		{F0AC5FF4-2C2D-463B-86BC-9A9BAFC0108C}.Debug|x64.ActiveCfg = Debug|Any CPU
		{F0AC5FF4-2C2D-463B-86BC-9A9BAFC0108C}.Debug|x64.Build.0 = Debug|Any CPU
		{F0AC5FF4-2C2D-463B-86BC-9A9BAFC0108C}.Debug|x86.ActiveCfg = Debug|Any CPU
		{F0AC5FF4-2C2D-463B-86BC-9A9BAFC0108C}.Debug|x86.Build.0 = Debug|Any CPU
		{F0AC5FF4-2C2D-463B-86BC-9A9BAFC0108C}.Release|Any CPU.ActiveCfg = Release|Any CPU
		{F0AC5FF4-2C2D-463B-86BC-9A9BAFC0108C}.Release|Any CPU.Build.0 = Release|Any CPU
		{F0AC5FF4-2C2D-463B-86BC-9A9BAFC0108C}.Release|x64.ActiveCfg = Release|Any CPU
		{F0AC5FF4-2C2D-463B-86BC-9A9BAFC0108C}.Release|x64.Build.0 = Release|Any CPU
		{F0AC5FF4-2C2D-463B-86BC-9A9BAFC0108C}.Release|x86.ActiveCfg = Release|Any CPU
		{F0AC5FF4-2C2D-463B-86BC-9A9BAFC0108C}.Release|x86.Build.0 = Release|Any CPU
		{9FAF93D9-4C54-4F01-B0FD-131701D5E387}.Debug|Any CPU.ActiveCfg = Debug|Any CPU
		{9FAF93D9-4C54-4F01-B0FD-131701D5E387}.Debug|Any CPU.Build.0 = Debug|Any CPU
		{9FAF93D9-4C54-4F01-B0FD-131701D5E387}.Debug|x64.ActiveCfg = Debug|Any CPU
		{9FAF93D9-4C54-4F01-B0FD-131701D5E387}.Debug|x64.Build.0 = Debug|Any CPU
		{9FAF93D9-4C54-4F01-B0FD-131701D5E387}.Debug|x86.ActiveCfg = Debug|Any CPU
		{9FAF93D9-4C54-4F01-B0FD-131701D5E387}.Debug|x86.Build.0 = Debug|Any CPU
		{9FAF93D9-4C54-4F01-B0FD-131701D5E387}.Release|Any CPU.ActiveCfg = Release|Any CPU
		{9FAF93D9-4C54-4F01-B0FD-131701D5E387}.Release|Any CPU.Build.0 = Release|Any CPU
		{9FAF93D9-4C54-4F01-B0FD-131701D5E387}.Release|x64.ActiveCfg = Release|Any CPU
		{9FAF93D9-4C54-4F01-B0FD-131701D5E387}.Release|x64.Build.0 = Release|Any CPU
		{9FAF93D9-4C54-4F01-B0FD-131701D5E387}.Release|x86.ActiveCfg = Release|Any CPU
		{9FAF93D9-4C54-4F01-B0FD-131701D5E387}.Release|x86.Build.0 = Release|Any CPU
		{753FDC6F-6DF3-4879-8E70-B8D33F198F67}.Debug|Any CPU.ActiveCfg = Debug|Any CPU
		{753FDC6F-6DF3-4879-8E70-B8D33F198F67}.Debug|Any CPU.Build.0 = Debug|Any CPU
		{753FDC6F-6DF3-4879-8E70-B8D33F198F67}.Debug|x64.ActiveCfg = Debug|Any CPU
		{753FDC6F-6DF3-4879-8E70-B8D33F198F67}.Debug|x64.Build.0 = Debug|Any CPU
		{753FDC6F-6DF3-4879-8E70-B8D33F198F67}.Debug|x86.ActiveCfg = Debug|Any CPU
		{753FDC6F-6DF3-4879-8E70-B8D33F198F67}.Debug|x86.Build.0 = Debug|Any CPU
		{753FDC6F-6DF3-4879-8E70-B8D33F198F67}.Release|Any CPU.ActiveCfg = Release|Any CPU
		{753FDC6F-6DF3-4879-8E70-B8D33F198F67}.Release|Any CPU.Build.0 = Release|Any CPU
		{753FDC6F-6DF3-4879-8E70-B8D33F198F67}.Release|x64.ActiveCfg = Release|Any CPU
		{753FDC6F-6DF3-4879-8E70-B8D33F198F67}.Release|x64.Build.0 = Release|Any CPU
		{753FDC6F-6DF3-4879-8E70-B8D33F198F67}.Release|x86.ActiveCfg = Release|Any CPU
		{753FDC6F-6DF3-4879-8E70-B8D33F198F67}.Release|x86.Build.0 = Release|Any CPU
		{F642E864-F5D5-4163-B353-057727494205}.Debug|Any CPU.ActiveCfg = Debug|Any CPU
		{F642E864-F5D5-4163-B353-057727494205}.Debug|Any CPU.Build.0 = Debug|Any CPU
		{F642E864-F5D5-4163-B353-057727494205}.Debug|x64.ActiveCfg = Debug|Any CPU
		{F642E864-F5D5-4163-B353-057727494205}.Debug|x64.Build.0 = Debug|Any CPU
		{F642E864-F5D5-4163-B353-057727494205}.Debug|x86.ActiveCfg = Debug|Any CPU
		{F642E864-F5D5-4163-B353-057727494205}.Debug|x86.Build.0 = Debug|Any CPU
		{F642E864-F5D5-4163-B353-057727494205}.Release|Any CPU.ActiveCfg = Release|Any CPU
		{F642E864-F5D5-4163-B353-057727494205}.Release|Any CPU.Build.0 = Release|Any CPU
		{F642E864-F5D5-4163-B353-057727494205}.Release|x64.ActiveCfg = Release|Any CPU
		{F642E864-F5D5-4163-B353-057727494205}.Release|x64.Build.0 = Release|Any CPU
		{F642E864-F5D5-4163-B353-057727494205}.Release|x86.ActiveCfg = Release|Any CPU
		{F642E864-F5D5-4163-B353-057727494205}.Release|x86.Build.0 = Release|Any CPU
	EndGlobalSection
	GlobalSection(SolutionProperties) = preSolution
		HideSolutionNode = FALSE
	EndGlobalSection
	GlobalSection(ExtensibilityGlobals) = postSolution
		SolutionGuid = {30560A5B-A792-4E1D-8EFC-078D603D226D}
	EndGlobalSection
EndGlobal
