
Microsoft Visual Studio Solution File, Format Version 12.00
# Visual Studio Version 17
VisualStudioVersion = 17.1.32407.343
MinimumVisualStudioVersion = 10.0.40219.1
Project("{9A19103F-16F7-4668-BE54-9A1E7A4F7556}") = "Util", "Util\Util.csproj", "{F0AC5FF4-2C2D-463B-86BC-9A9BAFC0108C}"
EndProject
Project("{9A19103F-16F7-4668-BE54-9A1E7A4F7556}") = "01-1-HelloWorld", "01-1-HelloWorld\01-1-HelloWorld.csproj", "{14B0D889-F6D9-45AB-A23C-3EBA20459728}"
EndProject
Project("{9A19103F-16F7-4668-BE54-9A1E7A4F7556}") = "01-2-HelloBeep", "01-2-HelloBeep\01-2-HelloBeep.csproj", "{B80445D3-D844-481F-8B42-0B4B7A9D4BD4}"
EndProject
Project("{9A19103F-16F7-4668-BE54-9A1E7A4F7556}") = "02-1-DataTypes", "02-1-DataTypes\02-1-DataTypes.csproj", "{AA962FFD-883B-4609-92D0-49CC8BDC4412}"
EndProject
Project("{9A19103F-16F7-4668-BE54-9A1E7A4F7556}") = "03-1-Operators", "03-1-Operators\03-1-Operators.csproj", "{CFA599E7-A646-4B01-86E7-7E34F13E7C2C}"
EndProject
Project("{9A19103F-16F7-4668-BE54-9A1E7A4F7556}") = "03-2-AssignmentOperators", "03-2-AssignmentOperators\03-2-AssignmentOperators.csproj", "{00ED73D9-8EDF-43FC-B9EA-FEF203B44634}"
EndProject
Project("{9A19103F-16F7-4668-BE54-9A1E7A4F7556}") = "03-3-ArithmeticOperators", "03-3-ArithmeticOperators\03-3-ArithmeticOperators.csproj", "{3469CB74-0DA9-4FAD-BC71-D93C45B79ED5}"
EndProject
Project("{9A19103F-16F7-4668-BE54-9A1E7A4F7556}") = "03-4-ComparisonOperators", "03-4-ComparisonOperators\03-4-ComparisonOperators.csproj", "{54D5DB21-5494-4390-9C52-CADA9B1E5F03}"
EndProject
Project("{9A19103F-16F7-4668-BE54-9A1E7A4F7556}") = "03-5-LogicalOperators", "03-5-LogicalOperators\03-5-LogicalOperators.csproj", "{8E5B185B-A292-4B88-9B4A-F5FA158097F3}"
EndProject
Project("{9A19103F-16F7-4668-BE54-9A1E7A4F7556}") = "03-6-ConsoleInput", "03-6-ConsoleInput\03-6-ConsoleInput.csproj", "{1CB696B8-A1B3-469C-AF41-C8786FE8B237}"
EndProject
Project("{9A19103F-16F7-4668-BE54-9A1E7A4F7556}") = "04-1-SelectionStatements1", "04-1-SelectionStatements\04-1-SelectionStatements1.csproj", "{4A001530-0732-4B21-B72E-6CB0522E547C}"
EndProject
Project("{9A19103F-16F7-4668-BE54-9A1E7A4F7556}") = "04-2-SelectionStatements2", "04-2-SelectionStatements\04-2-SelectionStatements2.csproj", "{A9A409A6-B869-4FB5-879F-80BC81CF078E}"
EndProject
Project("{9A19103F-16F7-4668-BE54-9A1E7A4F7556}") = "04-3-SelectionStatements", "04-3-SelectionStatements\04-3-SelectionStatements.csproj", "{18D0BD4E-F925-4A56-B667-9F8D832246CB}"
EndProject
Project("{9A19103F-16F7-4668-BE54-9A1E7A4F7556}") = "04-4-SelectionStatements", "04-4-SelectionStatements\04-4-SelectionStatements.csproj", "{0EB1DFF4-602E-41B1-AEA0-D6C87EF779EB}"
EndProject
Project("{9A19103F-16F7-4668-BE54-9A1E7A4F7556}") = "05-1-Methods", "05-1-Methods\05-1-Methods.csproj", "{11872F4C-6884-4870-B3B1-1CA022221019}"
EndProject
Project("{9A19103F-16F7-4668-BE54-9A1E7A4F7556}") = "05-2-Toxic", "05-2-Toxic\05-2-Toxic.csproj", "{D53EC343-7ABD-4A69-AEFE-247365155461}"
EndProject
Project("{9A19103F-16F7-4668-BE54-9A1E7A4F7556}") = "05-4-ConsoleMagic", "05-4-ConsoleMagic\05-4-ConsoleMagic.csproj", "{F7132EFC-F85A-4ADB-A724-620C127E99E1}"
EndProject
Project("{9A19103F-16F7-4668-BE54-9A1E7A4F7556}") = "06-1-Loops", "06-1-Loops\06-1-Loops.csproj", "{5863361B-A31D-4AEE-8B9C-D19315CCB0AD}"
EndProject
Project("{9A19103F-16F7-4668-BE54-9A1E7A4F7556}") = "06-3-InputLoop", "06-3-InputLoop\06-3-InputLoop.csproj", "{ED1891C9-91F3-4A63-A733-269FD54B0A94}"
EndProject
Project("{9A19103F-16F7-4668-BE54-9A1E7A4F7556}") = "06-4-InputLoop2", "06-4-InputLoop\06-4-InputLoop2.csproj", "{9AC207B3-ED2B-4691-87C5-93901FA47E90}"
EndProject
Project("{9A19103F-16F7-4668-BE54-9A1E7A4F7556}") = "07-1-Arrays", "07-1-Arrays\07-1-Arrays.csproj", "{72AECB7F-E6C3-4DEE-94F8-2F85E3E0A330}"
EndProject
Project("{9A19103F-16F7-4668-BE54-9A1E7A4F7556}") = "07-2-IndicesRanges", "07-2-IndicesRanges\07-2-IndicesRanges.csproj", "{1C34041D-2499-4A38-A27D-DEF5FB2D33CA}"
EndProject
Project("{9A19103F-16F7-4668-BE54-9A1E7A4F7556}") = "10-1-MultidimensionalArrays", "10-1-MultidimensionalArrays\10-1-MultidimensionalArrays.csproj", "{70D85450-EEEA-4197-B634-87D7AF4BBDD5}"
EndProject
Project("{9A19103F-16F7-4668-BE54-9A1E7A4F7556}") = "11-1-Objects", "11-1-Objects\11-1-Objects.csproj", "{63A2CDE4-A702-4B3B-802F-08B8B926171A}"
EndProject
Project("{9A19103F-16F7-4668-BE54-9A1E7A4F7556}") = "11-2-Objects", "11-2-Objects\11-2-Objects.csproj", "{83A024A4-51C4-46A6-BB7F-D0C12BB0E746}"
EndProject
Project("{9A19103F-16F7-4668-BE54-9A1E7A4F7556}") = "11-3-Objects", "11-3-Objects\11-3-Objects.csproj", "{681D8BDE-DD3B-44A0-AC85-39C34AA9603A}"
EndProject
Project("{9A19103F-16F7-4668-BE54-9A1E7A4F7556}") = "11-4-Objects", "11-4-Objects\11-4-Objects.csproj", "{3ECC1C8E-5E34-431F-8472-C4DF9C1C5527}"
EndProject
Project("{9A19103F-16F7-4668-BE54-9A1E7A4F7556}") = "11-5-Objects", "11-5-Objects\11-5-Objects.csproj", "{8D84E886-6341-470B-82A2-C2795512D548}"
EndProject
Project("{9A19103F-16F7-4668-BE54-9A1E7A4F7556}") = "12-1-ReferenceTypes", "12-1-ReferenceTypes\12-1-ReferenceTypes.csproj", "{079C60D6-617F-48A3-86F1-9B046210D211}"
EndProject
Project("{9A19103F-16F7-4668-BE54-9A1E7A4F7556}") = "03-7-OperationOrder", "03-7-OperationOrder\03-7-OperationOrder.csproj", "{F8AE88F3-018C-4455-8EA4-658861DD555C}"
EndProject
Project("{9A19103F-16F7-4668-BE54-9A1E7A4F7556}") = "07-5-CSharpMinor", "07-5-CSharpMinor\07-5-CSharpMinor.csproj", "{512804A8-E914-4E14-9892-DFAC6E2FB100}"
EndProject
Project("{9A19103F-16F7-4668-BE54-9A1E7A4F7556}") = "06-5-ChromaticScale", "06-5-ChromaticScale\06-5-ChromaticScale.csproj", "{C94924F1-649D-4513-B1B7-DD28078E4055}"
EndProject
Project("{9A19103F-16F7-4668-BE54-9A1E7A4F7556}") = "06-6-SimpleMenu", "06-6-SimpleMenu\06-6-SimpleMenu.csproj", "{F8E0E878-6C46-4FFE-9987-A618D53093FF}"
EndProject
Project("{9A19103F-16F7-4668-BE54-9A1E7A4F7556}") = "07-3-ForEachLoops", "07-3-ForEachLoops\07-3-ForEachLoops.csproj", "{53289528-8906-4A49-94AD-6B7EE70677E7}"
EndProject
Project("{9A19103F-16F7-4668-BE54-9A1E7A4F7556}") = "07-4-ToxicRemix", "07-4-ToxicRemix\07-4-ToxicRemix.csproj", "{86CA8965-0A67-4264-BDDE-4F7CB29CC942}"
EndProject
Project("{9A19103F-16F7-4668-BE54-9A1E7A4F7556}") = "07-6-CSharpMinorRemix", "07-6-CSharpMinorRemix\07-6-CSharpMinorRemix.csproj", "{9DE4620A-2D19-4307-993D-B01AA7DAC5D2}"
EndProject
Project("{9A19103F-16F7-4668-BE54-9A1E7A4F7556}") = "06-2-InputPromptAgain", "06-2-InputPromptAgain\06-2-InputPromptAgain.csproj", "{0F67774E-C4F5-470C-9A0A-8EED436B511C}"
EndProject
Project("{9A19103F-16F7-4668-BE54-9A1E7A4F7556}") = "LabZipCheck", "LabZipCheck\LabZipCheck.csproj", "{045356AC-6410-4A1E-A2D1-34BA3447F5A8}"
EndProject
Project("{9A19103F-16F7-4668-BE54-9A1E7A4F7556}") = "05-3-StaticClasses", "05-3-StaticClasses\05-3-StaticClasses.csproj", "{F4A8CF9A-87C6-44D1-B927-D2D61368D478}"
EndProject
Project("{9A19103F-16F7-4668-BE54-9A1E7A4F7556}") = "09-1-ArrayAlgorithms", "09-1-ArrayAlgorithms\09-1-ArrayAlgorithms.csproj", "{7E61CAA8-A543-4062-83C2-8DC38243B8F1}"
EndProject
Project("{9A19103F-16F7-4668-BE54-9A1E7A4F7556}") = "09-2-RandomNumbers", "09-2-RandomNumbers\09-2-RandomNumbers.csproj", "{D0F03BF1-2B6F-4255-A199-4D1C0D0F870C}"
EndProject
Project("{FAE04EC0-301F-11D3-BF4B-00C04F79EFBC}") = "09-1-MoreArrays", "09-1-MoreArrays\09-1-MoreArrays.csproj", "{E5EED3C2-F1B4-4A84-8D8E-53F07816C376}"
EndProject
Global
	GlobalSection(SolutionConfigurationPlatforms) = preSolution
		Debug|Any CPU = Debug|Any CPU
		Debug|x64 = Debug|x64
		Debug|x86 = Debug|x86
		Release|Any CPU = Release|Any CPU
		Release|x64 = Release|x64
		Release|x86 = Release|x86
	EndGlobalSection
	GlobalSection(ProjectConfigurationPlatforms) = postSolution
		{F0AC5FF4-2C2D-463B-86BC-9A9BAFC0108C}.Debug|Any CPU.ActiveCfg = Debug|Any CPU
		{F0AC5FF4-2C2D-463B-86BC-9A9BAFC0108C}.Debug|Any CPU.Build.0 = Debug|Any CPU
		{F0AC5FF4-2C2D-463B-86BC-9A9BAFC0108C}.Debug|x64.ActiveCfg = Debug|Any CPU
		{F0AC5FF4-2C2D-463B-86BC-9A9BAFC0108C}.Debug|x64.Build.0 = Debug|Any CPU
		{F0AC5FF4-2C2D-463B-86BC-9A9BAFC0108C}.Debug|x86.ActiveCfg = Debug|Any CPU
		{F0AC5FF4-2C2D-463B-86BC-9A9BAFC0108C}.Debug|x86.Build.0 = Debug|Any CPU
		{F0AC5FF4-2C2D-463B-86BC-9A9BAFC0108C}.Release|Any CPU.ActiveCfg = Release|Any CPU
		{F0AC5FF4-2C2D-463B-86BC-9A9BAFC0108C}.Release|Any CPU.Build.0 = Release|Any CPU
		{F0AC5FF4-2C2D-463B-86BC-9A9BAFC0108C}.Release|x64.ActiveCfg = Release|Any CPU
		{F0AC5FF4-2C2D-463B-86BC-9A9BAFC0108C}.Release|x64.Build.0 = Release|Any CPU
		{F0AC5FF4-2C2D-463B-86BC-9A9BAFC0108C}.Release|x86.ActiveCfg = Release|Any CPU
		{F0AC5FF4-2C2D-463B-86BC-9A9BAFC0108C}.Release|x86.Build.0 = Release|Any CPU
		{14B0D889-F6D9-45AB-A23C-3EBA20459728}.Debug|Any CPU.ActiveCfg = Debug|Any CPU
		{14B0D889-F6D9-45AB-A23C-3EBA20459728}.Debug|Any CPU.Build.0 = Debug|Any CPU
		{14B0D889-F6D9-45AB-A23C-3EBA20459728}.Debug|x64.ActiveCfg = Debug|Any CPU
		{14B0D889-F6D9-45AB-A23C-3EBA20459728}.Debug|x64.Build.0 = Debug|Any CPU
		{14B0D889-F6D9-45AB-A23C-3EBA20459728}.Debug|x86.ActiveCfg = Debug|Any CPU
		{14B0D889-F6D9-45AB-A23C-3EBA20459728}.Debug|x86.Build.0 = Debug|Any CPU
		{14B0D889-F6D9-45AB-A23C-3EBA20459728}.Release|Any CPU.ActiveCfg = Release|Any CPU
		{14B0D889-F6D9-45AB-A23C-3EBA20459728}.Release|Any CPU.Build.0 = Release|Any CPU
		{14B0D889-F6D9-45AB-A23C-3EBA20459728}.Release|x64.ActiveCfg = Release|Any CPU
		{14B0D889-F6D9-45AB-A23C-3EBA20459728}.Release|x64.Build.0 = Release|Any CPU
		{14B0D889-F6D9-45AB-A23C-3EBA20459728}.Release|x86.ActiveCfg = Release|Any CPU
		{14B0D889-F6D9-45AB-A23C-3EBA20459728}.Release|x86.Build.0 = Release|Any CPU
		{B80445D3-D844-481F-8B42-0B4B7A9D4BD4}.Debug|Any CPU.ActiveCfg = Debug|Any CPU
		{B80445D3-D844-481F-8B42-0B4B7A9D4BD4}.Debug|Any CPU.Build.0 = Debug|Any CPU
		{B80445D3-D844-481F-8B42-0B4B7A9D4BD4}.Debug|x64.ActiveCfg = Debug|Any CPU
		{B80445D3-D844-481F-8B42-0B4B7A9D4BD4}.Debug|x64.Build.0 = Debug|Any CPU
		{B80445D3-D844-481F-8B42-0B4B7A9D4BD4}.Debug|x86.ActiveCfg = Debug|Any CPU
		{B80445D3-D844-481F-8B42-0B4B7A9D4BD4}.Debug|x86.Build.0 = Debug|Any CPU
		{B80445D3-D844-481F-8B42-0B4B7A9D4BD4}.Release|Any CPU.ActiveCfg = Release|Any CPU
		{B80445D3-D844-481F-8B42-0B4B7A9D4BD4}.Release|Any CPU.Build.0 = Release|Any CPU
		{B80445D3-D844-481F-8B42-0B4B7A9D4BD4}.Release|x64.ActiveCfg = Release|Any CPU
		{B80445D3-D844-481F-8B42-0B4B7A9D4BD4}.Release|x64.Build.0 = Release|Any CPU
		{B80445D3-D844-481F-8B42-0B4B7A9D4BD4}.Release|x86.ActiveCfg = Release|Any CPU
		{B80445D3-D844-481F-8B42-0B4B7A9D4BD4}.Release|x86.Build.0 = Release|Any CPU
		{AA962FFD-883B-4609-92D0-49CC8BDC4412}.Debug|Any CPU.ActiveCfg = Debug|Any CPU
		{AA962FFD-883B-4609-92D0-49CC8BDC4412}.Debug|Any CPU.Build.0 = Debug|Any CPU
		{AA962FFD-883B-4609-92D0-49CC8BDC4412}.Debug|x64.ActiveCfg = Debug|Any CPU
		{AA962FFD-883B-4609-92D0-49CC8BDC4412}.Debug|x64.Build.0 = Debug|Any CPU
		{AA962FFD-883B-4609-92D0-49CC8BDC4412}.Debug|x86.ActiveCfg = Debug|Any CPU
		{AA962FFD-883B-4609-92D0-49CC8BDC4412}.Debug|x86.Build.0 = Debug|Any CPU
		{AA962FFD-883B-4609-92D0-49CC8BDC4412}.Release|Any CPU.ActiveCfg = Release|Any CPU
		{AA962FFD-883B-4609-92D0-49CC8BDC4412}.Release|Any CPU.Build.0 = Release|Any CPU
		{AA962FFD-883B-4609-92D0-49CC8BDC4412}.Release|x64.ActiveCfg = Release|Any CPU
		{AA962FFD-883B-4609-92D0-49CC8BDC4412}.Release|x64.Build.0 = Release|Any CPU
		{AA962FFD-883B-4609-92D0-49CC8BDC4412}.Release|x86.ActiveCfg = Release|Any CPU
		{AA962FFD-883B-4609-92D0-49CC8BDC4412}.Release|x86.Build.0 = Release|Any CPU
		{CFA599E7-A646-4B01-86E7-7E34F13E7C2C}.Debug|Any CPU.ActiveCfg = Debug|Any CPU
		{CFA599E7-A646-4B01-86E7-7E34F13E7C2C}.Debug|Any CPU.Build.0 = Debug|Any CPU
		{CFA599E7-A646-4B01-86E7-7E34F13E7C2C}.Debug|x64.ActiveCfg = Debug|Any CPU
		{CFA599E7-A646-4B01-86E7-7E34F13E7C2C}.Debug|x64.Build.0 = Debug|Any CPU
		{CFA599E7-A646-4B01-86E7-7E34F13E7C2C}.Debug|x86.ActiveCfg = Debug|Any CPU
		{CFA599E7-A646-4B01-86E7-7E34F13E7C2C}.Debug|x86.Build.0 = Debug|Any CPU
		{CFA599E7-A646-4B01-86E7-7E34F13E7C2C}.Release|Any CPU.ActiveCfg = Release|Any CPU
		{CFA599E7-A646-4B01-86E7-7E34F13E7C2C}.Release|Any CPU.Build.0 = Release|Any CPU
		{CFA599E7-A646-4B01-86E7-7E34F13E7C2C}.Release|x64.ActiveCfg = Release|Any CPU
		{CFA599E7-A646-4B01-86E7-7E34F13E7C2C}.Release|x64.Build.0 = Release|Any CPU
		{CFA599E7-A646-4B01-86E7-7E34F13E7C2C}.Release|x86.ActiveCfg = Release|Any CPU
		{CFA599E7-A646-4B01-86E7-7E34F13E7C2C}.Release|x86.Build.0 = Release|Any CPU
		{00ED73D9-8EDF-43FC-B9EA-FEF203B44634}.Debug|Any CPU.ActiveCfg = Debug|Any CPU
		{00ED73D9-8EDF-43FC-B9EA-FEF203B44634}.Debug|Any CPU.Build.0 = Debug|Any CPU
		{00ED73D9-8EDF-43FC-B9EA-FEF203B44634}.Debug|x64.ActiveCfg = Debug|Any CPU
		{00ED73D9-8EDF-43FC-B9EA-FEF203B44634}.Debug|x64.Build.0 = Debug|Any CPU
		{00ED73D9-8EDF-43FC-B9EA-FEF203B44634}.Debug|x86.ActiveCfg = Debug|Any CPU
		{00ED73D9-8EDF-43FC-B9EA-FEF203B44634}.Debug|x86.Build.0 = Debug|Any CPU
		{00ED73D9-8EDF-43FC-B9EA-FEF203B44634}.Release|Any CPU.ActiveCfg = Release|Any CPU
		{00ED73D9-8EDF-43FC-B9EA-FEF203B44634}.Release|Any CPU.Build.0 = Release|Any CPU
		{00ED73D9-8EDF-43FC-B9EA-FEF203B44634}.Release|x64.ActiveCfg = Release|Any CPU
		{00ED73D9-8EDF-43FC-B9EA-FEF203B44634}.Release|x64.Build.0 = Release|Any CPU
		{00ED73D9-8EDF-43FC-B9EA-FEF203B44634}.Release|x86.ActiveCfg = Release|Any CPU
		{00ED73D9-8EDF-43FC-B9EA-FEF203B44634}.Release|x86.Build.0 = Release|Any CPU
		{3469CB74-0DA9-4FAD-BC71-D93C45B79ED5}.Debug|Any CPU.ActiveCfg = Debug|Any CPU
		{3469CB74-0DA9-4FAD-BC71-D93C45B79ED5}.Debug|Any CPU.Build.0 = Debug|Any CPU
		{3469CB74-0DA9-4FAD-BC71-D93C45B79ED5}.Debug|x64.ActiveCfg = Debug|Any CPU
		{3469CB74-0DA9-4FAD-BC71-D93C45B79ED5}.Debug|x64.Build.0 = Debug|Any CPU
		{3469CB74-0DA9-4FAD-BC71-D93C45B79ED5}.Debug|x86.ActiveCfg = Debug|Any CPU
		{3469CB74-0DA9-4FAD-BC71-D93C45B79ED5}.Debug|x86.Build.0 = Debug|Any CPU
		{3469CB74-0DA9-4FAD-BC71-D93C45B79ED5}.Release|Any CPU.ActiveCfg = Release|Any CPU
		{3469CB74-0DA9-4FAD-BC71-D93C45B79ED5}.Release|Any CPU.Build.0 = Release|Any CPU
		{3469CB74-0DA9-4FAD-BC71-D93C45B79ED5}.Release|x64.ActiveCfg = Release|Any CPU
		{3469CB74-0DA9-4FAD-BC71-D93C45B79ED5}.Release|x64.Build.0 = Release|Any CPU
		{3469CB74-0DA9-4FAD-BC71-D93C45B79ED5}.Release|x86.ActiveCfg = Release|Any CPU
		{3469CB74-0DA9-4FAD-BC71-D93C45B79ED5}.Release|x86.Build.0 = Release|Any CPU
		{54D5DB21-5494-4390-9C52-CADA9B1E5F03}.Debug|Any CPU.ActiveCfg = Debug|Any CPU
		{54D5DB21-5494-4390-9C52-CADA9B1E5F03}.Debug|Any CPU.Build.0 = Debug|Any CPU
		{54D5DB21-5494-4390-9C52-CADA9B1E5F03}.Debug|x64.ActiveCfg = Debug|Any CPU
		{54D5DB21-5494-4390-9C52-CADA9B1E5F03}.Debug|x64.Build.0 = Debug|Any CPU
		{54D5DB21-5494-4390-9C52-CADA9B1E5F03}.Debug|x86.ActiveCfg = Debug|Any CPU
		{54D5DB21-5494-4390-9C52-CADA9B1E5F03}.Debug|x86.Build.0 = Debug|Any CPU
		{54D5DB21-5494-4390-9C52-CADA9B1E5F03}.Release|Any CPU.ActiveCfg = Release|Any CPU
		{54D5DB21-5494-4390-9C52-CADA9B1E5F03}.Release|Any CPU.Build.0 = Release|Any CPU
		{54D5DB21-5494-4390-9C52-CADA9B1E5F03}.Release|x64.ActiveCfg = Release|Any CPU
		{54D5DB21-5494-4390-9C52-CADA9B1E5F03}.Release|x64.Build.0 = Release|Any CPU
		{54D5DB21-5494-4390-9C52-CADA9B1E5F03}.Release|x86.ActiveCfg = Release|Any CPU
		{54D5DB21-5494-4390-9C52-CADA9B1E5F03}.Release|x86.Build.0 = Release|Any CPU
		{8E5B185B-A292-4B88-9B4A-F5FA158097F3}.Debug|Any CPU.ActiveCfg = Debug|Any CPU
		{8E5B185B-A292-4B88-9B4A-F5FA158097F3}.Debug|Any CPU.Build.0 = Debug|Any CPU
		{8E5B185B-A292-4B88-9B4A-F5FA158097F3}.Debug|x64.ActiveCfg = Debug|Any CPU
		{8E5B185B-A292-4B88-9B4A-F5FA158097F3}.Debug|x64.Build.0 = Debug|Any CPU
		{8E5B185B-A292-4B88-9B4A-F5FA158097F3}.Debug|x86.ActiveCfg = Debug|Any CPU
		{8E5B185B-A292-4B88-9B4A-F5FA158097F3}.Debug|x86.Build.0 = Debug|Any CPU
		{8E5B185B-A292-4B88-9B4A-F5FA158097F3}.Release|Any CPU.ActiveCfg = Release|Any CPU
		{8E5B185B-A292-4B88-9B4A-F5FA158097F3}.Release|Any CPU.Build.0 = Release|Any CPU
		{8E5B185B-A292-4B88-9B4A-F5FA158097F3}.Release|x64.ActiveCfg = Release|Any CPU
		{8E5B185B-A292-4B88-9B4A-F5FA158097F3}.Release|x64.Build.0 = Release|Any CPU
		{8E5B185B-A292-4B88-9B4A-F5FA158097F3}.Release|x86.ActiveCfg = Release|Any CPU
		{8E5B185B-A292-4B88-9B4A-F5FA158097F3}.Release|x86.Build.0 = Release|Any CPU
		{1CB696B8-A1B3-469C-AF41-C8786FE8B237}.Debug|Any CPU.ActiveCfg = Debug|Any CPU
		{1CB696B8-A1B3-469C-AF41-C8786FE8B237}.Debug|Any CPU.Build.0 = Debug|Any CPU
		{1CB696B8-A1B3-469C-AF41-C8786FE8B237}.Debug|x64.ActiveCfg = Debug|Any CPU
		{1CB696B8-A1B3-469C-AF41-C8786FE8B237}.Debug|x64.Build.0 = Debug|Any CPU
		{1CB696B8-A1B3-469C-AF41-C8786FE8B237}.Debug|x86.ActiveCfg = Debug|Any CPU
		{1CB696B8-A1B3-469C-AF41-C8786FE8B237}.Debug|x86.Build.0 = Debug|Any CPU
		{1CB696B8-A1B3-469C-AF41-C8786FE8B237}.Release|Any CPU.ActiveCfg = Release|Any CPU
		{1CB696B8-A1B3-469C-AF41-C8786FE8B237}.Release|Any CPU.Build.0 = Release|Any CPU
		{1CB696B8-A1B3-469C-AF41-C8786FE8B237}.Release|x64.ActiveCfg = Release|Any CPU
		{1CB696B8-A1B3-469C-AF41-C8786FE8B237}.Release|x64.Build.0 = Release|Any CPU
		{1CB696B8-A1B3-469C-AF41-C8786FE8B237}.Release|x86.ActiveCfg = Release|Any CPU
		{1CB696B8-A1B3-469C-AF41-C8786FE8B237}.Release|x86.Build.0 = Release|Any CPU
		{4A001530-0732-4B21-B72E-6CB0522E547C}.Debug|Any CPU.ActiveCfg = Debug|Any CPU
		{4A001530-0732-4B21-B72E-6CB0522E547C}.Debug|Any CPU.Build.0 = Debug|Any CPU
		{4A001530-0732-4B21-B72E-6CB0522E547C}.Debug|x64.ActiveCfg = Debug|Any CPU
		{4A001530-0732-4B21-B72E-6CB0522E547C}.Debug|x64.Build.0 = Debug|Any CPU
		{4A001530-0732-4B21-B72E-6CB0522E547C}.Debug|x86.ActiveCfg = Debug|Any CPU
		{4A001530-0732-4B21-B72E-6CB0522E547C}.Debug|x86.Build.0 = Debug|Any CPU
		{4A001530-0732-4B21-B72E-6CB0522E547C}.Release|Any CPU.ActiveCfg = Release|Any CPU
		{4A001530-0732-4B21-B72E-6CB0522E547C}.Release|Any CPU.Build.0 = Release|Any CPU
		{4A001530-0732-4B21-B72E-6CB0522E547C}.Release|x64.ActiveCfg = Release|Any CPU
		{4A001530-0732-4B21-B72E-6CB0522E547C}.Release|x64.Build.0 = Release|Any CPU
		{4A001530-0732-4B21-B72E-6CB0522E547C}.Release|x86.ActiveCfg = Release|Any CPU
		{4A001530-0732-4B21-B72E-6CB0522E547C}.Release|x86.Build.0 = Release|Any CPU
		{A9A409A6-B869-4FB5-879F-80BC81CF078E}.Debug|Any CPU.ActiveCfg = Debug|Any CPU
		{A9A409A6-B869-4FB5-879F-80BC81CF078E}.Debug|Any CPU.Build.0 = Debug|Any CPU
		{A9A409A6-B869-4FB5-879F-80BC81CF078E}.Debug|x64.ActiveCfg = Debug|Any CPU
		{A9A409A6-B869-4FB5-879F-80BC81CF078E}.Debug|x64.Build.0 = Debug|Any CPU
		{A9A409A6-B869-4FB5-879F-80BC81CF078E}.Debug|x86.ActiveCfg = Debug|Any CPU
		{A9A409A6-B869-4FB5-879F-80BC81CF078E}.Debug|x86.Build.0 = Debug|Any CPU
		{A9A409A6-B869-4FB5-879F-80BC81CF078E}.Release|Any CPU.ActiveCfg = Release|Any CPU
		{A9A409A6-B869-4FB5-879F-80BC81CF078E}.Release|Any CPU.Build.0 = Release|Any CPU
		{A9A409A6-B869-4FB5-879F-80BC81CF078E}.Release|x64.ActiveCfg = Release|Any CPU
		{A9A409A6-B869-4FB5-879F-80BC81CF078E}.Release|x64.Build.0 = Release|Any CPU
		{A9A409A6-B869-4FB5-879F-80BC81CF078E}.Release|x86.ActiveCfg = Release|Any CPU
		{A9A409A6-B869-4FB5-879F-80BC81CF078E}.Release|x86.Build.0 = Release|Any CPU
		{18D0BD4E-F925-4A56-B667-9F8D832246CB}.Debug|Any CPU.ActiveCfg = Debug|Any CPU
		{18D0BD4E-F925-4A56-B667-9F8D832246CB}.Debug|Any CPU.Build.0 = Debug|Any CPU
		{18D0BD4E-F925-4A56-B667-9F8D832246CB}.Debug|x64.ActiveCfg = Debug|Any CPU
		{18D0BD4E-F925-4A56-B667-9F8D832246CB}.Debug|x64.Build.0 = Debug|Any CPU
		{18D0BD4E-F925-4A56-B667-9F8D832246CB}.Debug|x86.ActiveCfg = Debug|Any CPU
		{18D0BD4E-F925-4A56-B667-9F8D832246CB}.Debug|x86.Build.0 = Debug|Any CPU
		{18D0BD4E-F925-4A56-B667-9F8D832246CB}.Release|Any CPU.ActiveCfg = Release|Any CPU
		{18D0BD4E-F925-4A56-B667-9F8D832246CB}.Release|Any CPU.Build.0 = Release|Any CPU
		{18D0BD4E-F925-4A56-B667-9F8D832246CB}.Release|x64.ActiveCfg = Release|Any CPU
		{18D0BD4E-F925-4A56-B667-9F8D832246CB}.Release|x64.Build.0 = Release|Any CPU
		{18D0BD4E-F925-4A56-B667-9F8D832246CB}.Release|x86.ActiveCfg = Release|Any CPU
		{18D0BD4E-F925-4A56-B667-9F8D832246CB}.Release|x86.Build.0 = Release|Any CPU
		{0EB1DFF4-602E-41B1-AEA0-D6C87EF779EB}.Debug|Any CPU.ActiveCfg = Debug|Any CPU
		{0EB1DFF4-602E-41B1-AEA0-D6C87EF779EB}.Debug|Any CPU.Build.0 = Debug|Any CPU
		{0EB1DFF4-602E-41B1-AEA0-D6C87EF779EB}.Debug|x64.ActiveCfg = Debug|Any CPU
		{0EB1DFF4-602E-41B1-AEA0-D6C87EF779EB}.Debug|x64.Build.0 = Debug|Any CPU
		{0EB1DFF4-602E-41B1-AEA0-D6C87EF779EB}.Debug|x86.ActiveCfg = Debug|Any CPU
		{0EB1DFF4-602E-41B1-AEA0-D6C87EF779EB}.Debug|x86.Build.0 = Debug|Any CPU
		{0EB1DFF4-602E-41B1-AEA0-D6C87EF779EB}.Release|Any CPU.ActiveCfg = Release|Any CPU
		{0EB1DFF4-602E-41B1-AEA0-D6C87EF779EB}.Release|Any CPU.Build.0 = Release|Any CPU
		{0EB1DFF4-602E-41B1-AEA0-D6C87EF779EB}.Release|x64.ActiveCfg = Release|Any CPU
		{0EB1DFF4-602E-41B1-AEA0-D6C87EF779EB}.Release|x64.Build.0 = Release|Any CPU
		{0EB1DFF4-602E-41B1-AEA0-D6C87EF779EB}.Release|x86.ActiveCfg = Release|Any CPU
		{0EB1DFF4-602E-41B1-AEA0-D6C87EF779EB}.Release|x86.Build.0 = Release|Any CPU
		{11872F4C-6884-4870-B3B1-1CA022221019}.Debug|Any CPU.ActiveCfg = Debug|Any CPU
		{11872F4C-6884-4870-B3B1-1CA022221019}.Debug|Any CPU.Build.0 = Debug|Any CPU
		{11872F4C-6884-4870-B3B1-1CA022221019}.Debug|x64.ActiveCfg = Debug|Any CPU
		{11872F4C-6884-4870-B3B1-1CA022221019}.Debug|x64.Build.0 = Debug|Any CPU
		{11872F4C-6884-4870-B3B1-1CA022221019}.Debug|x86.ActiveCfg = Debug|Any CPU
		{11872F4C-6884-4870-B3B1-1CA022221019}.Debug|x86.Build.0 = Debug|Any CPU
		{11872F4C-6884-4870-B3B1-1CA022221019}.Release|Any CPU.ActiveCfg = Release|Any CPU
		{11872F4C-6884-4870-B3B1-1CA022221019}.Release|Any CPU.Build.0 = Release|Any CPU
		{11872F4C-6884-4870-B3B1-1CA022221019}.Release|x64.ActiveCfg = Release|Any CPU
		{11872F4C-6884-4870-B3B1-1CA022221019}.Release|x64.Build.0 = Release|Any CPU
		{11872F4C-6884-4870-B3B1-1CA022221019}.Release|x86.ActiveCfg = Release|Any CPU
		{11872F4C-6884-4870-B3B1-1CA022221019}.Release|x86.Build.0 = Release|Any CPU
		{D53EC343-7ABD-4A69-AEFE-247365155461}.Debug|Any CPU.ActiveCfg = Debug|Any CPU
		{D53EC343-7ABD-4A69-AEFE-247365155461}.Debug|Any CPU.Build.0 = Debug|Any CPU
		{D53EC343-7ABD-4A69-AEFE-247365155461}.Debug|x64.ActiveCfg = Debug|Any CPU
		{D53EC343-7ABD-4A69-AEFE-247365155461}.Debug|x64.Build.0 = Debug|Any CPU
		{D53EC343-7ABD-4A69-AEFE-247365155461}.Debug|x86.ActiveCfg = Debug|Any CPU
		{D53EC343-7ABD-4A69-AEFE-247365155461}.Debug|x86.Build.0 = Debug|Any CPU
		{D53EC343-7ABD-4A69-AEFE-247365155461}.Release|Any CPU.ActiveCfg = Release|Any CPU
		{D53EC343-7ABD-4A69-AEFE-247365155461}.Release|Any CPU.Build.0 = Release|Any CPU
		{D53EC343-7ABD-4A69-AEFE-247365155461}.Release|x64.ActiveCfg = Release|Any CPU
		{D53EC343-7ABD-4A69-AEFE-247365155461}.Release|x64.Build.0 = Release|Any CPU
		{D53EC343-7ABD-4A69-AEFE-247365155461}.Release|x86.ActiveCfg = Release|Any CPU
		{D53EC343-7ABD-4A69-AEFE-247365155461}.Release|x86.Build.0 = Release|Any CPU
		{F7132EFC-F85A-4ADB-A724-620C127E99E1}.Debug|Any CPU.ActiveCfg = Debug|Any CPU
		{F7132EFC-F85A-4ADB-A724-620C127E99E1}.Debug|Any CPU.Build.0 = Debug|Any CPU
		{F7132EFC-F85A-4ADB-A724-620C127E99E1}.Debug|x64.ActiveCfg = Debug|Any CPU
		{F7132EFC-F85A-4ADB-A724-620C127E99E1}.Debug|x64.Build.0 = Debug|Any CPU
		{F7132EFC-F85A-4ADB-A724-620C127E99E1}.Debug|x86.ActiveCfg = Debug|Any CPU
		{F7132EFC-F85A-4ADB-A724-620C127E99E1}.Debug|x86.Build.0 = Debug|Any CPU
		{F7132EFC-F85A-4ADB-A724-620C127E99E1}.Release|Any CPU.ActiveCfg = Release|Any CPU
		{F7132EFC-F85A-4ADB-A724-620C127E99E1}.Release|Any CPU.Build.0 = Release|Any CPU
		{F7132EFC-F85A-4ADB-A724-620C127E99E1}.Release|x64.ActiveCfg = Release|Any CPU
		{F7132EFC-F85A-4ADB-A724-620C127E99E1}.Release|x64.Build.0 = Release|Any CPU
		{F7132EFC-F85A-4ADB-A724-620C127E99E1}.Release|x86.ActiveCfg = Release|Any CPU
		{F7132EFC-F85A-4ADB-A724-620C127E99E1}.Release|x86.Build.0 = Release|Any CPU
		{5863361B-A31D-4AEE-8B9C-D19315CCB0AD}.Debug|Any CPU.ActiveCfg = Debug|Any CPU
		{5863361B-A31D-4AEE-8B9C-D19315CCB0AD}.Debug|Any CPU.Build.0 = Debug|Any CPU
		{5863361B-A31D-4AEE-8B9C-D19315CCB0AD}.Debug|x64.ActiveCfg = Debug|Any CPU
		{5863361B-A31D-4AEE-8B9C-D19315CCB0AD}.Debug|x64.Build.0 = Debug|Any CPU
		{5863361B-A31D-4AEE-8B9C-D19315CCB0AD}.Debug|x86.ActiveCfg = Debug|Any CPU
		{5863361B-A31D-4AEE-8B9C-D19315CCB0AD}.Debug|x86.Build.0 = Debug|Any CPU
		{5863361B-A31D-4AEE-8B9C-D19315CCB0AD}.Release|Any CPU.ActiveCfg = Release|Any CPU
		{5863361B-A31D-4AEE-8B9C-D19315CCB0AD}.Release|Any CPU.Build.0 = Release|Any CPU
		{5863361B-A31D-4AEE-8B9C-D19315CCB0AD}.Release|x64.ActiveCfg = Release|Any CPU
		{5863361B-A31D-4AEE-8B9C-D19315CCB0AD}.Release|x64.Build.0 = Release|Any CPU
		{5863361B-A31D-4AEE-8B9C-D19315CCB0AD}.Release|x86.ActiveCfg = Release|Any CPU
		{5863361B-A31D-4AEE-8B9C-D19315CCB0AD}.Release|x86.Build.0 = Release|Any CPU
		{ED1891C9-91F3-4A63-A733-269FD54B0A94}.Debug|Any CPU.ActiveCfg = Debug|Any CPU
		{ED1891C9-91F3-4A63-A733-269FD54B0A94}.Debug|Any CPU.Build.0 = Debug|Any CPU
		{ED1891C9-91F3-4A63-A733-269FD54B0A94}.Debug|x64.ActiveCfg = Debug|Any CPU
		{ED1891C9-91F3-4A63-A733-269FD54B0A94}.Debug|x64.Build.0 = Debug|Any CPU
		{ED1891C9-91F3-4A63-A733-269FD54B0A94}.Debug|x86.ActiveCfg = Debug|Any CPU
		{ED1891C9-91F3-4A63-A733-269FD54B0A94}.Debug|x86.Build.0 = Debug|Any CPU
		{ED1891C9-91F3-4A63-A733-269FD54B0A94}.Release|Any CPU.ActiveCfg = Release|Any CPU
		{ED1891C9-91F3-4A63-A733-269FD54B0A94}.Release|Any CPU.Build.0 = Release|Any CPU
		{ED1891C9-91F3-4A63-A733-269FD54B0A94}.Release|x64.ActiveCfg = Release|Any CPU
		{ED1891C9-91F3-4A63-A733-269FD54B0A94}.Release|x64.Build.0 = Release|Any CPU
		{ED1891C9-91F3-4A63-A733-269FD54B0A94}.Release|x86.ActiveCfg = Release|Any CPU
		{ED1891C9-91F3-4A63-A733-269FD54B0A94}.Release|x86.Build.0 = Release|Any CPU
		{9AC207B3-ED2B-4691-87C5-93901FA47E90}.Debug|Any CPU.ActiveCfg = Debug|Any CPU
		{9AC207B3-ED2B-4691-87C5-93901FA47E90}.Debug|Any CPU.Build.0 = Debug|Any CPU
		{9AC207B3-ED2B-4691-87C5-93901FA47E90}.Debug|x64.ActiveCfg = Debug|Any CPU
		{9AC207B3-ED2B-4691-87C5-93901FA47E90}.Debug|x64.Build.0 = Debug|Any CPU
		{9AC207B3-ED2B-4691-87C5-93901FA47E90}.Debug|x86.ActiveCfg = Debug|Any CPU
		{9AC207B3-ED2B-4691-87C5-93901FA47E90}.Debug|x86.Build.0 = Debug|Any CPU
		{9AC207B3-ED2B-4691-87C5-93901FA47E90}.Release|Any CPU.ActiveCfg = Release|Any CPU
		{9AC207B3-ED2B-4691-87C5-93901FA47E90}.Release|Any CPU.Build.0 = Release|Any CPU
		{9AC207B3-ED2B-4691-87C5-93901FA47E90}.Release|x64.ActiveCfg = Release|Any CPU
		{9AC207B3-ED2B-4691-87C5-93901FA47E90}.Release|x64.Build.0 = Release|Any CPU
		{9AC207B3-ED2B-4691-87C5-93901FA47E90}.Release|x86.ActiveCfg = Release|Any CPU
		{9AC207B3-ED2B-4691-87C5-93901FA47E90}.Release|x86.Build.0 = Release|Any CPU
		{72AECB7F-E6C3-4DEE-94F8-2F85E3E0A330}.Debug|Any CPU.ActiveCfg = Debug|Any CPU
		{72AECB7F-E6C3-4DEE-94F8-2F85E3E0A330}.Debug|Any CPU.Build.0 = Debug|Any CPU
		{72AECB7F-E6C3-4DEE-94F8-2F85E3E0A330}.Debug|x64.ActiveCfg = Debug|Any CPU
		{72AECB7F-E6C3-4DEE-94F8-2F85E3E0A330}.Debug|x64.Build.0 = Debug|Any CPU
		{72AECB7F-E6C3-4DEE-94F8-2F85E3E0A330}.Debug|x86.ActiveCfg = Debug|Any CPU
		{72AECB7F-E6C3-4DEE-94F8-2F85E3E0A330}.Debug|x86.Build.0 = Debug|Any CPU
		{72AECB7F-E6C3-4DEE-94F8-2F85E3E0A330}.Release|Any CPU.ActiveCfg = Release|Any CPU
		{72AECB7F-E6C3-4DEE-94F8-2F85E3E0A330}.Release|Any CPU.Build.0 = Release|Any CPU
		{72AECB7F-E6C3-4DEE-94F8-2F85E3E0A330}.Release|x64.ActiveCfg = Release|Any CPU
		{72AECB7F-E6C3-4DEE-94F8-2F85E3E0A330}.Release|x64.Build.0 = Release|Any CPU
		{72AECB7F-E6C3-4DEE-94F8-2F85E3E0A330}.Release|x86.ActiveCfg = Release|Any CPU
		{72AECB7F-E6C3-4DEE-94F8-2F85E3E0A330}.Release|x86.Build.0 = Release|Any CPU
		{1C34041D-2499-4A38-A27D-DEF5FB2D33CA}.Debug|Any CPU.ActiveCfg = Debug|Any CPU
		{1C34041D-2499-4A38-A27D-DEF5FB2D33CA}.Debug|Any CPU.Build.0 = Debug|Any CPU
		{1C34041D-2499-4A38-A27D-DEF5FB2D33CA}.Debug|x64.ActiveCfg = Debug|Any CPU
		{1C34041D-2499-4A38-A27D-DEF5FB2D33CA}.Debug|x64.Build.0 = Debug|Any CPU
		{1C34041D-2499-4A38-A27D-DEF5FB2D33CA}.Debug|x86.ActiveCfg = Debug|Any CPU
		{1C34041D-2499-4A38-A27D-DEF5FB2D33CA}.Debug|x86.Build.0 = Debug|Any CPU
		{1C34041D-2499-4A38-A27D-DEF5FB2D33CA}.Release|Any CPU.ActiveCfg = Release|Any CPU
		{1C34041D-2499-4A38-A27D-DEF5FB2D33CA}.Release|Any CPU.Build.0 = Release|Any CPU
		{1C34041D-2499-4A38-A27D-DEF5FB2D33CA}.Release|x64.ActiveCfg = Release|Any CPU
		{1C34041D-2499-4A38-A27D-DEF5FB2D33CA}.Release|x64.Build.0 = Release|Any CPU
		{1C34041D-2499-4A38-A27D-DEF5FB2D33CA}.Release|x86.ActiveCfg = Release|Any CPU
		{1C34041D-2499-4A38-A27D-DEF5FB2D33CA}.Release|x86.Build.0 = Release|Any CPU
		{70D85450-EEEA-4197-B634-87D7AF4BBDD5}.Debug|Any CPU.ActiveCfg = Debug|Any CPU
		{70D85450-EEEA-4197-B634-87D7AF4BBDD5}.Debug|Any CPU.Build.0 = Debug|Any CPU
		{70D85450-EEEA-4197-B634-87D7AF4BBDD5}.Debug|x64.ActiveCfg = Debug|Any CPU
		{70D85450-EEEA-4197-B634-87D7AF4BBDD5}.Debug|x64.Build.0 = Debug|Any CPU
		{70D85450-EEEA-4197-B634-87D7AF4BBDD5}.Debug|x86.ActiveCfg = Debug|Any CPU
		{70D85450-EEEA-4197-B634-87D7AF4BBDD5}.Debug|x86.Build.0 = Debug|Any CPU
		{70D85450-EEEA-4197-B634-87D7AF4BBDD5}.Release|Any CPU.ActiveCfg = Release|Any CPU
		{70D85450-EEEA-4197-B634-87D7AF4BBDD5}.Release|Any CPU.Build.0 = Release|Any CPU
		{70D85450-EEEA-4197-B634-87D7AF4BBDD5}.Release|x64.ActiveCfg = Release|Any CPU
		{70D85450-EEEA-4197-B634-87D7AF4BBDD5}.Release|x64.Build.0 = Release|Any CPU
		{70D85450-EEEA-4197-B634-87D7AF4BBDD5}.Release|x86.ActiveCfg = Release|Any CPU
		{70D85450-EEEA-4197-B634-87D7AF4BBDD5}.Release|x86.Build.0 = Release|Any CPU
		{63A2CDE4-A702-4B3B-802F-08B8B926171A}.Debug|Any CPU.ActiveCfg = Debug|Any CPU
		{63A2CDE4-A702-4B3B-802F-08B8B926171A}.Debug|Any CPU.Build.0 = Debug|Any CPU
		{63A2CDE4-A702-4B3B-802F-08B8B926171A}.Debug|x64.ActiveCfg = Debug|Any CPU
		{63A2CDE4-A702-4B3B-802F-08B8B926171A}.Debug|x64.Build.0 = Debug|Any CPU
		{63A2CDE4-A702-4B3B-802F-08B8B926171A}.Debug|x86.ActiveCfg = Debug|Any CPU
		{63A2CDE4-A702-4B3B-802F-08B8B926171A}.Debug|x86.Build.0 = Debug|Any CPU
		{63A2CDE4-A702-4B3B-802F-08B8B926171A}.Release|Any CPU.ActiveCfg = Release|Any CPU
		{63A2CDE4-A702-4B3B-802F-08B8B926171A}.Release|Any CPU.Build.0 = Release|Any CPU
		{63A2CDE4-A702-4B3B-802F-08B8B926171A}.Release|x64.ActiveCfg = Release|Any CPU
		{63A2CDE4-A702-4B3B-802F-08B8B926171A}.Release|x64.Build.0 = Release|Any CPU
		{63A2CDE4-A702-4B3B-802F-08B8B926171A}.Release|x86.ActiveCfg = Release|Any CPU
		{63A2CDE4-A702-4B3B-802F-08B8B926171A}.Release|x86.Build.0 = Release|Any CPU
		{83A024A4-51C4-46A6-BB7F-D0C12BB0E746}.Debug|Any CPU.ActiveCfg = Debug|Any CPU
		{83A024A4-51C4-46A6-BB7F-D0C12BB0E746}.Debug|Any CPU.Build.0 = Debug|Any CPU
		{83A024A4-51C4-46A6-BB7F-D0C12BB0E746}.Debug|x64.ActiveCfg = Debug|Any CPU
		{83A024A4-51C4-46A6-BB7F-D0C12BB0E746}.Debug|x64.Build.0 = Debug|Any CPU
		{83A024A4-51C4-46A6-BB7F-D0C12BB0E746}.Debug|x86.ActiveCfg = Debug|Any CPU
		{83A024A4-51C4-46A6-BB7F-D0C12BB0E746}.Debug|x86.Build.0 = Debug|Any CPU
		{83A024A4-51C4-46A6-BB7F-D0C12BB0E746}.Release|Any CPU.ActiveCfg = Release|Any CPU
		{83A024A4-51C4-46A6-BB7F-D0C12BB0E746}.Release|Any CPU.Build.0 = Release|Any CPU
		{83A024A4-51C4-46A6-BB7F-D0C12BB0E746}.Release|x64.ActiveCfg = Release|Any CPU
		{83A024A4-51C4-46A6-BB7F-D0C12BB0E746}.Release|x64.Build.0 = Release|Any CPU
		{83A024A4-51C4-46A6-BB7F-D0C12BB0E746}.Release|x86.ActiveCfg = Release|Any CPU
		{83A024A4-51C4-46A6-BB7F-D0C12BB0E746}.Release|x86.Build.0 = Release|Any CPU
		{681D8BDE-DD3B-44A0-AC85-39C34AA9603A}.Debug|Any CPU.ActiveCfg = Debug|Any CPU
		{681D8BDE-DD3B-44A0-AC85-39C34AA9603A}.Debug|Any CPU.Build.0 = Debug|Any CPU
		{681D8BDE-DD3B-44A0-AC85-39C34AA9603A}.Debug|x64.ActiveCfg = Debug|Any CPU
		{681D8BDE-DD3B-44A0-AC85-39C34AA9603A}.Debug|x64.Build.0 = Debug|Any CPU
		{681D8BDE-DD3B-44A0-AC85-39C34AA9603A}.Debug|x86.ActiveCfg = Debug|Any CPU
		{681D8BDE-DD3B-44A0-AC85-39C34AA9603A}.Debug|x86.Build.0 = Debug|Any CPU
		{681D8BDE-DD3B-44A0-AC85-39C34AA9603A}.Release|Any CPU.ActiveCfg = Release|Any CPU
		{681D8BDE-DD3B-44A0-AC85-39C34AA9603A}.Release|Any CPU.Build.0 = Release|Any CPU
		{681D8BDE-DD3B-44A0-AC85-39C34AA9603A}.Release|x64.ActiveCfg = Release|Any CPU
		{681D8BDE-DD3B-44A0-AC85-39C34AA9603A}.Release|x64.Build.0 = Release|Any CPU
		{681D8BDE-DD3B-44A0-AC85-39C34AA9603A}.Release|x86.ActiveCfg = Release|Any CPU
		{681D8BDE-DD3B-44A0-AC85-39C34AA9603A}.Release|x86.Build.0 = Release|Any CPU
		{3ECC1C8E-5E34-431F-8472-C4DF9C1C5527}.Debug|Any CPU.ActiveCfg = Debug|Any CPU
		{3ECC1C8E-5E34-431F-8472-C4DF9C1C5527}.Debug|Any CPU.Build.0 = Debug|Any CPU
		{3ECC1C8E-5E34-431F-8472-C4DF9C1C5527}.Debug|x64.ActiveCfg = Debug|Any CPU
		{3ECC1C8E-5E34-431F-8472-C4DF9C1C5527}.Debug|x64.Build.0 = Debug|Any CPU
		{3ECC1C8E-5E34-431F-8472-C4DF9C1C5527}.Debug|x86.ActiveCfg = Debug|Any CPU
		{3ECC1C8E-5E34-431F-8472-C4DF9C1C5527}.Debug|x86.Build.0 = Debug|Any CPU
		{3ECC1C8E-5E34-431F-8472-C4DF9C1C5527}.Release|Any CPU.ActiveCfg = Release|Any CPU
		{3ECC1C8E-5E34-431F-8472-C4DF9C1C5527}.Release|Any CPU.Build.0 = Release|Any CPU
		{3ECC1C8E-5E34-431F-8472-C4DF9C1C5527}.Release|x64.ActiveCfg = Release|Any CPU
		{3ECC1C8E-5E34-431F-8472-C4DF9C1C5527}.Release|x64.Build.0 = Release|Any CPU
		{3ECC1C8E-5E34-431F-8472-C4DF9C1C5527}.Release|x86.ActiveCfg = Release|Any CPU
		{3ECC1C8E-5E34-431F-8472-C4DF9C1C5527}.Release|x86.Build.0 = Release|Any CPU
		{8D84E886-6341-470B-82A2-C2795512D548}.Debug|Any CPU.ActiveCfg = Debug|Any CPU
		{8D84E886-6341-470B-82A2-C2795512D548}.Debug|Any CPU.Build.0 = Debug|Any CPU
		{8D84E886-6341-470B-82A2-C2795512D548}.Debug|x64.ActiveCfg = Debug|Any CPU
		{8D84E886-6341-470B-82A2-C2795512D548}.Debug|x64.Build.0 = Debug|Any CPU
		{8D84E886-6341-470B-82A2-C2795512D548}.Debug|x86.ActiveCfg = Debug|Any CPU
		{8D84E886-6341-470B-82A2-C2795512D548}.Debug|x86.Build.0 = Debug|Any CPU
		{8D84E886-6341-470B-82A2-C2795512D548}.Release|Any CPU.ActiveCfg = Release|Any CPU
		{8D84E886-6341-470B-82A2-C2795512D548}.Release|Any CPU.Build.0 = Release|Any CPU
		{8D84E886-6341-470B-82A2-C2795512D548}.Release|x64.ActiveCfg = Release|Any CPU
		{8D84E886-6341-470B-82A2-C2795512D548}.Release|x64.Build.0 = Release|Any CPU
		{8D84E886-6341-470B-82A2-C2795512D548}.Release|x86.ActiveCfg = Release|Any CPU
		{8D84E886-6341-470B-82A2-C2795512D548}.Release|x86.Build.0 = Release|Any CPU
		{079C60D6-617F-48A3-86F1-9B046210D211}.Debug|Any CPU.ActiveCfg = Debug|Any CPU
		{079C60D6-617F-48A3-86F1-9B046210D211}.Debug|Any CPU.Build.0 = Debug|Any CPU
		{079C60D6-617F-48A3-86F1-9B046210D211}.Debug|x64.ActiveCfg = Debug|Any CPU
		{079C60D6-617F-48A3-86F1-9B046210D211}.Debug|x64.Build.0 = Debug|Any CPU
		{079C60D6-617F-48A3-86F1-9B046210D211}.Debug|x86.ActiveCfg = Debug|Any CPU
		{079C60D6-617F-48A3-86F1-9B046210D211}.Debug|x86.Build.0 = Debug|Any CPU
		{079C60D6-617F-48A3-86F1-9B046210D211}.Release|Any CPU.ActiveCfg = Release|Any CPU
		{079C60D6-617F-48A3-86F1-9B046210D211}.Release|Any CPU.Build.0 = Release|Any CPU
		{079C60D6-617F-48A3-86F1-9B046210D211}.Release|x64.ActiveCfg = Release|Any CPU
		{079C60D6-617F-48A3-86F1-9B046210D211}.Release|x64.Build.0 = Release|Any CPU
		{079C60D6-617F-48A3-86F1-9B046210D211}.Release|x86.ActiveCfg = Release|Any CPU
		{079C60D6-617F-48A3-86F1-9B046210D211}.Release|x86.Build.0 = Release|Any CPU
		{F8AE88F3-018C-4455-8EA4-658861DD555C}.Debug|Any CPU.ActiveCfg = Debug|Any CPU
		{F8AE88F3-018C-4455-8EA4-658861DD555C}.Debug|Any CPU.Build.0 = Debug|Any CPU
		{F8AE88F3-018C-4455-8EA4-658861DD555C}.Debug|x64.ActiveCfg = Debug|Any CPU
		{F8AE88F3-018C-4455-8EA4-658861DD555C}.Debug|x64.Build.0 = Debug|Any CPU
		{F8AE88F3-018C-4455-8EA4-658861DD555C}.Debug|x86.ActiveCfg = Debug|Any CPU
		{F8AE88F3-018C-4455-8EA4-658861DD555C}.Debug|x86.Build.0 = Debug|Any CPU
		{F8AE88F3-018C-4455-8EA4-658861DD555C}.Release|Any CPU.ActiveCfg = Release|Any CPU
		{F8AE88F3-018C-4455-8EA4-658861DD555C}.Release|Any CPU.Build.0 = Release|Any CPU
		{F8AE88F3-018C-4455-8EA4-658861DD555C}.Release|x64.ActiveCfg = Release|Any CPU
		{F8AE88F3-018C-4455-8EA4-658861DD555C}.Release|x64.Build.0 = Release|Any CPU
		{F8AE88F3-018C-4455-8EA4-658861DD555C}.Release|x86.ActiveCfg = Release|Any CPU
		{F8AE88F3-018C-4455-8EA4-658861DD555C}.Release|x86.Build.0 = Release|Any CPU
		{512804A8-E914-4E14-9892-DFAC6E2FB100}.Debug|Any CPU.ActiveCfg = Debug|Any CPU
		{512804A8-E914-4E14-9892-DFAC6E2FB100}.Debug|Any CPU.Build.0 = Debug|Any CPU
		{512804A8-E914-4E14-9892-DFAC6E2FB100}.Debug|x64.ActiveCfg = Debug|Any CPU
		{512804A8-E914-4E14-9892-DFAC6E2FB100}.Debug|x64.Build.0 = Debug|Any CPU
		{512804A8-E914-4E14-9892-DFAC6E2FB100}.Debug|x86.ActiveCfg = Debug|Any CPU
		{512804A8-E914-4E14-9892-DFAC6E2FB100}.Debug|x86.Build.0 = Debug|Any CPU
		{512804A8-E914-4E14-9892-DFAC6E2FB100}.Release|Any CPU.ActiveCfg = Release|Any CPU
		{512804A8-E914-4E14-9892-DFAC6E2FB100}.Release|Any CPU.Build.0 = Release|Any CPU
		{512804A8-E914-4E14-9892-DFAC6E2FB100}.Release|x64.ActiveCfg = Release|Any CPU
		{512804A8-E914-4E14-9892-DFAC6E2FB100}.Release|x64.Build.0 = Release|Any CPU
		{512804A8-E914-4E14-9892-DFAC6E2FB100}.Release|x86.ActiveCfg = Release|Any CPU
		{512804A8-E914-4E14-9892-DFAC6E2FB100}.Release|x86.Build.0 = Release|Any CPU
		{C94924F1-649D-4513-B1B7-DD28078E4055}.Debug|Any CPU.ActiveCfg = Debug|Any CPU
		{C94924F1-649D-4513-B1B7-DD28078E4055}.Debug|Any CPU.Build.0 = Debug|Any CPU
		{C94924F1-649D-4513-B1B7-DD28078E4055}.Debug|x64.ActiveCfg = Debug|Any CPU
		{C94924F1-649D-4513-B1B7-DD28078E4055}.Debug|x64.Build.0 = Debug|Any CPU
		{C94924F1-649D-4513-B1B7-DD28078E4055}.Debug|x86.ActiveCfg = Debug|Any CPU
		{C94924F1-649D-4513-B1B7-DD28078E4055}.Debug|x86.Build.0 = Debug|Any CPU
		{C94924F1-649D-4513-B1B7-DD28078E4055}.Release|Any CPU.ActiveCfg = Release|Any CPU
		{C94924F1-649D-4513-B1B7-DD28078E4055}.Release|Any CPU.Build.0 = Release|Any CPU
		{C94924F1-649D-4513-B1B7-DD28078E4055}.Release|x64.ActiveCfg = Release|Any CPU
		{C94924F1-649D-4513-B1B7-DD28078E4055}.Release|x64.Build.0 = Release|Any CPU
		{C94924F1-649D-4513-B1B7-DD28078E4055}.Release|x86.ActiveCfg = Release|Any CPU
		{C94924F1-649D-4513-B1B7-DD28078E4055}.Release|x86.Build.0 = Release|Any CPU
		{F8E0E878-6C46-4FFE-9987-A618D53093FF}.Debug|Any CPU.ActiveCfg = Debug|Any CPU
		{F8E0E878-6C46-4FFE-9987-A618D53093FF}.Debug|Any CPU.Build.0 = Debug|Any CPU
		{F8E0E878-6C46-4FFE-9987-A618D53093FF}.Debug|x64.ActiveCfg = Debug|Any CPU
		{F8E0E878-6C46-4FFE-9987-A618D53093FF}.Debug|x64.Build.0 = Debug|Any CPU
		{F8E0E878-6C46-4FFE-9987-A618D53093FF}.Debug|x86.ActiveCfg = Debug|Any CPU
		{F8E0E878-6C46-4FFE-9987-A618D53093FF}.Debug|x86.Build.0 = Debug|Any CPU
		{F8E0E878-6C46-4FFE-9987-A618D53093FF}.Release|Any CPU.ActiveCfg = Release|Any CPU
		{F8E0E878-6C46-4FFE-9987-A618D53093FF}.Release|Any CPU.Build.0 = Release|Any CPU
		{F8E0E878-6C46-4FFE-9987-A618D53093FF}.Release|x64.ActiveCfg = Release|Any CPU
		{F8E0E878-6C46-4FFE-9987-A618D53093FF}.Release|x64.Build.0 = Release|Any CPU
		{F8E0E878-6C46-4FFE-9987-A618D53093FF}.Release|x86.ActiveCfg = Release|Any CPU
		{F8E0E878-6C46-4FFE-9987-A618D53093FF}.Release|x86.Build.0 = Release|Any CPU
		{53289528-8906-4A49-94AD-6B7EE70677E7}.Debug|Any CPU.ActiveCfg = Debug|Any CPU
		{53289528-8906-4A49-94AD-6B7EE70677E7}.Debug|Any CPU.Build.0 = Debug|Any CPU
		{53289528-8906-4A49-94AD-6B7EE70677E7}.Debug|x64.ActiveCfg = Debug|Any CPU
		{53289528-8906-4A49-94AD-6B7EE70677E7}.Debug|x64.Build.0 = Debug|Any CPU
		{53289528-8906-4A49-94AD-6B7EE70677E7}.Debug|x86.ActiveCfg = Debug|Any CPU
		{53289528-8906-4A49-94AD-6B7EE70677E7}.Debug|x86.Build.0 = Debug|Any CPU
		{53289528-8906-4A49-94AD-6B7EE70677E7}.Release|Any CPU.ActiveCfg = Release|Any CPU
		{53289528-8906-4A49-94AD-6B7EE70677E7}.Release|Any CPU.Build.0 = Release|Any CPU
		{53289528-8906-4A49-94AD-6B7EE70677E7}.Release|x64.ActiveCfg = Release|Any CPU
		{53289528-8906-4A49-94AD-6B7EE70677E7}.Release|x64.Build.0 = Release|Any CPU
		{53289528-8906-4A49-94AD-6B7EE70677E7}.Release|x86.ActiveCfg = Release|Any CPU
		{53289528-8906-4A49-94AD-6B7EE70677E7}.Release|x86.Build.0 = Release|Any CPU
		{86CA8965-0A67-4264-BDDE-4F7CB29CC942}.Debug|Any CPU.ActiveCfg = Debug|Any CPU
		{86CA8965-0A67-4264-BDDE-4F7CB29CC942}.Debug|Any CPU.Build.0 = Debug|Any CPU
		{86CA8965-0A67-4264-BDDE-4F7CB29CC942}.Debug|x64.ActiveCfg = Debug|Any CPU
		{86CA8965-0A67-4264-BDDE-4F7CB29CC942}.Debug|x64.Build.0 = Debug|Any CPU
		{86CA8965-0A67-4264-BDDE-4F7CB29CC942}.Debug|x86.ActiveCfg = Debug|Any CPU
		{86CA8965-0A67-4264-BDDE-4F7CB29CC942}.Debug|x86.Build.0 = Debug|Any CPU
		{86CA8965-0A67-4264-BDDE-4F7CB29CC942}.Release|Any CPU.ActiveCfg = Release|Any CPU
		{86CA8965-0A67-4264-BDDE-4F7CB29CC942}.Release|Any CPU.Build.0 = Release|Any CPU
		{86CA8965-0A67-4264-BDDE-4F7CB29CC942}.Release|x64.ActiveCfg = Release|Any CPU
		{86CA8965-0A67-4264-BDDE-4F7CB29CC942}.Release|x64.Build.0 = Release|Any CPU
		{86CA8965-0A67-4264-BDDE-4F7CB29CC942}.Release|x86.ActiveCfg = Release|Any CPU
		{86CA8965-0A67-4264-BDDE-4F7CB29CC942}.Release|x86.Build.0 = Release|Any CPU
		{9DE4620A-2D19-4307-993D-B01AA7DAC5D2}.Debug|Any CPU.ActiveCfg = Debug|Any CPU
		{9DE4620A-2D19-4307-993D-B01AA7DAC5D2}.Debug|Any CPU.Build.0 = Debug|Any CPU
		{9DE4620A-2D19-4307-993D-B01AA7DAC5D2}.Debug|x64.ActiveCfg = Debug|Any CPU
		{9DE4620A-2D19-4307-993D-B01AA7DAC5D2}.Debug|x64.Build.0 = Debug|Any CPU
		{9DE4620A-2D19-4307-993D-B01AA7DAC5D2}.Debug|x86.ActiveCfg = Debug|Any CPU
		{9DE4620A-2D19-4307-993D-B01AA7DAC5D2}.Debug|x86.Build.0 = Debug|Any CPU
		{9DE4620A-2D19-4307-993D-B01AA7DAC5D2}.Release|Any CPU.ActiveCfg = Release|Any CPU
		{9DE4620A-2D19-4307-993D-B01AA7DAC5D2}.Release|Any CPU.Build.0 = Release|Any CPU
		{9DE4620A-2D19-4307-993D-B01AA7DAC5D2}.Release|x64.ActiveCfg = Release|Any CPU
		{9DE4620A-2D19-4307-993D-B01AA7DAC5D2}.Release|x64.Build.0 = Release|Any CPU
		{9DE4620A-2D19-4307-993D-B01AA7DAC5D2}.Release|x86.ActiveCfg = Release|Any CPU
		{9DE4620A-2D19-4307-993D-B01AA7DAC5D2}.Release|x86.Build.0 = Release|Any CPU
		{0F67774E-C4F5-470C-9A0A-8EED436B511C}.Debug|Any CPU.ActiveCfg = Debug|Any CPU
		{0F67774E-C4F5-470C-9A0A-8EED436B511C}.Debug|Any CPU.Build.0 = Debug|Any CPU
		{0F67774E-C4F5-470C-9A0A-8EED436B511C}.Debug|x64.ActiveCfg = Debug|Any CPU
		{0F67774E-C4F5-470C-9A0A-8EED436B511C}.Debug|x64.Build.0 = Debug|Any CPU
		{0F67774E-C4F5-470C-9A0A-8EED436B511C}.Debug|x86.ActiveCfg = Debug|Any CPU
		{0F67774E-C4F5-470C-9A0A-8EED436B511C}.Debug|x86.Build.0 = Debug|Any CPU
		{0F67774E-C4F5-470C-9A0A-8EED436B511C}.Release|Any CPU.ActiveCfg = Release|Any CPU
		{0F67774E-C4F5-470C-9A0A-8EED436B511C}.Release|Any CPU.Build.0 = Release|Any CPU
		{0F67774E-C4F5-470C-9A0A-8EED436B511C}.Release|x64.ActiveCfg = Release|Any CPU
		{0F67774E-C4F5-470C-9A0A-8EED436B511C}.Release|x64.Build.0 = Release|Any CPU
		{0F67774E-C4F5-470C-9A0A-8EED436B511C}.Release|x86.ActiveCfg = Release|Any CPU
		{0F67774E-C4F5-470C-9A0A-8EED436B511C}.Release|x86.Build.0 = Release|Any CPU
		{045356AC-6410-4A1E-A2D1-34BA3447F5A8}.Debug|Any CPU.ActiveCfg = Debug|Any CPU
		{045356AC-6410-4A1E-A2D1-34BA3447F5A8}.Debug|Any CPU.Build.0 = Debug|Any CPU
		{045356AC-6410-4A1E-A2D1-34BA3447F5A8}.Debug|x64.ActiveCfg = Debug|Any CPU
		{045356AC-6410-4A1E-A2D1-34BA3447F5A8}.Debug|x64.Build.0 = Debug|Any CPU
		{045356AC-6410-4A1E-A2D1-34BA3447F5A8}.Debug|x86.ActiveCfg = Debug|Any CPU
		{045356AC-6410-4A1E-A2D1-34BA3447F5A8}.Debug|x86.Build.0 = Debug|Any CPU
		{045356AC-6410-4A1E-A2D1-34BA3447F5A8}.Release|Any CPU.ActiveCfg = Release|Any CPU
		{045356AC-6410-4A1E-A2D1-34BA3447F5A8}.Release|Any CPU.Build.0 = Release|Any CPU
		{045356AC-6410-4A1E-A2D1-34BA3447F5A8}.Release|x64.ActiveCfg = Release|Any CPU
		{045356AC-6410-4A1E-A2D1-34BA3447F5A8}.Release|x64.Build.0 = Release|Any CPU
		{045356AC-6410-4A1E-A2D1-34BA3447F5A8}.Release|x86.ActiveCfg = Release|Any CPU
		{045356AC-6410-4A1E-A2D1-34BA3447F5A8}.Release|x86.Build.0 = Release|Any CPU
		{F4A8CF9A-87C6-44D1-B927-D2D61368D478}.Debug|Any CPU.ActiveCfg = Debug|Any CPU
		{F4A8CF9A-87C6-44D1-B927-D2D61368D478}.Debug|Any CPU.Build.0 = Debug|Any CPU
		{F4A8CF9A-87C6-44D1-B927-D2D61368D478}.Debug|x64.ActiveCfg = Debug|Any CPU
		{F4A8CF9A-87C6-44D1-B927-D2D61368D478}.Debug|x64.Build.0 = Debug|Any CPU
		{F4A8CF9A-87C6-44D1-B927-D2D61368D478}.Debug|x86.ActiveCfg = Debug|Any CPU
		{F4A8CF9A-87C6-44D1-B927-D2D61368D478}.Debug|x86.Build.0 = Debug|Any CPU
		{F4A8CF9A-87C6-44D1-B927-D2D61368D478}.Release|Any CPU.ActiveCfg = Release|Any CPU
		{F4A8CF9A-87C6-44D1-B927-D2D61368D478}.Release|Any CPU.Build.0 = Release|Any CPU
		{F4A8CF9A-87C6-44D1-B927-D2D61368D478}.Release|x64.ActiveCfg = Release|Any CPU
		{F4A8CF9A-87C6-44D1-B927-D2D61368D478}.Release|x64.Build.0 = Release|Any CPU
		{F4A8CF9A-87C6-44D1-B927-D2D61368D478}.Release|x86.ActiveCfg = Release|Any CPU
		{F4A8CF9A-87C6-44D1-B927-D2D61368D478}.Release|x86.Build.0 = Release|Any CPU
		{7E61CAA8-A543-4062-83C2-8DC38243B8F1}.Debug|Any CPU.ActiveCfg = Debug|Any CPU
		{7E61CAA8-A543-4062-83C2-8DC38243B8F1}.Debug|Any CPU.Build.0 = Debug|Any CPU
		{7E61CAA8-A543-4062-83C2-8DC38243B8F1}.Debug|x64.ActiveCfg = Debug|Any CPU
		{7E61CAA8-A543-4062-83C2-8DC38243B8F1}.Debug|x64.Build.0 = Debug|Any CPU
		{7E61CAA8-A543-4062-83C2-8DC38243B8F1}.Debug|x86.ActiveCfg = Debug|Any CPU
		{7E61CAA8-A543-4062-83C2-8DC38243B8F1}.Debug|x86.Build.0 = Debug|Any CPU
		{7E61CAA8-A543-4062-83C2-8DC38243B8F1}.Release|Any CPU.ActiveCfg = Release|Any CPU
		{7E61CAA8-A543-4062-83C2-8DC38243B8F1}.Release|Any CPU.Build.0 = Release|Any CPU
		{7E61CAA8-A543-4062-83C2-8DC38243B8F1}.Release|x64.ActiveCfg = Release|Any CPU
		{7E61CAA8-A543-4062-83C2-8DC38243B8F1}.Release|x64.Build.0 = Release|Any CPU
		{7E61CAA8-A543-4062-83C2-8DC38243B8F1}.Release|x86.ActiveCfg = Release|Any CPU
		{7E61CAA8-A543-4062-83C2-8DC38243B8F1}.Release|x86.Build.0 = Release|Any CPU
		{D0F03BF1-2B6F-4255-A199-4D1C0D0F870C}.Debug|Any CPU.ActiveCfg = Debug|Any CPU
		{D0F03BF1-2B6F-4255-A199-4D1C0D0F870C}.Debug|Any CPU.Build.0 = Debug|Any CPU
		{D0F03BF1-2B6F-4255-A199-4D1C0D0F870C}.Debug|x64.ActiveCfg = Debug|Any CPU
		{D0F03BF1-2B6F-4255-A199-4D1C0D0F870C}.Debug|x64.Build.0 = Debug|Any CPU
		{D0F03BF1-2B6F-4255-A199-4D1C0D0F870C}.Debug|x86.ActiveCfg = Debug|Any CPU
		{D0F03BF1-2B6F-4255-A199-4D1C0D0F870C}.Debug|x86.Build.0 = Debug|Any CPU
		{D0F03BF1-2B6F-4255-A199-4D1C0D0F870C}.Release|Any CPU.ActiveCfg = Release|Any CPU
		{D0F03BF1-2B6F-4255-A199-4D1C0D0F870C}.Release|Any CPU.Build.0 = Release|Any CPU
		{D0F03BF1-2B6F-4255-A199-4D1C0D0F870C}.Release|x64.ActiveCfg = Release|Any CPU
		{D0F03BF1-2B6F-4255-A199-4D1C0D0F870C}.Release|x64.Build.0 = Release|Any CPU
		{D0F03BF1-2B6F-4255-A199-4D1C0D0F870C}.Release|x86.ActiveCfg = Release|Any CPU
		{D0F03BF1-2B6F-4255-A199-4D1C0D0F870C}.Release|x86.Build.0 = Release|Any CPU
		{E5EED3C2-F1B4-4A84-8D8E-53F07816C376}.Debug|Any CPU.ActiveCfg = Debug|Any CPU
		{E5EED3C2-F1B4-4A84-8D8E-53F07816C376}.Debug|Any CPU.Build.0 = Debug|Any CPU
		{E5EED3C2-F1B4-4A84-8D8E-53F07816C376}.Debug|x64.ActiveCfg = Debug|Any CPU
		{E5EED3C2-F1B4-4A84-8D8E-53F07816C376}.Debug|x64.Build.0 = Debug|Any CPU
		{E5EED3C2-F1B4-4A84-8D8E-53F07816C376}.Debug|x86.ActiveCfg = Debug|Any CPU
		{E5EED3C2-F1B4-4A84-8D8E-53F07816C376}.Debug|x86.Build.0 = Debug|Any CPU
		{E5EED3C2-F1B4-4A84-8D8E-53F07816C376}.Release|Any CPU.ActiveCfg = Release|Any CPU
		{E5EED3C2-F1B4-4A84-8D8E-53F07816C376}.Release|Any CPU.Build.0 = Release|Any CPU
		{E5EED3C2-F1B4-4A84-8D8E-53F07816C376}.Release|x64.ActiveCfg = Release|Any CPU
		{E5EED3C2-F1B4-4A84-8D8E-53F07816C376}.Release|x64.Build.0 = Release|Any CPU
		{E5EED3C2-F1B4-4A84-8D8E-53F07816C376}.Release|x86.ActiveCfg = Release|Any CPU
		{E5EED3C2-F1B4-4A84-8D8E-53F07816C376}.Release|x86.Build.0 = Release|Any CPU
	EndGlobalSection
	GlobalSection(SolutionProperties) = preSolution
		HideSolutionNode = FALSE
	EndGlobalSection
	GlobalSection(ExtensibilityGlobals) = postSolution
		SolutionGuid = {30560A5B-A792-4E1D-8EFC-078D603D226D}
	EndGlobalSection
EndGlobal
