
Microsoft Visual Studio Solution File, Format Version 12.00
# Visual Studio Version 17
VisualStudioVersion = 17.1.32407.343
MinimumVisualStudioVersion = 10.0.40219.1
Project("{9A19103F-16F7-4668-BE54-9A1E7A4F7556}") = "01-HelloWorld", "01-HelloWorld\01-HelloWorld.csproj", "{D2DCB9A6-CCB4-4E48-991F-CD1FCD29C487}"
EndProject
Project("{9A19103F-16F7-4668-BE54-9A1E7A4F7556}") = "02-DataTypes", "02-DataTypes\02-DataTypes.csproj", "{FB1F1131-46C3-45E9-8324-072696BBDE8B}"
EndProject
Project("{9A19103F-16F7-4668-BE54-9A1E7A4F7556}") = "03-Operators", "03-Operators\03-Operators.csproj", "{EC76BB9B-0ED8-438A-9C2C-427762F81424}"
EndProject
Project("{9A19103F-16F7-4668-BE54-9A1E7A4F7556}") = "04-ConsoleInput", "04-ConsoleInput\04-ConsoleInput.csproj", "{02A624AA-82D0-4F0F-B47E-E6FE2FA5BBFA}"
EndProject
Project("{9A19103F-16F7-4668-BE54-9A1E7A4F7556}") = "05-Methods", "05-Methods\05-Methods.csproj", "{0DA78BCA-90E8-4CA7-9D9B-D62F7A78676A}"
EndProject
Project("{9A19103F-16F7-4668-BE54-9A1E7A4F7556}") = "06-Loops", "06-Loops\06-Loops.csproj", "{7B577E2C-445B-40D1-952D-1E5734D6F482}"
EndProject
Project("{9A19103F-16F7-4668-BE54-9A1E7A4F7556}") = "03-ArithmeticOperators", "03-ArithmeticOperators\03-ArithmeticOperators.csproj", "{A45026D1-220D-46B2-8242-36BDA117760D}"
EndProject
Project("{9A19103F-16F7-4668-BE54-9A1E7A4F7556}") = "03-AssignmentOperators", "03-AssignmentOperators\03-AssignmentOperators.csproj", "{73F57E08-1BA5-4362-88CA-4CCF28357AA5}"
EndProject
Project("{9A19103F-16F7-4668-BE54-9A1E7A4F7556}") = "06-InputLoop1", "06-InputLoop1\06-InputLoop1.csproj", "{30F29566-92C6-474E-A2AE-5DDA486B7B1A}"
EndProject
Project("{9A19103F-16F7-4668-BE54-9A1E7A4F7556}") = "06-InputLoop2", "06-InputLoop2\06-InputLoop2.csproj", "{50FD5F87-01A1-41F4-865B-9EDD7718577A}"
EndProject
Project("{9A19103F-16F7-4668-BE54-9A1E7A4F7556}") = "03-ComparisonOperators", "03-ComparisonOperators\03-ComparisonOperators.csproj", "{6D150CF9-A30C-49EA-A835-0F34E31BEAF8}"
EndProject
Project("{9A19103F-16F7-4668-BE54-9A1E7A4F7556}") = "03-LogicalOperators", "03-LogicalOperators\03-LogicalOperators.csproj", "{35C0E5E7-2093-4DE8-A7BC-6F77907E251A}"
EndProject
Project("{9A19103F-16F7-4668-BE54-9A1E7A4F7556}") = "06-ForLoops", "06-ForLoops\06-ForLoops.csproj", "{9F752748-584B-4BB9-B586-34ED3FD3E62D}"
EndProject
Project("{9A19103F-16F7-4668-BE54-9A1E7A4F7556}") = "04-SelectionStatements3", "04-SelectionStatements3\04-SelectionStatements3.csproj", "{F2FB4572-1097-44F3-AA43-5D619BB2F7DA}"
EndProject
Project("{9A19103F-16F7-4668-BE54-9A1E7A4F7556}") = "04-SelectionStatements4", "04-SelectionStatements4\04-SelectionStatements4.csproj", "{45738A49-CCBE-475C-BA71-0945F05D4A06}"
EndProject
Project("{9A19103F-16F7-4668-BE54-9A1E7A4F7556}") = "04-SelectionStatements1", "04-SelectionStatements1\04-SelectionStatements1.csproj", "{45AAE2B5-08D3-4A79-BA93-B84CF3160809}"
EndProject
Project("{9A19103F-16F7-4668-BE54-9A1E7A4F7556}") = "04-SelectionStatements2", "04-SelectionStatements2\04-SelectionStatements2.csproj", "{43AFCFBD-D4BD-4583-B96A-8EFDCBD5B212}"
EndProject
Project("{9A19103F-16F7-4668-BE54-9A1E7A4F7556}") = "07-Arrays", "07-Arrays\07-Arrays.csproj", "{742FC40B-2A19-4C49-A5D6-C98D03577774}"
EndProject
Project("{9A19103F-16F7-4668-BE54-9A1E7A4F7556}") = "08-ArrayAlgorithms", "08-ArrayAlgorithms\08-ArrayAlgorithms.csproj", "{56452325-4031-4A86-B31F-7772361FEA37}"
EndProject
Project("{9A19103F-16F7-4668-BE54-9A1E7A4F7556}") = "00-Template", "00-Template\00-Template.csproj", "{3230BF31-9338-4A65-B428-9905F43D93D6}"
EndProject
Project("{9A19103F-16F7-4668-BE54-9A1E7A4F7556}") = "06-SimpleMenu", "06-SimpleMenu\06-SimpleMenu.csproj", "{4DA8D4F0-C4A5-4A89-ACB4-D93B9F8C6237}"
EndProject
Project("{9A19103F-16F7-4668-BE54-9A1E7A4F7556}") = "Testing", "Testing\Testing.csproj", "{85A062B7-68A6-4E26-ABDF-F813AB3B8FF4}"
EndProject
Project("{9A19103F-16F7-4668-BE54-9A1E7A4F7556}") = "09-RandomNumbers", "09-RandomNumbers\09-RandomNumbers.csproj", "{73A8B0BF-1444-4D1A-BC0F-6A692AB3EB76}"
EndProject
Project("{FAE04EC0-301F-11D3-BF4B-00C04F79EFBC}") = "10-MultidimensionalArrays", "10-MultidimensionalArrays\10-MultidimensionalArrays.csproj", "{C64D8898-E1F8-4232-8F73-A3544D5703FA}"
EndProject
Global
	GlobalSection(SolutionConfigurationPlatforms) = preSolution
		Debug|Any CPU = Debug|Any CPU
		Release|Any CPU = Release|Any CPU
	EndGlobalSection
	GlobalSection(ProjectConfigurationPlatforms) = postSolution
		{D2DCB9A6-CCB4-4E48-991F-CD1FCD29C487}.Debug|Any CPU.ActiveCfg = Debug|Any CPU
		{D2DCB9A6-CCB4-4E48-991F-CD1FCD29C487}.Debug|Any CPU.Build.0 = Debug|Any CPU
		{D2DCB9A6-CCB4-4E48-991F-CD1FCD29C487}.Release|Any CPU.ActiveCfg = Release|Any CPU
		{D2DCB9A6-CCB4-4E48-991F-CD1FCD29C487}.Release|Any CPU.Build.0 = Release|Any CPU
		{FB1F1131-46C3-45E9-8324-072696BBDE8B}.Debug|Any CPU.ActiveCfg = Debug|Any CPU
		{FB1F1131-46C3-45E9-8324-072696BBDE8B}.Debug|Any CPU.Build.0 = Debug|Any CPU
		{FB1F1131-46C3-45E9-8324-072696BBDE8B}.Release|Any CPU.ActiveCfg = Release|Any CPU
		{FB1F1131-46C3-45E9-8324-072696BBDE8B}.Release|Any CPU.Build.0 = Release|Any CPU
		{EC76BB9B-0ED8-438A-9C2C-427762F81424}.Debug|Any CPU.ActiveCfg = Debug|Any CPU
		{EC76BB9B-0ED8-438A-9C2C-427762F81424}.Debug|Any CPU.Build.0 = Debug|Any CPU
		{EC76BB9B-0ED8-438A-9C2C-427762F81424}.Release|Any CPU.ActiveCfg = Release|Any CPU
		{EC76BB9B-0ED8-438A-9C2C-427762F81424}.Release|Any CPU.Build.0 = Release|Any CPU
		{02A624AA-82D0-4F0F-B47E-E6FE2FA5BBFA}.Debug|Any CPU.ActiveCfg = Debug|Any CPU
		{02A624AA-82D0-4F0F-B47E-E6FE2FA5BBFA}.Debug|Any CPU.Build.0 = Debug|Any CPU
		{02A624AA-82D0-4F0F-B47E-E6FE2FA5BBFA}.Release|Any CPU.ActiveCfg = Release|Any CPU
		{02A624AA-82D0-4F0F-B47E-E6FE2FA5BBFA}.Release|Any CPU.Build.0 = Release|Any CPU
		{0DA78BCA-90E8-4CA7-9D9B-D62F7A78676A}.Debug|Any CPU.ActiveCfg = Debug|Any CPU
		{0DA78BCA-90E8-4CA7-9D9B-D62F7A78676A}.Debug|Any CPU.Build.0 = Debug|Any CPU
		{0DA78BCA-90E8-4CA7-9D9B-D62F7A78676A}.Release|Any CPU.ActiveCfg = Release|Any CPU
		{0DA78BCA-90E8-4CA7-9D9B-D62F7A78676A}.Release|Any CPU.Build.0 = Release|Any CPU
		{7B577E2C-445B-40D1-952D-1E5734D6F482}.Debug|Any CPU.ActiveCfg = Debug|Any CPU
		{7B577E2C-445B-40D1-952D-1E5734D6F482}.Debug|Any CPU.Build.0 = Debug|Any CPU
		{7B577E2C-445B-40D1-952D-1E5734D6F482}.Release|Any CPU.ActiveCfg = Release|Any CPU
		{7B577E2C-445B-40D1-952D-1E5734D6F482}.Release|Any CPU.Build.0 = Release|Any CPU
		{A45026D1-220D-46B2-8242-36BDA117760D}.Debug|Any CPU.ActiveCfg = Debug|Any CPU
		{A45026D1-220D-46B2-8242-36BDA117760D}.Debug|Any CPU.Build.0 = Debug|Any CPU
		{A45026D1-220D-46B2-8242-36BDA117760D}.Release|Any CPU.ActiveCfg = Release|Any CPU
		{A45026D1-220D-46B2-8242-36BDA117760D}.Release|Any CPU.Build.0 = Release|Any CPU
		{73F57E08-1BA5-4362-88CA-4CCF28357AA5}.Debug|Any CPU.ActiveCfg = Debug|Any CPU
		{73F57E08-1BA5-4362-88CA-4CCF28357AA5}.Debug|Any CPU.Build.0 = Debug|Any CPU
		{73F57E08-1BA5-4362-88CA-4CCF28357AA5}.Release|Any CPU.ActiveCfg = Release|Any CPU
		{73F57E08-1BA5-4362-88CA-4CCF28357AA5}.Release|Any CPU.Build.0 = Release|Any CPU
		{30F29566-92C6-474E-A2AE-5DDA486B7B1A}.Debug|Any CPU.ActiveCfg = Debug|Any CPU
		{30F29566-92C6-474E-A2AE-5DDA486B7B1A}.Debug|Any CPU.Build.0 = Debug|Any CPU
		{30F29566-92C6-474E-A2AE-5DDA486B7B1A}.Release|Any CPU.ActiveCfg = Release|Any CPU
		{30F29566-92C6-474E-A2AE-5DDA486B7B1A}.Release|Any CPU.Build.0 = Release|Any CPU
		{50FD5F87-01A1-41F4-865B-9EDD7718577A}.Debug|Any CPU.ActiveCfg = Debug|Any CPU
		{50FD5F87-01A1-41F4-865B-9EDD7718577A}.Debug|Any CPU.Build.0 = Debug|Any CPU
		{50FD5F87-01A1-41F4-865B-9EDD7718577A}.Release|Any CPU.ActiveCfg = Release|Any CPU
		{50FD5F87-01A1-41F4-865B-9EDD7718577A}.Release|Any CPU.Build.0 = Release|Any CPU
		{6D150CF9-A30C-49EA-A835-0F34E31BEAF8}.Debug|Any CPU.ActiveCfg = Debug|Any CPU
		{6D150CF9-A30C-49EA-A835-0F34E31BEAF8}.Debug|Any CPU.Build.0 = Debug|Any CPU
		{6D150CF9-A30C-49EA-A835-0F34E31BEAF8}.Release|Any CPU.ActiveCfg = Release|Any CPU
		{6D150CF9-A30C-49EA-A835-0F34E31BEAF8}.Release|Any CPU.Build.0 = Release|Any CPU
		{35C0E5E7-2093-4DE8-A7BC-6F77907E251A}.Debug|Any CPU.ActiveCfg = Debug|Any CPU
		{35C0E5E7-2093-4DE8-A7BC-6F77907E251A}.Debug|Any CPU.Build.0 = Debug|Any CPU
		{35C0E5E7-2093-4DE8-A7BC-6F77907E251A}.Release|Any CPU.ActiveCfg = Release|Any CPU
		{35C0E5E7-2093-4DE8-A7BC-6F77907E251A}.Release|Any CPU.Build.0 = Release|Any CPU
		{9F752748-584B-4BB9-B586-34ED3FD3E62D}.Debug|Any CPU.ActiveCfg = Debug|Any CPU
		{9F752748-584B-4BB9-B586-34ED3FD3E62D}.Debug|Any CPU.Build.0 = Debug|Any CPU
		{9F752748-584B-4BB9-B586-34ED3FD3E62D}.Release|Any CPU.ActiveCfg = Release|Any CPU
		{9F752748-584B-4BB9-B586-34ED3FD3E62D}.Release|Any CPU.Build.0 = Release|Any CPU
		{F2FB4572-1097-44F3-AA43-5D619BB2F7DA}.Debug|Any CPU.ActiveCfg = Debug|Any CPU
		{F2FB4572-1097-44F3-AA43-5D619BB2F7DA}.Debug|Any CPU.Build.0 = Debug|Any CPU
		{F2FB4572-1097-44F3-AA43-5D619BB2F7DA}.Release|Any CPU.ActiveCfg = Release|Any CPU
		{F2FB4572-1097-44F3-AA43-5D619BB2F7DA}.Release|Any CPU.Build.0 = Release|Any CPU
		{45738A49-CCBE-475C-BA71-0945F05D4A06}.Debug|Any CPU.ActiveCfg = Debug|Any CPU
		{45738A49-CCBE-475C-BA71-0945F05D4A06}.Debug|Any CPU.Build.0 = Debug|Any CPU
		{45738A49-CCBE-475C-BA71-0945F05D4A06}.Release|Any CPU.ActiveCfg = Release|Any CPU
		{45738A49-CCBE-475C-BA71-0945F05D4A06}.Release|Any CPU.Build.0 = Release|Any CPU
		{45AAE2B5-08D3-4A79-BA93-B84CF3160809}.Debug|Any CPU.ActiveCfg = Debug|Any CPU
		{45AAE2B5-08D3-4A79-BA93-B84CF3160809}.Debug|Any CPU.Build.0 = Debug|Any CPU
		{45AAE2B5-08D3-4A79-BA93-B84CF3160809}.Release|Any CPU.ActiveCfg = Release|Any CPU
		{45AAE2B5-08D3-4A79-BA93-B84CF3160809}.Release|Any CPU.Build.0 = Release|Any CPU
		{43AFCFBD-D4BD-4583-B96A-8EFDCBD5B212}.Debug|Any CPU.ActiveCfg = Debug|Any CPU
		{43AFCFBD-D4BD-4583-B96A-8EFDCBD5B212}.Debug|Any CPU.Build.0 = Debug|Any CPU
		{43AFCFBD-D4BD-4583-B96A-8EFDCBD5B212}.Release|Any CPU.ActiveCfg = Release|Any CPU
		{43AFCFBD-D4BD-4583-B96A-8EFDCBD5B212}.Release|Any CPU.Build.0 = Release|Any CPU
		{742FC40B-2A19-4C49-A5D6-C98D03577774}.Debug|Any CPU.ActiveCfg = Debug|Any CPU
		{742FC40B-2A19-4C49-A5D6-C98D03577774}.Debug|Any CPU.Build.0 = Debug|Any CPU
		{742FC40B-2A19-4C49-A5D6-C98D03577774}.Release|Any CPU.ActiveCfg = Release|Any CPU
		{742FC40B-2A19-4C49-A5D6-C98D03577774}.Release|Any CPU.Build.0 = Release|Any CPU
		{56452325-4031-4A86-B31F-7772361FEA37}.Debug|Any CPU.ActiveCfg = Debug|Any CPU
		{56452325-4031-4A86-B31F-7772361FEA37}.Debug|Any CPU.Build.0 = Debug|Any CPU
		{56452325-4031-4A86-B31F-7772361FEA37}.Release|Any CPU.ActiveCfg = Release|Any CPU
		{56452325-4031-4A86-B31F-7772361FEA37}.Release|Any CPU.Build.0 = Release|Any CPU
		{3230BF31-9338-4A65-B428-9905F43D93D6}.Debug|Any CPU.ActiveCfg = Debug|Any CPU
		{3230BF31-9338-4A65-B428-9905F43D93D6}.Debug|Any CPU.Build.0 = Debug|Any CPU
		{3230BF31-9338-4A65-B428-9905F43D93D6}.Release|Any CPU.ActiveCfg = Release|Any CPU
		{3230BF31-9338-4A65-B428-9905F43D93D6}.Release|Any CPU.Build.0 = Release|Any CPU
		{4DA8D4F0-C4A5-4A89-ACB4-D93B9F8C6237}.Debug|Any CPU.ActiveCfg = Debug|Any CPU
		{4DA8D4F0-C4A5-4A89-ACB4-D93B9F8C6237}.Debug|Any CPU.Build.0 = Debug|Any CPU
		{4DA8D4F0-C4A5-4A89-ACB4-D93B9F8C6237}.Release|Any CPU.ActiveCfg = Release|Any CPU
		{4DA8D4F0-C4A5-4A89-ACB4-D93B9F8C6237}.Release|Any CPU.Build.0 = Release|Any CPU
		{85A062B7-68A6-4E26-ABDF-F813AB3B8FF4}.Debug|Any CPU.ActiveCfg = Debug|Any CPU
		{85A062B7-68A6-4E26-ABDF-F813AB3B8FF4}.Debug|Any CPU.Build.0 = Debug|Any CPU
		{85A062B7-68A6-4E26-ABDF-F813AB3B8FF4}.Release|Any CPU.ActiveCfg = Release|Any CPU
		{85A062B7-68A6-4E26-ABDF-F813AB3B8FF4}.Release|Any CPU.Build.0 = Release|Any CPU
		{73A8B0BF-1444-4D1A-BC0F-6A692AB3EB76}.Debug|Any CPU.ActiveCfg = Debug|Any CPU
		{73A8B0BF-1444-4D1A-BC0F-6A692AB3EB76}.Debug|Any CPU.Build.0 = Debug|Any CPU
		{73A8B0BF-1444-4D1A-BC0F-6A692AB3EB76}.Release|Any CPU.ActiveCfg = Release|Any CPU
		{73A8B0BF-1444-4D1A-BC0F-6A692AB3EB76}.Release|Any CPU.Build.0 = Release|Any CPU
		{C64D8898-E1F8-4232-8F73-A3544D5703FA}.Debug|Any CPU.ActiveCfg = Debug|Any CPU
		{C64D8898-E1F8-4232-8F73-A3544D5703FA}.Debug|Any CPU.Build.0 = Debug|Any CPU
		{C64D8898-E1F8-4232-8F73-A3544D5703FA}.Release|Any CPU.ActiveCfg = Release|Any CPU
		{C64D8898-E1F8-4232-8F73-A3544D5703FA}.Release|Any CPU.Build.0 = Release|Any CPU
	EndGlobalSection
	GlobalSection(SolutionProperties) = preSolution
		HideSolutionNode = FALSE
	EndGlobalSection
	GlobalSection(ExtensibilityGlobals) = postSolution
		SolutionGuid = {30560A5B-A792-4E1D-8EFC-078D603D226D}
	EndGlobalSection
EndGlobal
