
Microsoft Visual Studio Solution File, Format Version 12.00
# Visual Studio Version 17
VisualStudioVersion = 17.1.32407.343
MinimumVisualStudioVersion = 10.0.40219.1
Project("{FAE04EC0-301F-11D3-BF4B-00C04F79EFBC}") = "01-1-HelloWorld", "01-1-HelloWorld\01-1-HelloWorld.csproj", "{1B3A7196-F9E0-4E8B-B834-29715A7A9CEF}"
EndProject
Project("{FAE04EC0-301F-11D3-BF4B-00C04F79EFBC}") = "01-2-HelloBeep", "01-2-HelloBeep\01-2-HelloBeep.csproj", "{57D73F9C-501E-40B6-AF4F-86E92AB6162D}"
EndProject
Project("{FAE04EC0-301F-11D3-BF4B-00C04F79EFBC}") = "02-1-DataTypes", "02-1-DataTypes\02-1-DataTypes.csproj", "{40CC949E-2903-4B79-9EE3-E7A13184BF17}"
EndProject
Project("{FAE04EC0-301F-11D3-BF4B-00C04F79EFBC}") = "03-1-Operators", "03-1-Operators\03-1-Operators.csproj", "{0F0722E6-A29C-4CAD-8EB5-9B8D4A125151}"
EndProject
Project("{FAE04EC0-301F-11D3-BF4B-00C04F79EFBC}") = "03-2-AssignmentOperators", "03-2-AssignmentOperators\03-2-AssignmentOperators.csproj", "{6C044562-7FFA-4556-931B-F645C8318685}"
EndProject
Project("{FAE04EC0-301F-11D3-BF4B-00C04F79EFBC}") = "03-3-ArithmeticOperators", "03-3-ArithmeticOperators\03-3-ArithmeticOperators.csproj", "{5B9A65C3-C5FF-423B-94AB-2A29A4600FCD}"
EndProject
Project("{FAE04EC0-301F-11D3-BF4B-00C04F79EFBC}") = "03-4-ComparisonOperators", "03-4-ComparisonOperators\03-4-ComparisonOperators.csproj", "{C0995BCA-2A50-47A6-B846-87F101AD5044}"
EndProject
Project("{FAE04EC0-301F-11D3-BF4B-00C04F79EFBC}") = "03-5-LogicalOperators", "03-5-LogicalOperators\03-5-LogicalOperators.csproj", "{EC3F7648-690B-434D-A42F-2400C9A3B43F}"
EndProject
Project("{FAE04EC0-301F-11D3-BF4B-00C04F79EFBC}") = "03-6-ConsoleInput", "03-6-ConsoleInput\03-6-ConsoleInput.csproj", "{79779D75-27E9-4F23-9184-8A105B40DFE5}"
EndProject
Project("{FAE04EC0-301F-11D3-BF4B-00C04F79EFBC}") = "03-7-OperationOrder", "03-7-OperationOrder\03-7-OperationOrder.csproj", "{7DDCED6D-FDAE-47FC-9E49-382BA9FD88D5}"
EndProject
Project("{FAE04EC0-301F-11D3-BF4B-00C04F79EFBC}") = "04-1-SelectionStatements", "04-1-SelectionStatements\04-1-SelectionStatements.csproj", "{FCC2328A-87D9-49CC-B2D7-AD2865829580}"
EndProject
Project("{FAE04EC0-301F-11D3-BF4B-00C04F79EFBC}") = "04-2-SelectionStatements", "04-2-SelectionStatements\04-2-SelectionStatements.csproj", "{03E21B06-8131-466D-9E2B-C070EA2B849E}"
EndProject
Project("{FAE04EC0-301F-11D3-BF4B-00C04F79EFBC}") = "04-3-SelectionStatements", "04-3-SelectionStatements\04-3-SelectionStatements.csproj", "{4E69FCAD-6EEF-405D-824A-32A89E981CF9}"
EndProject
Project("{FAE04EC0-301F-11D3-BF4B-00C04F79EFBC}") = "04-4-SelectionStatements", "04-4-SelectionStatements\04-4-SelectionStatements.csproj", "{8321C774-1AE1-4265-8DBF-EEB5B4AD6391}"
EndProject
Project("{FAE04EC0-301F-11D3-BF4B-00C04F79EFBC}") = "05-1-Methods", "05-1-Methods\05-1-Methods.csproj", "{0C702585-4D91-4EBD-8733-02FB72007144}"
EndProject
Project("{FAE04EC0-301F-11D3-BF4B-00C04F79EFBC}") = "05-2-Toxic", "05-2-Toxic\05-2-Toxic.csproj", "{EC909CD1-F9DE-4AC4-ADBC-375AFDA512E6}"
EndProject
Project("{FAE04EC0-301F-11D3-BF4B-00C04F79EFBC}") = "05-3-StaticClasses", "05-3-StaticClasses\05-3-StaticClasses.csproj", "{63B7A0AD-F782-47D2-98D1-F6C524F28FB8}"
EndProject
Project("{FAE04EC0-301F-11D3-BF4B-00C04F79EFBC}") = "05-4-ConsoleMagic", "05-4-ConsoleMagic\05-4-ConsoleMagic.csproj", "{BE4AC89D-FC9F-492F-8B08-046D4FD55629}"
EndProject
Project("{FAE04EC0-301F-11D3-BF4B-00C04F79EFBC}") = "05-5-PathOfExecution", "05-5-PathOfExecution\05-5-PathOfExecution.csproj", "{127FBF28-B2C2-49F7-8744-FB758456212A}"
EndProject
Project("{FAE04EC0-301F-11D3-BF4B-00C04F79EFBC}") = "06-1-AdvancedMethods", "06-1-AdvancedMethods\06-1-AdvancedMethods.csproj", "{FE8FA50B-D5BE-4CEA-89E1-025522A268D3}"
EndProject
Project("{FAE04EC0-301F-11D3-BF4B-00C04F79EFBC}") = "07-1-Loops", "07-1-Loops\07-1-Loops.csproj", "{DE3103BB-E0FD-4BAF-B737-745E13A643AB}"
EndProject
Project("{FAE04EC0-301F-11D3-BF4B-00C04F79EFBC}") = "07-2-InputPromptAgain", "07-2-InputPromptAgain\07-2-InputPromptAgain.csproj", "{33C6BF06-31C1-4B71-83BB-A75B21EE996A}"
EndProject
Project("{FAE04EC0-301F-11D3-BF4B-00C04F79EFBC}") = "07-3-InputLoop", "07-3-InputLoop\07-3-InputLoop.csproj", "{0617438F-FD86-41D5-97C7-B632324D11AD}"
EndProject
Project("{FAE04EC0-301F-11D3-BF4B-00C04F79EFBC}") = "07-4-InputLoop2", "07-4-InputLoop\07-4-InputLoop2.csproj", "{5AE8505C-FE8B-442D-BBC1-A2FF2BD524D7}"
EndProject
Project("{FAE04EC0-301F-11D3-BF4B-00C04F79EFBC}") = "07-5-ChromaticScale", "07-5-ChromaticScale\07-5-ChromaticScale.csproj", "{30026B68-BACA-4301-AC60-DE13CBDC5940}"
EndProject
Project("{FAE04EC0-301F-11D3-BF4B-00C04F79EFBC}") = "07-6-SimpleMenu", "07-6-SimpleMenu\07-6-SimpleMenu.csproj", "{D79D1FE4-1E46-4D35-A5B1-99E11DDF9F7E}"
EndProject
Project("{FAE04EC0-301F-11D3-BF4B-00C04F79EFBC}") = "08-1-Arrays", "08-1-Arrays\08-1-Arrays.csproj", "{66BCDAA3-2306-4A24-A878-433E8F13B5CA}"
EndProject
Project("{FAE04EC0-301F-11D3-BF4B-00C04F79EFBC}") = "08-2-ReferenceTypes", "08-2-ReferenceTypes\08-2-ReferenceTypes.csproj", "{2A02FAC0-32EC-4231-9BC6-91BCC00A531B}"
EndProject
Project("{FAE04EC0-301F-11D3-BF4B-00C04F79EFBC}") = "08-3-ForEachLoops", "08-3-ForEachLoops\08-3-ForEachLoops.csproj", "{4C9091B3-4843-43B7-89BF-41201844F9C5}"
EndProject
Project("{FAE04EC0-301F-11D3-BF4B-00C04F79EFBC}") = "08-4-ToxicRemix", "08-4-ToxicRemix\08-4-ToxicRemix.csproj", "{2DF437AE-9D24-4D2D-B0C6-268A7D47E86A}"
EndProject
Project("{FAE04EC0-301F-11D3-BF4B-00C04F79EFBC}") = "08-5-CSharpMinor", "08-5-CSharpMinor\08-5-CSharpMinor.csproj", "{04647F38-9078-44F3-870C-98CA9D22EC85}"
EndProject
Project("{FAE04EC0-301F-11D3-BF4B-00C04F79EFBC}") = "08-6-CSharpMinorRemix", "08-6-CSharpMinorRemix\08-6-CSharpMinorRemix.csproj", "{8B9DCF60-4B36-40D5-8CEB-59F0A561CB8B}"
EndProject
Project("{FAE04EC0-301F-11D3-BF4B-00C04F79EFBC}") = "08-7-IndicesRanges", "08-7-IndicesRanges\08-7-IndicesRanges.csproj", "{338D6165-8841-4C7A-BB65-083986814BD6}"
EndProject
Project("{FAE04EC0-301F-11D3-BF4B-00C04F79EFBC}") = "09-1-CommandLineArguments", "09-1-CommandLineArguments\09-1-CommandLineArguments.csproj", "{EBF2AEFD-F41E-4739-BDF2-A9968231D83E}"
EndProject
Project("{FAE04EC0-301F-11D3-BF4B-00C04F79EFBC}") = "09-2-ArrayAlgorithms", "09-2-ArrayAlgorithms\09-2-ArrayAlgorithms.csproj", "{AFBE0FB4-04A4-41AE-ADB9-97EF075A9BB4}"
EndProject
Project("{FAE04EC0-301F-11D3-BF4B-00C04F79EFBC}") = "09-3-MoreArrays", "09-3-MoreArrays\09-3-MoreArrays.csproj", "{42A36944-8FAF-4996-97B0-D5E004142DB3}"
EndProject
Project("{FAE04EC0-301F-11D3-BF4B-00C04F79EFBC}") = "09-4-RandomNumbers", "09-4-RandomNumbers\09-4-RandomNumbers.csproj", "{F2545A0B-C25F-4A76-B67C-46B0AF810C13}"
EndProject
Project("{FAE04EC0-301F-11D3-BF4B-00C04F79EFBC}") = "09-5-MultidimensionalArrays", "09-5-MultidimensionalArrays\09-5-MultidimensionalArrays.csproj", "{D7F6A84D-FADA-4DC3-9C9E-1BE7BC008B31}"
EndProject
Project("{FAE04EC0-301F-11D3-BF4B-00C04F79EFBC}") = "09-6-SpicyVowels", "09-6-SpicyVowels\09-6-SpicyVowels.csproj", "{51FA80B0-E511-418C-919F-BEFB1511D0E4}"
EndProject
Project("{FAE04EC0-301F-11D3-BF4B-00C04F79EFBC}") = "10-1-UsingObjects", "10-1-UsingObjects\10-1-UsingObjects.csproj", "{E7879ED1-9980-4D4B-A063-E460B36CA403}"
EndProject
Project("{FAE04EC0-301F-11D3-BF4B-00C04F79EFBC}") = "10-2-DefiningObjects", "10-2-DefiningObjects\10-2-DefiningObjects.csproj", "{34148E71-1798-4A0C-9E85-A7652B1C45A4}"
EndProject
Project("{FAE04EC0-301F-11D3-BF4B-00C04F79EFBC}") = "10-3-Namespaces", "10-3-Namespaces\10-3-Namespaces.csproj", "{E898CB3F-8F34-4A18-9915-2A1E5274DBF8}"
EndProject
Project("{FAE04EC0-301F-11D3-BF4B-00C04F79EFBC}") = "11-1-ReferenceTypes", "11-1-ReferenceTypes\11-1-ReferenceTypes.csproj", "{D730EF9F-4AA3-4B52-9518-120A25235EC8}"
EndProject
Project("{FAE04EC0-301F-11D3-BF4B-00C04F79EFBC}") = "11-2-EnumeratedTypes", "11-2-EnumeratedTypes\11-2-EnumeratedTypes.csproj", "{245FFEE4-7286-4EF1-8AFB-D1BE38407FFE}"
EndProject
Project("{FAE04EC0-301F-11D3-BF4B-00C04F79EFBC}") = "11-3-ObjectsInTheWild", "11-3-ObjectsInTheWild\11-3-ObjectsInTheWild.csproj", "{2B3CD55A-8467-4DAC-A64A-99241CF5B903}"
EndProject
Project("{FAE04EC0-301F-11D3-BF4B-00C04F79EFBC}") = "12-1-DataModelling", "12-1-DataModelling\12-1-DataModelling.csproj", "{E228A1C0-78B9-40CB-8EE1-3A974F271AD2}"
EndProject
Project("{FAE04EC0-301F-11D3-BF4B-00C04F79EFBC}") = "12-2-ObjectEfficiency", "12-2-ObjectEfficiency\12-2-ObjectEfficiency.csproj", "{2EC4860E-7E18-41A6-A93B-33093D77F14C}"
EndProject
Project("{FAE04EC0-301F-11D3-BF4B-00C04F79EFBC}") = "12-3-ObjectArrays", "12-3-ObjectArrays\12-3-ObjectArrays.csproj", "{998288E4-5314-418B-A6F2-5CCB9FC9E40D}"
EndProject
Project("{FAE04EC0-301F-11D3-BF4B-00C04F79EFBC}") = "12-4-ArraysOfToxicity", "12-4-ArraysOfToxicity\12-4-ArraysOfToxicity.csproj", "{16EBC602-258E-4412-8861-7935F6E373C3}"
EndProject
Project("{FAE04EC0-301F-11D3-BF4B-00C04F79EFBC}") = "13-1-Exceptions", "13-1-Exceptions\13-1-Exceptions.csproj", "{4F252A41-2DE8-4D7B-9227-E1FBBEB15444}"
EndProject
Project("{FAE04EC0-301F-11D3-BF4B-00C04F79EFBC}") = "13-2-StringEfficiency", "13-2-StringEfficiency\13-2-StringEfficiency.csproj", "{A7594A66-9F7D-4BCE-8D13-05EEE7D4902B}"
EndProject
Project("{FAE04EC0-301F-11D3-BF4B-00C04F79EFBC}") = "13-3-ArrayResizing", "13-3-ArrayResizing\13-3-ArrayResizing.csproj", "{8F0082F9-D189-4455-8856-57EB565F24BE}"
EndProject
Project("{FAE04EC0-301F-11D3-BF4B-00C04F79EFBC}") = "14-1-NuGetPackages", "14-1-NuGetPackages\14-1-NuGetPackages.csproj", "{564AED24-5AD0-4BC6-ACA7-2C1753E9C508}"
EndProject
Project("{FAE04EC0-301F-11D3-BF4B-00C04F79EFBC}") = "14-2-ToxicNAudio", "14-2-ToxicNAudio\14-2-ToxicNAudio.csproj", "{79FB1C8C-A130-478C-962A-8906AF4F5495}"
EndProject
Project("{FAE04EC0-301F-11D3-BF4B-00C04F79EFBC}") = "15-1-LookingAhead", "15-1-LookingAhead\15-1-LookingAhead.csproj", "{72CC2EEE-3A3F-4213-8697-ABA74963B6B0}"
EndProject
Project("{FAE04EC0-301F-11D3-BF4B-00C04F79EFBC}") = "LabUtils", "LabUtils\LabUtils.csproj", "{D1C21466-6F3F-4572-8A03-DFE2A19DC568}"
EndProject
Project("{2150E333-8FDC-42A3-9474-1A3956D46DE8}") = "Solution Items", "Solution Items", "{1515BD38-3414-417E-B005-530F2DC29058}"
	ProjectSection(SolutionItems) = preProject
		README.md = README.md
	EndProjectSection
EndProject
Project("{FAE04EC0-301F-11D3-BF4B-00C04F79EFBC}") = "13-4-WhatItDo", "13-4-WhatItDo\13-4-WhatItDo.csproj", "{F3679FD3-896B-4145-8DB1-821ECBA9C7B0}"
EndProject
Project("{FAE04EC0-301F-11D3-BF4B-00C04F79EFBC}") = "13-5-Uncensor", "13-5-Uncensor\13-5-Uncensor.csproj", "{34A57DB5-9737-44A2-9064-F1B2D5E67AC9}"
EndProject
Global
	GlobalSection(SolutionConfigurationPlatforms) = preSolution
		Debug|Any CPU = Debug|Any CPU
		Debug|x64 = Debug|x64
		Debug|x86 = Debug|x86
		Release|Any CPU = Release|Any CPU
		Release|x64 = Release|x64
		Release|x86 = Release|x86
	EndGlobalSection
	GlobalSection(ProjectConfigurationPlatforms) = postSolution
		{1B3A7196-F9E0-4E8B-B834-29715A7A9CEF}.Debug|Any CPU.ActiveCfg = Debug|Any CPU
		{1B3A7196-F9E0-4E8B-B834-29715A7A9CEF}.Debug|Any CPU.Build.0 = Debug|Any CPU
		{1B3A7196-F9E0-4E8B-B834-29715A7A9CEF}.Debug|x64.ActiveCfg = Debug|Any CPU
		{1B3A7196-F9E0-4E8B-B834-29715A7A9CEF}.Debug|x64.Build.0 = Debug|Any CPU
		{1B3A7196-F9E0-4E8B-B834-29715A7A9CEF}.Debug|x86.ActiveCfg = Debug|Any CPU
		{1B3A7196-F9E0-4E8B-B834-29715A7A9CEF}.Debug|x86.Build.0 = Debug|Any CPU
		{1B3A7196-F9E0-4E8B-B834-29715A7A9CEF}.Release|Any CPU.ActiveCfg = Release|Any CPU
		{1B3A7196-F9E0-4E8B-B834-29715A7A9CEF}.Release|Any CPU.Build.0 = Release|Any CPU
		{1B3A7196-F9E0-4E8B-B834-29715A7A9CEF}.Release|x64.ActiveCfg = Release|Any CPU
		{1B3A7196-F9E0-4E8B-B834-29715A7A9CEF}.Release|x64.Build.0 = Release|Any CPU
		{1B3A7196-F9E0-4E8B-B834-29715A7A9CEF}.Release|x86.ActiveCfg = Release|Any CPU
		{1B3A7196-F9E0-4E8B-B834-29715A7A9CEF}.Release|x86.Build.0 = Release|Any CPU
		{57D73F9C-501E-40B6-AF4F-86E92AB6162D}.Debug|Any CPU.ActiveCfg = Debug|Any CPU
		{57D73F9C-501E-40B6-AF4F-86E92AB6162D}.Debug|Any CPU.Build.0 = Debug|Any CPU
		{57D73F9C-501E-40B6-AF4F-86E92AB6162D}.Debug|x64.ActiveCfg = Debug|Any CPU
		{57D73F9C-501E-40B6-AF4F-86E92AB6162D}.Debug|x64.Build.0 = Debug|Any CPU
		{57D73F9C-501E-40B6-AF4F-86E92AB6162D}.Debug|x86.ActiveCfg = Debug|Any CPU
		{57D73F9C-501E-40B6-AF4F-86E92AB6162D}.Debug|x86.Build.0 = Debug|Any CPU
		{57D73F9C-501E-40B6-AF4F-86E92AB6162D}.Release|Any CPU.ActiveCfg = Release|Any CPU
		{57D73F9C-501E-40B6-AF4F-86E92AB6162D}.Release|Any CPU.Build.0 = Release|Any CPU
		{57D73F9C-501E-40B6-AF4F-86E92AB6162D}.Release|x64.ActiveCfg = Release|Any CPU
		{57D73F9C-501E-40B6-AF4F-86E92AB6162D}.Release|x64.Build.0 = Release|Any CPU
		{57D73F9C-501E-40B6-AF4F-86E92AB6162D}.Release|x86.ActiveCfg = Release|Any CPU
		{57D73F9C-501E-40B6-AF4F-86E92AB6162D}.Release|x86.Build.0 = Release|Any CPU
		{40CC949E-2903-4B79-9EE3-E7A13184BF17}.Debug|Any CPU.ActiveCfg = Debug|Any CPU
		{40CC949E-2903-4B79-9EE3-E7A13184BF17}.Debug|Any CPU.Build.0 = Debug|Any CPU
		{40CC949E-2903-4B79-9EE3-E7A13184BF17}.Debug|x64.ActiveCfg = Debug|Any CPU
		{40CC949E-2903-4B79-9EE3-E7A13184BF17}.Debug|x64.Build.0 = Debug|Any CPU
		{40CC949E-2903-4B79-9EE3-E7A13184BF17}.Debug|x86.ActiveCfg = Debug|Any CPU
		{40CC949E-2903-4B79-9EE3-E7A13184BF17}.Debug|x86.Build.0 = Debug|Any CPU
		{40CC949E-2903-4B79-9EE3-E7A13184BF17}.Release|Any CPU.ActiveCfg = Release|Any CPU
		{40CC949E-2903-4B79-9EE3-E7A13184BF17}.Release|Any CPU.Build.0 = Release|Any CPU
		{40CC949E-2903-4B79-9EE3-E7A13184BF17}.Release|x64.ActiveCfg = Release|Any CPU
		{40CC949E-2903-4B79-9EE3-E7A13184BF17}.Release|x64.Build.0 = Release|Any CPU
		{40CC949E-2903-4B79-9EE3-E7A13184BF17}.Release|x86.ActiveCfg = Release|Any CPU
		{40CC949E-2903-4B79-9EE3-E7A13184BF17}.Release|x86.Build.0 = Release|Any CPU
		{0F0722E6-A29C-4CAD-8EB5-9B8D4A125151}.Debug|Any CPU.ActiveCfg = Debug|Any CPU
		{0F0722E6-A29C-4CAD-8EB5-9B8D4A125151}.Debug|Any CPU.Build.0 = Debug|Any CPU
		{0F0722E6-A29C-4CAD-8EB5-9B8D4A125151}.Debug|x64.ActiveCfg = Debug|Any CPU
		{0F0722E6-A29C-4CAD-8EB5-9B8D4A125151}.Debug|x64.Build.0 = Debug|Any CPU
		{0F0722E6-A29C-4CAD-8EB5-9B8D4A125151}.Debug|x86.ActiveCfg = Debug|Any CPU
		{0F0722E6-A29C-4CAD-8EB5-9B8D4A125151}.Debug|x86.Build.0 = Debug|Any CPU
		{0F0722E6-A29C-4CAD-8EB5-9B8D4A125151}.Release|Any CPU.ActiveCfg = Release|Any CPU
		{0F0722E6-A29C-4CAD-8EB5-9B8D4A125151}.Release|Any CPU.Build.0 = Release|Any CPU
		{0F0722E6-A29C-4CAD-8EB5-9B8D4A125151}.Release|x64.ActiveCfg = Release|Any CPU
		{0F0722E6-A29C-4CAD-8EB5-9B8D4A125151}.Release|x64.Build.0 = Release|Any CPU
		{0F0722E6-A29C-4CAD-8EB5-9B8D4A125151}.Release|x86.ActiveCfg = Release|Any CPU
		{0F0722E6-A29C-4CAD-8EB5-9B8D4A125151}.Release|x86.Build.0 = Release|Any CPU
		{6C044562-7FFA-4556-931B-F645C8318685}.Debug|Any CPU.ActiveCfg = Debug|Any CPU
		{6C044562-7FFA-4556-931B-F645C8318685}.Debug|Any CPU.Build.0 = Debug|Any CPU
		{6C044562-7FFA-4556-931B-F645C8318685}.Debug|x64.ActiveCfg = Debug|Any CPU
		{6C044562-7FFA-4556-931B-F645C8318685}.Debug|x64.Build.0 = Debug|Any CPU
		{6C044562-7FFA-4556-931B-F645C8318685}.Debug|x86.ActiveCfg = Debug|Any CPU
		{6C044562-7FFA-4556-931B-F645C8318685}.Debug|x86.Build.0 = Debug|Any CPU
		{6C044562-7FFA-4556-931B-F645C8318685}.Release|Any CPU.ActiveCfg = Release|Any CPU
		{6C044562-7FFA-4556-931B-F645C8318685}.Release|Any CPU.Build.0 = Release|Any CPU
		{6C044562-7FFA-4556-931B-F645C8318685}.Release|x64.ActiveCfg = Release|Any CPU
		{6C044562-7FFA-4556-931B-F645C8318685}.Release|x64.Build.0 = Release|Any CPU
		{6C044562-7FFA-4556-931B-F645C8318685}.Release|x86.ActiveCfg = Release|Any CPU
		{6C044562-7FFA-4556-931B-F645C8318685}.Release|x86.Build.0 = Release|Any CPU
		{5B9A65C3-C5FF-423B-94AB-2A29A4600FCD}.Debug|Any CPU.ActiveCfg = Debug|Any CPU
		{5B9A65C3-C5FF-423B-94AB-2A29A4600FCD}.Debug|Any CPU.Build.0 = Debug|Any CPU
		{5B9A65C3-C5FF-423B-94AB-2A29A4600FCD}.Debug|x64.ActiveCfg = Debug|Any CPU
		{5B9A65C3-C5FF-423B-94AB-2A29A4600FCD}.Debug|x64.Build.0 = Debug|Any CPU
		{5B9A65C3-C5FF-423B-94AB-2A29A4600FCD}.Debug|x86.ActiveCfg = Debug|Any CPU
		{5B9A65C3-C5FF-423B-94AB-2A29A4600FCD}.Debug|x86.Build.0 = Debug|Any CPU
		{5B9A65C3-C5FF-423B-94AB-2A29A4600FCD}.Release|Any CPU.ActiveCfg = Release|Any CPU
		{5B9A65C3-C5FF-423B-94AB-2A29A4600FCD}.Release|Any CPU.Build.0 = Release|Any CPU
		{5B9A65C3-C5FF-423B-94AB-2A29A4600FCD}.Release|x64.ActiveCfg = Release|Any CPU
		{5B9A65C3-C5FF-423B-94AB-2A29A4600FCD}.Release|x64.Build.0 = Release|Any CPU
		{5B9A65C3-C5FF-423B-94AB-2A29A4600FCD}.Release|x86.ActiveCfg = Release|Any CPU
		{5B9A65C3-C5FF-423B-94AB-2A29A4600FCD}.Release|x86.Build.0 = Release|Any CPU
		{C0995BCA-2A50-47A6-B846-87F101AD5044}.Debug|Any CPU.ActiveCfg = Debug|Any CPU
		{C0995BCA-2A50-47A6-B846-87F101AD5044}.Debug|Any CPU.Build.0 = Debug|Any CPU
		{C0995BCA-2A50-47A6-B846-87F101AD5044}.Debug|x64.ActiveCfg = Debug|Any CPU
		{C0995BCA-2A50-47A6-B846-87F101AD5044}.Debug|x64.Build.0 = Debug|Any CPU
		{C0995BCA-2A50-47A6-B846-87F101AD5044}.Debug|x86.ActiveCfg = Debug|Any CPU
		{C0995BCA-2A50-47A6-B846-87F101AD5044}.Debug|x86.Build.0 = Debug|Any CPU
		{C0995BCA-2A50-47A6-B846-87F101AD5044}.Release|Any CPU.ActiveCfg = Release|Any CPU
		{C0995BCA-2A50-47A6-B846-87F101AD5044}.Release|Any CPU.Build.0 = Release|Any CPU
		{C0995BCA-2A50-47A6-B846-87F101AD5044}.Release|x64.ActiveCfg = Release|Any CPU
		{C0995BCA-2A50-47A6-B846-87F101AD5044}.Release|x64.Build.0 = Release|Any CPU
		{C0995BCA-2A50-47A6-B846-87F101AD5044}.Release|x86.ActiveCfg = Release|Any CPU
		{C0995BCA-2A50-47A6-B846-87F101AD5044}.Release|x86.Build.0 = Release|Any CPU
		{EC3F7648-690B-434D-A42F-2400C9A3B43F}.Debug|Any CPU.ActiveCfg = Debug|Any CPU
		{EC3F7648-690B-434D-A42F-2400C9A3B43F}.Debug|Any CPU.Build.0 = Debug|Any CPU
		{EC3F7648-690B-434D-A42F-2400C9A3B43F}.Debug|x64.ActiveCfg = Debug|Any CPU
		{EC3F7648-690B-434D-A42F-2400C9A3B43F}.Debug|x64.Build.0 = Debug|Any CPU
		{EC3F7648-690B-434D-A42F-2400C9A3B43F}.Debug|x86.ActiveCfg = Debug|Any CPU
		{EC3F7648-690B-434D-A42F-2400C9A3B43F}.Debug|x86.Build.0 = Debug|Any CPU
		{EC3F7648-690B-434D-A42F-2400C9A3B43F}.Release|Any CPU.ActiveCfg = Release|Any CPU
		{EC3F7648-690B-434D-A42F-2400C9A3B43F}.Release|Any CPU.Build.0 = Release|Any CPU
		{EC3F7648-690B-434D-A42F-2400C9A3B43F}.Release|x64.ActiveCfg = Release|Any CPU
		{EC3F7648-690B-434D-A42F-2400C9A3B43F}.Release|x64.Build.0 = Release|Any CPU
		{EC3F7648-690B-434D-A42F-2400C9A3B43F}.Release|x86.ActiveCfg = Release|Any CPU
		{EC3F7648-690B-434D-A42F-2400C9A3B43F}.Release|x86.Build.0 = Release|Any CPU
		{79779D75-27E9-4F23-9184-8A105B40DFE5}.Debug|Any CPU.ActiveCfg = Debug|Any CPU
		{79779D75-27E9-4F23-9184-8A105B40DFE5}.Debug|Any CPU.Build.0 = Debug|Any CPU
		{79779D75-27E9-4F23-9184-8A105B40DFE5}.Debug|x64.ActiveCfg = Debug|Any CPU
		{79779D75-27E9-4F23-9184-8A105B40DFE5}.Debug|x64.Build.0 = Debug|Any CPU
		{79779D75-27E9-4F23-9184-8A105B40DFE5}.Debug|x86.ActiveCfg = Debug|Any CPU
		{79779D75-27E9-4F23-9184-8A105B40DFE5}.Debug|x86.Build.0 = Debug|Any CPU
		{79779D75-27E9-4F23-9184-8A105B40DFE5}.Release|Any CPU.ActiveCfg = Release|Any CPU
		{79779D75-27E9-4F23-9184-8A105B40DFE5}.Release|Any CPU.Build.0 = Release|Any CPU
		{79779D75-27E9-4F23-9184-8A105B40DFE5}.Release|x64.ActiveCfg = Release|Any CPU
		{79779D75-27E9-4F23-9184-8A105B40DFE5}.Release|x64.Build.0 = Release|Any CPU
		{79779D75-27E9-4F23-9184-8A105B40DFE5}.Release|x86.ActiveCfg = Release|Any CPU
		{79779D75-27E9-4F23-9184-8A105B40DFE5}.Release|x86.Build.0 = Release|Any CPU
		{7DDCED6D-FDAE-47FC-9E49-382BA9FD88D5}.Debug|Any CPU.ActiveCfg = Debug|Any CPU
		{7DDCED6D-FDAE-47FC-9E49-382BA9FD88D5}.Debug|Any CPU.Build.0 = Debug|Any CPU
		{7DDCED6D-FDAE-47FC-9E49-382BA9FD88D5}.Debug|x64.ActiveCfg = Debug|Any CPU
		{7DDCED6D-FDAE-47FC-9E49-382BA9FD88D5}.Debug|x64.Build.0 = Debug|Any CPU
		{7DDCED6D-FDAE-47FC-9E49-382BA9FD88D5}.Debug|x86.ActiveCfg = Debug|Any CPU
		{7DDCED6D-FDAE-47FC-9E49-382BA9FD88D5}.Debug|x86.Build.0 = Debug|Any CPU
		{7DDCED6D-FDAE-47FC-9E49-382BA9FD88D5}.Release|Any CPU.ActiveCfg = Release|Any CPU
		{7DDCED6D-FDAE-47FC-9E49-382BA9FD88D5}.Release|Any CPU.Build.0 = Release|Any CPU
		{7DDCED6D-FDAE-47FC-9E49-382BA9FD88D5}.Release|x64.ActiveCfg = Release|Any CPU
		{7DDCED6D-FDAE-47FC-9E49-382BA9FD88D5}.Release|x64.Build.0 = Release|Any CPU
		{7DDCED6D-FDAE-47FC-9E49-382BA9FD88D5}.Release|x86.ActiveCfg = Release|Any CPU
		{7DDCED6D-FDAE-47FC-9E49-382BA9FD88D5}.Release|x86.Build.0 = Release|Any CPU
		{FCC2328A-87D9-49CC-B2D7-AD2865829580}.Debug|Any CPU.ActiveCfg = Debug|Any CPU
		{FCC2328A-87D9-49CC-B2D7-AD2865829580}.Debug|Any CPU.Build.0 = Debug|Any CPU
		{FCC2328A-87D9-49CC-B2D7-AD2865829580}.Debug|x64.ActiveCfg = Debug|Any CPU
		{FCC2328A-87D9-49CC-B2D7-AD2865829580}.Debug|x64.Build.0 = Debug|Any CPU
		{FCC2328A-87D9-49CC-B2D7-AD2865829580}.Debug|x86.ActiveCfg = Debug|Any CPU
		{FCC2328A-87D9-49CC-B2D7-AD2865829580}.Debug|x86.Build.0 = Debug|Any CPU
		{FCC2328A-87D9-49CC-B2D7-AD2865829580}.Release|Any CPU.ActiveCfg = Release|Any CPU
		{FCC2328A-87D9-49CC-B2D7-AD2865829580}.Release|Any CPU.Build.0 = Release|Any CPU
		{FCC2328A-87D9-49CC-B2D7-AD2865829580}.Release|x64.ActiveCfg = Release|Any CPU
		{FCC2328A-87D9-49CC-B2D7-AD2865829580}.Release|x64.Build.0 = Release|Any CPU
		{FCC2328A-87D9-49CC-B2D7-AD2865829580}.Release|x86.ActiveCfg = Release|Any CPU
		{FCC2328A-87D9-49CC-B2D7-AD2865829580}.Release|x86.Build.0 = Release|Any CPU
		{03E21B06-8131-466D-9E2B-C070EA2B849E}.Debug|Any CPU.ActiveCfg = Debug|Any CPU
		{03E21B06-8131-466D-9E2B-C070EA2B849E}.Debug|Any CPU.Build.0 = Debug|Any CPU
		{03E21B06-8131-466D-9E2B-C070EA2B849E}.Debug|x64.ActiveCfg = Debug|Any CPU
		{03E21B06-8131-466D-9E2B-C070EA2B849E}.Debug|x64.Build.0 = Debug|Any CPU
		{03E21B06-8131-466D-9E2B-C070EA2B849E}.Debug|x86.ActiveCfg = Debug|Any CPU
		{03E21B06-8131-466D-9E2B-C070EA2B849E}.Debug|x86.Build.0 = Debug|Any CPU
		{03E21B06-8131-466D-9E2B-C070EA2B849E}.Release|Any CPU.ActiveCfg = Release|Any CPU
		{03E21B06-8131-466D-9E2B-C070EA2B849E}.Release|Any CPU.Build.0 = Release|Any CPU
		{03E21B06-8131-466D-9E2B-C070EA2B849E}.Release|x64.ActiveCfg = Release|Any CPU
		{03E21B06-8131-466D-9E2B-C070EA2B849E}.Release|x64.Build.0 = Release|Any CPU
		{03E21B06-8131-466D-9E2B-C070EA2B849E}.Release|x86.ActiveCfg = Release|Any CPU
		{03E21B06-8131-466D-9E2B-C070EA2B849E}.Release|x86.Build.0 = Release|Any CPU
		{4E69FCAD-6EEF-405D-824A-32A89E981CF9}.Debug|Any CPU.ActiveCfg = Debug|Any CPU
		{4E69FCAD-6EEF-405D-824A-32A89E981CF9}.Debug|Any CPU.Build.0 = Debug|Any CPU
		{4E69FCAD-6EEF-405D-824A-32A89E981CF9}.Debug|x64.ActiveCfg = Debug|Any CPU
		{4E69FCAD-6EEF-405D-824A-32A89E981CF9}.Debug|x64.Build.0 = Debug|Any CPU
		{4E69FCAD-6EEF-405D-824A-32A89E981CF9}.Debug|x86.ActiveCfg = Debug|Any CPU
		{4E69FCAD-6EEF-405D-824A-32A89E981CF9}.Debug|x86.Build.0 = Debug|Any CPU
		{4E69FCAD-6EEF-405D-824A-32A89E981CF9}.Release|Any CPU.ActiveCfg = Release|Any CPU
		{4E69FCAD-6EEF-405D-824A-32A89E981CF9}.Release|Any CPU.Build.0 = Release|Any CPU
		{4E69FCAD-6EEF-405D-824A-32A89E981CF9}.Release|x64.ActiveCfg = Release|Any CPU
		{4E69FCAD-6EEF-405D-824A-32A89E981CF9}.Release|x64.Build.0 = Release|Any CPU
		{4E69FCAD-6EEF-405D-824A-32A89E981CF9}.Release|x86.ActiveCfg = Release|Any CPU
		{4E69FCAD-6EEF-405D-824A-32A89E981CF9}.Release|x86.Build.0 = Release|Any CPU
		{8321C774-1AE1-4265-8DBF-EEB5B4AD6391}.Debug|Any CPU.ActiveCfg = Debug|Any CPU
		{8321C774-1AE1-4265-8DBF-EEB5B4AD6391}.Debug|Any CPU.Build.0 = Debug|Any CPU
		{8321C774-1AE1-4265-8DBF-EEB5B4AD6391}.Debug|x64.ActiveCfg = Debug|Any CPU
		{8321C774-1AE1-4265-8DBF-EEB5B4AD6391}.Debug|x64.Build.0 = Debug|Any CPU
		{8321C774-1AE1-4265-8DBF-EEB5B4AD6391}.Debug|x86.ActiveCfg = Debug|Any CPU
		{8321C774-1AE1-4265-8DBF-EEB5B4AD6391}.Debug|x86.Build.0 = Debug|Any CPU
		{8321C774-1AE1-4265-8DBF-EEB5B4AD6391}.Release|Any CPU.ActiveCfg = Release|Any CPU
		{8321C774-1AE1-4265-8DBF-EEB5B4AD6391}.Release|Any CPU.Build.0 = Release|Any CPU
		{8321C774-1AE1-4265-8DBF-EEB5B4AD6391}.Release|x64.ActiveCfg = Release|Any CPU
		{8321C774-1AE1-4265-8DBF-EEB5B4AD6391}.Release|x64.Build.0 = Release|Any CPU
		{8321C774-1AE1-4265-8DBF-EEB5B4AD6391}.Release|x86.ActiveCfg = Release|Any CPU
		{8321C774-1AE1-4265-8DBF-EEB5B4AD6391}.Release|x86.Build.0 = Release|Any CPU
		{0C702585-4D91-4EBD-8733-02FB72007144}.Debug|Any CPU.ActiveCfg = Debug|Any CPU
		{0C702585-4D91-4EBD-8733-02FB72007144}.Debug|Any CPU.Build.0 = Debug|Any CPU
		{0C702585-4D91-4EBD-8733-02FB72007144}.Debug|x64.ActiveCfg = Debug|Any CPU
		{0C702585-4D91-4EBD-8733-02FB72007144}.Debug|x64.Build.0 = Debug|Any CPU
		{0C702585-4D91-4EBD-8733-02FB72007144}.Debug|x86.ActiveCfg = Debug|Any CPU
		{0C702585-4D91-4EBD-8733-02FB72007144}.Debug|x86.Build.0 = Debug|Any CPU
		{0C702585-4D91-4EBD-8733-02FB72007144}.Release|Any CPU.ActiveCfg = Release|Any CPU
		{0C702585-4D91-4EBD-8733-02FB72007144}.Release|Any CPU.Build.0 = Release|Any CPU
		{0C702585-4D91-4EBD-8733-02FB72007144}.Release|x64.ActiveCfg = Release|Any CPU
		{0C702585-4D91-4EBD-8733-02FB72007144}.Release|x64.Build.0 = Release|Any CPU
		{0C702585-4D91-4EBD-8733-02FB72007144}.Release|x86.ActiveCfg = Release|Any CPU
		{0C702585-4D91-4EBD-8733-02FB72007144}.Release|x86.Build.0 = Release|Any CPU
		{EC909CD1-F9DE-4AC4-ADBC-375AFDA512E6}.Debug|Any CPU.ActiveCfg = Debug|Any CPU
		{EC909CD1-F9DE-4AC4-ADBC-375AFDA512E6}.Debug|Any CPU.Build.0 = Debug|Any CPU
		{EC909CD1-F9DE-4AC4-ADBC-375AFDA512E6}.Debug|x64.ActiveCfg = Debug|Any CPU
		{EC909CD1-F9DE-4AC4-ADBC-375AFDA512E6}.Debug|x64.Build.0 = Debug|Any CPU
		{EC909CD1-F9DE-4AC4-ADBC-375AFDA512E6}.Debug|x86.ActiveCfg = Debug|Any CPU
		{EC909CD1-F9DE-4AC4-ADBC-375AFDA512E6}.Debug|x86.Build.0 = Debug|Any CPU
		{EC909CD1-F9DE-4AC4-ADBC-375AFDA512E6}.Release|Any CPU.ActiveCfg = Release|Any CPU
		{EC909CD1-F9DE-4AC4-ADBC-375AFDA512E6}.Release|Any CPU.Build.0 = Release|Any CPU
		{EC909CD1-F9DE-4AC4-ADBC-375AFDA512E6}.Release|x64.ActiveCfg = Release|Any CPU
		{EC909CD1-F9DE-4AC4-ADBC-375AFDA512E6}.Release|x64.Build.0 = Release|Any CPU
		{EC909CD1-F9DE-4AC4-ADBC-375AFDA512E6}.Release|x86.ActiveCfg = Release|Any CPU
		{EC909CD1-F9DE-4AC4-ADBC-375AFDA512E6}.Release|x86.Build.0 = Release|Any CPU
		{63B7A0AD-F782-47D2-98D1-F6C524F28FB8}.Debug|Any CPU.ActiveCfg = Debug|Any CPU
		{63B7A0AD-F782-47D2-98D1-F6C524F28FB8}.Debug|Any CPU.Build.0 = Debug|Any CPU
		{63B7A0AD-F782-47D2-98D1-F6C524F28FB8}.Debug|x64.ActiveCfg = Debug|Any CPU
		{63B7A0AD-F782-47D2-98D1-F6C524F28FB8}.Debug|x64.Build.0 = Debug|Any CPU
		{63B7A0AD-F782-47D2-98D1-F6C524F28FB8}.Debug|x86.ActiveCfg = Debug|Any CPU
		{63B7A0AD-F782-47D2-98D1-F6C524F28FB8}.Debug|x86.Build.0 = Debug|Any CPU
		{63B7A0AD-F782-47D2-98D1-F6C524F28FB8}.Release|Any CPU.ActiveCfg = Release|Any CPU
		{63B7A0AD-F782-47D2-98D1-F6C524F28FB8}.Release|Any CPU.Build.0 = Release|Any CPU
		{63B7A0AD-F782-47D2-98D1-F6C524F28FB8}.Release|x64.ActiveCfg = Release|Any CPU
		{63B7A0AD-F782-47D2-98D1-F6C524F28FB8}.Release|x64.Build.0 = Release|Any CPU
		{63B7A0AD-F782-47D2-98D1-F6C524F28FB8}.Release|x86.ActiveCfg = Release|Any CPU
		{63B7A0AD-F782-47D2-98D1-F6C524F28FB8}.Release|x86.Build.0 = Release|Any CPU
		{BE4AC89D-FC9F-492F-8B08-046D4FD55629}.Debug|Any CPU.ActiveCfg = Debug|Any CPU
		{BE4AC89D-FC9F-492F-8B08-046D4FD55629}.Debug|Any CPU.Build.0 = Debug|Any CPU
		{BE4AC89D-FC9F-492F-8B08-046D4FD55629}.Debug|x64.ActiveCfg = Debug|Any CPU
		{BE4AC89D-FC9F-492F-8B08-046D4FD55629}.Debug|x64.Build.0 = Debug|Any CPU
		{BE4AC89D-FC9F-492F-8B08-046D4FD55629}.Debug|x86.ActiveCfg = Debug|Any CPU
		{BE4AC89D-FC9F-492F-8B08-046D4FD55629}.Debug|x86.Build.0 = Debug|Any CPU
		{BE4AC89D-FC9F-492F-8B08-046D4FD55629}.Release|Any CPU.ActiveCfg = Release|Any CPU
		{BE4AC89D-FC9F-492F-8B08-046D4FD55629}.Release|Any CPU.Build.0 = Release|Any CPU
		{BE4AC89D-FC9F-492F-8B08-046D4FD55629}.Release|x64.ActiveCfg = Release|Any CPU
		{BE4AC89D-FC9F-492F-8B08-046D4FD55629}.Release|x64.Build.0 = Release|Any CPU
		{BE4AC89D-FC9F-492F-8B08-046D4FD55629}.Release|x86.ActiveCfg = Release|Any CPU
		{BE4AC89D-FC9F-492F-8B08-046D4FD55629}.Release|x86.Build.0 = Release|Any CPU
		{127FBF28-B2C2-49F7-8744-FB758456212A}.Debug|Any CPU.ActiveCfg = Debug|Any CPU
		{127FBF28-B2C2-49F7-8744-FB758456212A}.Debug|Any CPU.Build.0 = Debug|Any CPU
		{127FBF28-B2C2-49F7-8744-FB758456212A}.Debug|x64.ActiveCfg = Debug|Any CPU
		{127FBF28-B2C2-49F7-8744-FB758456212A}.Debug|x64.Build.0 = Debug|Any CPU
		{127FBF28-B2C2-49F7-8744-FB758456212A}.Debug|x86.ActiveCfg = Debug|Any CPU
		{127FBF28-B2C2-49F7-8744-FB758456212A}.Debug|x86.Build.0 = Debug|Any CPU
		{127FBF28-B2C2-49F7-8744-FB758456212A}.Release|Any CPU.ActiveCfg = Release|Any CPU
		{127FBF28-B2C2-49F7-8744-FB758456212A}.Release|Any CPU.Build.0 = Release|Any CPU
		{127FBF28-B2C2-49F7-8744-FB758456212A}.Release|x64.ActiveCfg = Release|Any CPU
		{127FBF28-B2C2-49F7-8744-FB758456212A}.Release|x64.Build.0 = Release|Any CPU
		{127FBF28-B2C2-49F7-8744-FB758456212A}.Release|x86.ActiveCfg = Release|Any CPU
		{127FBF28-B2C2-49F7-8744-FB758456212A}.Release|x86.Build.0 = Release|Any CPU
		{FE8FA50B-D5BE-4CEA-89E1-025522A268D3}.Debug|Any CPU.ActiveCfg = Debug|Any CPU
		{FE8FA50B-D5BE-4CEA-89E1-025522A268D3}.Debug|Any CPU.Build.0 = Debug|Any CPU
		{FE8FA50B-D5BE-4CEA-89E1-025522A268D3}.Debug|x64.ActiveCfg = Debug|Any CPU
		{FE8FA50B-D5BE-4CEA-89E1-025522A268D3}.Debug|x64.Build.0 = Debug|Any CPU
		{FE8FA50B-D5BE-4CEA-89E1-025522A268D3}.Debug|x86.ActiveCfg = Debug|Any CPU
		{FE8FA50B-D5BE-4CEA-89E1-025522A268D3}.Debug|x86.Build.0 = Debug|Any CPU
		{FE8FA50B-D5BE-4CEA-89E1-025522A268D3}.Release|Any CPU.ActiveCfg = Release|Any CPU
		{FE8FA50B-D5BE-4CEA-89E1-025522A268D3}.Release|Any CPU.Build.0 = Release|Any CPU
		{FE8FA50B-D5BE-4CEA-89E1-025522A268D3}.Release|x64.ActiveCfg = Release|Any CPU
		{FE8FA50B-D5BE-4CEA-89E1-025522A268D3}.Release|x64.Build.0 = Release|Any CPU
		{FE8FA50B-D5BE-4CEA-89E1-025522A268D3}.Release|x86.ActiveCfg = Release|Any CPU
		{FE8FA50B-D5BE-4CEA-89E1-025522A268D3}.Release|x86.Build.0 = Release|Any CPU
		{DE3103BB-E0FD-4BAF-B737-745E13A643AB}.Debug|Any CPU.ActiveCfg = Debug|Any CPU
		{DE3103BB-E0FD-4BAF-B737-745E13A643AB}.Debug|Any CPU.Build.0 = Debug|Any CPU
		{DE3103BB-E0FD-4BAF-B737-745E13A643AB}.Debug|x64.ActiveCfg = Debug|Any CPU
		{DE3103BB-E0FD-4BAF-B737-745E13A643AB}.Debug|x64.Build.0 = Debug|Any CPU
		{DE3103BB-E0FD-4BAF-B737-745E13A643AB}.Debug|x86.ActiveCfg = Debug|Any CPU
		{DE3103BB-E0FD-4BAF-B737-745E13A643AB}.Debug|x86.Build.0 = Debug|Any CPU
		{DE3103BB-E0FD-4BAF-B737-745E13A643AB}.Release|Any CPU.ActiveCfg = Release|Any CPU
		{DE3103BB-E0FD-4BAF-B737-745E13A643AB}.Release|Any CPU.Build.0 = Release|Any CPU
		{DE3103BB-E0FD-4BAF-B737-745E13A643AB}.Release|x64.ActiveCfg = Release|Any CPU
		{DE3103BB-E0FD-4BAF-B737-745E13A643AB}.Release|x64.Build.0 = Release|Any CPU
		{DE3103BB-E0FD-4BAF-B737-745E13A643AB}.Release|x86.ActiveCfg = Release|Any CPU
		{DE3103BB-E0FD-4BAF-B737-745E13A643AB}.Release|x86.Build.0 = Release|Any CPU
		{33C6BF06-31C1-4B71-83BB-A75B21EE996A}.Debug|Any CPU.ActiveCfg = Debug|Any CPU
		{33C6BF06-31C1-4B71-83BB-A75B21EE996A}.Debug|Any CPU.Build.0 = Debug|Any CPU
		{33C6BF06-31C1-4B71-83BB-A75B21EE996A}.Debug|x64.ActiveCfg = Debug|Any CPU
		{33C6BF06-31C1-4B71-83BB-A75B21EE996A}.Debug|x64.Build.0 = Debug|Any CPU
		{33C6BF06-31C1-4B71-83BB-A75B21EE996A}.Debug|x86.ActiveCfg = Debug|Any CPU
		{33C6BF06-31C1-4B71-83BB-A75B21EE996A}.Debug|x86.Build.0 = Debug|Any CPU
		{33C6BF06-31C1-4B71-83BB-A75B21EE996A}.Release|Any CPU.ActiveCfg = Release|Any CPU
		{33C6BF06-31C1-4B71-83BB-A75B21EE996A}.Release|Any CPU.Build.0 = Release|Any CPU
		{33C6BF06-31C1-4B71-83BB-A75B21EE996A}.Release|x64.ActiveCfg = Release|Any CPU
		{33C6BF06-31C1-4B71-83BB-A75B21EE996A}.Release|x64.Build.0 = Release|Any CPU
		{33C6BF06-31C1-4B71-83BB-A75B21EE996A}.Release|x86.ActiveCfg = Release|Any CPU
		{33C6BF06-31C1-4B71-83BB-A75B21EE996A}.Release|x86.Build.0 = Release|Any CPU
		{0617438F-FD86-41D5-97C7-B632324D11AD}.Debug|Any CPU.ActiveCfg = Debug|Any CPU
		{0617438F-FD86-41D5-97C7-B632324D11AD}.Debug|Any CPU.Build.0 = Debug|Any CPU
		{0617438F-FD86-41D5-97C7-B632324D11AD}.Debug|x64.ActiveCfg = Debug|Any CPU
		{0617438F-FD86-41D5-97C7-B632324D11AD}.Debug|x64.Build.0 = Debug|Any CPU
		{0617438F-FD86-41D5-97C7-B632324D11AD}.Debug|x86.ActiveCfg = Debug|Any CPU
		{0617438F-FD86-41D5-97C7-B632324D11AD}.Debug|x86.Build.0 = Debug|Any CPU
		{0617438F-FD86-41D5-97C7-B632324D11AD}.Release|Any CPU.ActiveCfg = Release|Any CPU
		{0617438F-FD86-41D5-97C7-B632324D11AD}.Release|Any CPU.Build.0 = Release|Any CPU
		{0617438F-FD86-41D5-97C7-B632324D11AD}.Release|x64.ActiveCfg = Release|Any CPU
		{0617438F-FD86-41D5-97C7-B632324D11AD}.Release|x64.Build.0 = Release|Any CPU
		{0617438F-FD86-41D5-97C7-B632324D11AD}.Release|x86.ActiveCfg = Release|Any CPU
		{0617438F-FD86-41D5-97C7-B632324D11AD}.Release|x86.Build.0 = Release|Any CPU
		{5AE8505C-FE8B-442D-BBC1-A2FF2BD524D7}.Debug|Any CPU.ActiveCfg = Debug|Any CPU
		{5AE8505C-FE8B-442D-BBC1-A2FF2BD524D7}.Debug|Any CPU.Build.0 = Debug|Any CPU
		{5AE8505C-FE8B-442D-BBC1-A2FF2BD524D7}.Debug|x64.ActiveCfg = Debug|Any CPU
		{5AE8505C-FE8B-442D-BBC1-A2FF2BD524D7}.Debug|x64.Build.0 = Debug|Any CPU
		{5AE8505C-FE8B-442D-BBC1-A2FF2BD524D7}.Debug|x86.ActiveCfg = Debug|Any CPU
		{5AE8505C-FE8B-442D-BBC1-A2FF2BD524D7}.Debug|x86.Build.0 = Debug|Any CPU
		{5AE8505C-FE8B-442D-BBC1-A2FF2BD524D7}.Release|Any CPU.ActiveCfg = Release|Any CPU
		{5AE8505C-FE8B-442D-BBC1-A2FF2BD524D7}.Release|Any CPU.Build.0 = Release|Any CPU
		{5AE8505C-FE8B-442D-BBC1-A2FF2BD524D7}.Release|x64.ActiveCfg = Release|Any CPU
		{5AE8505C-FE8B-442D-BBC1-A2FF2BD524D7}.Release|x64.Build.0 = Release|Any CPU
		{5AE8505C-FE8B-442D-BBC1-A2FF2BD524D7}.Release|x86.ActiveCfg = Release|Any CPU
		{5AE8505C-FE8B-442D-BBC1-A2FF2BD524D7}.Release|x86.Build.0 = Release|Any CPU
		{30026B68-BACA-4301-AC60-DE13CBDC5940}.Debug|Any CPU.ActiveCfg = Debug|Any CPU
		{30026B68-BACA-4301-AC60-DE13CBDC5940}.Debug|Any CPU.Build.0 = Debug|Any CPU
		{30026B68-BACA-4301-AC60-DE13CBDC5940}.Debug|x64.ActiveCfg = Debug|Any CPU
		{30026B68-BACA-4301-AC60-DE13CBDC5940}.Debug|x64.Build.0 = Debug|Any CPU
		{30026B68-BACA-4301-AC60-DE13CBDC5940}.Debug|x86.ActiveCfg = Debug|Any CPU
		{30026B68-BACA-4301-AC60-DE13CBDC5940}.Debug|x86.Build.0 = Debug|Any CPU
		{30026B68-BACA-4301-AC60-DE13CBDC5940}.Release|Any CPU.ActiveCfg = Release|Any CPU
		{30026B68-BACA-4301-AC60-DE13CBDC5940}.Release|Any CPU.Build.0 = Release|Any CPU
		{30026B68-BACA-4301-AC60-DE13CBDC5940}.Release|x64.ActiveCfg = Release|Any CPU
		{30026B68-BACA-4301-AC60-DE13CBDC5940}.Release|x64.Build.0 = Release|Any CPU
		{30026B68-BACA-4301-AC60-DE13CBDC5940}.Release|x86.ActiveCfg = Release|Any CPU
		{30026B68-BACA-4301-AC60-DE13CBDC5940}.Release|x86.Build.0 = Release|Any CPU
		{D79D1FE4-1E46-4D35-A5B1-99E11DDF9F7E}.Debug|Any CPU.ActiveCfg = Debug|Any CPU
		{D79D1FE4-1E46-4D35-A5B1-99E11DDF9F7E}.Debug|Any CPU.Build.0 = Debug|Any CPU
		{D79D1FE4-1E46-4D35-A5B1-99E11DDF9F7E}.Debug|x64.ActiveCfg = Debug|Any CPU
		{D79D1FE4-1E46-4D35-A5B1-99E11DDF9F7E}.Debug|x64.Build.0 = Debug|Any CPU
		{D79D1FE4-1E46-4D35-A5B1-99E11DDF9F7E}.Debug|x86.ActiveCfg = Debug|Any CPU
		{D79D1FE4-1E46-4D35-A5B1-99E11DDF9F7E}.Debug|x86.Build.0 = Debug|Any CPU
		{D79D1FE4-1E46-4D35-A5B1-99E11DDF9F7E}.Release|Any CPU.ActiveCfg = Release|Any CPU
		{D79D1FE4-1E46-4D35-A5B1-99E11DDF9F7E}.Release|Any CPU.Build.0 = Release|Any CPU
		{D79D1FE4-1E46-4D35-A5B1-99E11DDF9F7E}.Release|x64.ActiveCfg = Release|Any CPU
		{D79D1FE4-1E46-4D35-A5B1-99E11DDF9F7E}.Release|x64.Build.0 = Release|Any CPU
		{D79D1FE4-1E46-4D35-A5B1-99E11DDF9F7E}.Release|x86.ActiveCfg = Release|Any CPU
		{D79D1FE4-1E46-4D35-A5B1-99E11DDF9F7E}.Release|x86.Build.0 = Release|Any CPU
		{66BCDAA3-2306-4A24-A878-433E8F13B5CA}.Debug|Any CPU.ActiveCfg = Debug|Any CPU
		{66BCDAA3-2306-4A24-A878-433E8F13B5CA}.Debug|Any CPU.Build.0 = Debug|Any CPU
		{66BCDAA3-2306-4A24-A878-433E8F13B5CA}.Debug|x64.ActiveCfg = Debug|Any CPU
		{66BCDAA3-2306-4A24-A878-433E8F13B5CA}.Debug|x64.Build.0 = Debug|Any CPU
		{66BCDAA3-2306-4A24-A878-433E8F13B5CA}.Debug|x86.ActiveCfg = Debug|Any CPU
		{66BCDAA3-2306-4A24-A878-433E8F13B5CA}.Debug|x86.Build.0 = Debug|Any CPU
		{66BCDAA3-2306-4A24-A878-433E8F13B5CA}.Release|Any CPU.ActiveCfg = Release|Any CPU
		{66BCDAA3-2306-4A24-A878-433E8F13B5CA}.Release|Any CPU.Build.0 = Release|Any CPU
		{66BCDAA3-2306-4A24-A878-433E8F13B5CA}.Release|x64.ActiveCfg = Release|Any CPU
		{66BCDAA3-2306-4A24-A878-433E8F13B5CA}.Release|x64.Build.0 = Release|Any CPU
		{66BCDAA3-2306-4A24-A878-433E8F13B5CA}.Release|x86.ActiveCfg = Release|Any CPU
		{66BCDAA3-2306-4A24-A878-433E8F13B5CA}.Release|x86.Build.0 = Release|Any CPU
		{2A02FAC0-32EC-4231-9BC6-91BCC00A531B}.Debug|Any CPU.ActiveCfg = Debug|Any CPU
		{2A02FAC0-32EC-4231-9BC6-91BCC00A531B}.Debug|Any CPU.Build.0 = Debug|Any CPU
		{2A02FAC0-32EC-4231-9BC6-91BCC00A531B}.Debug|x64.ActiveCfg = Debug|Any CPU
		{2A02FAC0-32EC-4231-9BC6-91BCC00A531B}.Debug|x64.Build.0 = Debug|Any CPU
		{2A02FAC0-32EC-4231-9BC6-91BCC00A531B}.Debug|x86.ActiveCfg = Debug|Any CPU
		{2A02FAC0-32EC-4231-9BC6-91BCC00A531B}.Debug|x86.Build.0 = Debug|Any CPU
		{2A02FAC0-32EC-4231-9BC6-91BCC00A531B}.Release|Any CPU.ActiveCfg = Release|Any CPU
		{2A02FAC0-32EC-4231-9BC6-91BCC00A531B}.Release|Any CPU.Build.0 = Release|Any CPU
		{2A02FAC0-32EC-4231-9BC6-91BCC00A531B}.Release|x64.ActiveCfg = Release|Any CPU
		{2A02FAC0-32EC-4231-9BC6-91BCC00A531B}.Release|x64.Build.0 = Release|Any CPU
		{2A02FAC0-32EC-4231-9BC6-91BCC00A531B}.Release|x86.ActiveCfg = Release|Any CPU
		{2A02FAC0-32EC-4231-9BC6-91BCC00A531B}.Release|x86.Build.0 = Release|Any CPU
		{4C9091B3-4843-43B7-89BF-41201844F9C5}.Debug|Any CPU.ActiveCfg = Debug|Any CPU
		{4C9091B3-4843-43B7-89BF-41201844F9C5}.Debug|Any CPU.Build.0 = Debug|Any CPU
		{4C9091B3-4843-43B7-89BF-41201844F9C5}.Debug|x64.ActiveCfg = Debug|Any CPU
		{4C9091B3-4843-43B7-89BF-41201844F9C5}.Debug|x64.Build.0 = Debug|Any CPU
		{4C9091B3-4843-43B7-89BF-41201844F9C5}.Debug|x86.ActiveCfg = Debug|Any CPU
		{4C9091B3-4843-43B7-89BF-41201844F9C5}.Debug|x86.Build.0 = Debug|Any CPU
		{4C9091B3-4843-43B7-89BF-41201844F9C5}.Release|Any CPU.ActiveCfg = Release|Any CPU
		{4C9091B3-4843-43B7-89BF-41201844F9C5}.Release|Any CPU.Build.0 = Release|Any CPU
		{4C9091B3-4843-43B7-89BF-41201844F9C5}.Release|x64.ActiveCfg = Release|Any CPU
		{4C9091B3-4843-43B7-89BF-41201844F9C5}.Release|x64.Build.0 = Release|Any CPU
		{4C9091B3-4843-43B7-89BF-41201844F9C5}.Release|x86.ActiveCfg = Release|Any CPU
		{4C9091B3-4843-43B7-89BF-41201844F9C5}.Release|x86.Build.0 = Release|Any CPU
		{2DF437AE-9D24-4D2D-B0C6-268A7D47E86A}.Debug|Any CPU.ActiveCfg = Debug|Any CPU
		{2DF437AE-9D24-4D2D-B0C6-268A7D47E86A}.Debug|Any CPU.Build.0 = Debug|Any CPU
		{2DF437AE-9D24-4D2D-B0C6-268A7D47E86A}.Debug|x64.ActiveCfg = Debug|Any CPU
		{2DF437AE-9D24-4D2D-B0C6-268A7D47E86A}.Debug|x64.Build.0 = Debug|Any CPU
		{2DF437AE-9D24-4D2D-B0C6-268A7D47E86A}.Debug|x86.ActiveCfg = Debug|Any CPU
		{2DF437AE-9D24-4D2D-B0C6-268A7D47E86A}.Debug|x86.Build.0 = Debug|Any CPU
		{2DF437AE-9D24-4D2D-B0C6-268A7D47E86A}.Release|Any CPU.ActiveCfg = Release|Any CPU
		{2DF437AE-9D24-4D2D-B0C6-268A7D47E86A}.Release|Any CPU.Build.0 = Release|Any CPU
		{2DF437AE-9D24-4D2D-B0C6-268A7D47E86A}.Release|x64.ActiveCfg = Release|Any CPU
		{2DF437AE-9D24-4D2D-B0C6-268A7D47E86A}.Release|x64.Build.0 = Release|Any CPU
		{2DF437AE-9D24-4D2D-B0C6-268A7D47E86A}.Release|x86.ActiveCfg = Release|Any CPU
		{2DF437AE-9D24-4D2D-B0C6-268A7D47E86A}.Release|x86.Build.0 = Release|Any CPU
		{04647F38-9078-44F3-870C-98CA9D22EC85}.Debug|Any CPU.ActiveCfg = Debug|Any CPU
		{04647F38-9078-44F3-870C-98CA9D22EC85}.Debug|Any CPU.Build.0 = Debug|Any CPU
		{04647F38-9078-44F3-870C-98CA9D22EC85}.Debug|x64.ActiveCfg = Debug|Any CPU
		{04647F38-9078-44F3-870C-98CA9D22EC85}.Debug|x64.Build.0 = Debug|Any CPU
		{04647F38-9078-44F3-870C-98CA9D22EC85}.Debug|x86.ActiveCfg = Debug|Any CPU
		{04647F38-9078-44F3-870C-98CA9D22EC85}.Debug|x86.Build.0 = Debug|Any CPU
		{04647F38-9078-44F3-870C-98CA9D22EC85}.Release|Any CPU.ActiveCfg = Release|Any CPU
		{04647F38-9078-44F3-870C-98CA9D22EC85}.Release|Any CPU.Build.0 = Release|Any CPU
		{04647F38-9078-44F3-870C-98CA9D22EC85}.Release|x64.ActiveCfg = Release|Any CPU
		{04647F38-9078-44F3-870C-98CA9D22EC85}.Release|x64.Build.0 = Release|Any CPU
		{04647F38-9078-44F3-870C-98CA9D22EC85}.Release|x86.ActiveCfg = Release|Any CPU
		{04647F38-9078-44F3-870C-98CA9D22EC85}.Release|x86.Build.0 = Release|Any CPU
		{8B9DCF60-4B36-40D5-8CEB-59F0A561CB8B}.Debug|Any CPU.ActiveCfg = Debug|Any CPU
		{8B9DCF60-4B36-40D5-8CEB-59F0A561CB8B}.Debug|Any CPU.Build.0 = Debug|Any CPU
		{8B9DCF60-4B36-40D5-8CEB-59F0A561CB8B}.Debug|x64.ActiveCfg = Debug|Any CPU
		{8B9DCF60-4B36-40D5-8CEB-59F0A561CB8B}.Debug|x64.Build.0 = Debug|Any CPU
		{8B9DCF60-4B36-40D5-8CEB-59F0A561CB8B}.Debug|x86.ActiveCfg = Debug|Any CPU
		{8B9DCF60-4B36-40D5-8CEB-59F0A561CB8B}.Debug|x86.Build.0 = Debug|Any CPU
		{8B9DCF60-4B36-40D5-8CEB-59F0A561CB8B}.Release|Any CPU.ActiveCfg = Release|Any CPU
		{8B9DCF60-4B36-40D5-8CEB-59F0A561CB8B}.Release|Any CPU.Build.0 = Release|Any CPU
		{8B9DCF60-4B36-40D5-8CEB-59F0A561CB8B}.Release|x64.ActiveCfg = Release|Any CPU
		{8B9DCF60-4B36-40D5-8CEB-59F0A561CB8B}.Release|x64.Build.0 = Release|Any CPU
		{8B9DCF60-4B36-40D5-8CEB-59F0A561CB8B}.Release|x86.ActiveCfg = Release|Any CPU
		{8B9DCF60-4B36-40D5-8CEB-59F0A561CB8B}.Release|x86.Build.0 = Release|Any CPU
		{338D6165-8841-4C7A-BB65-083986814BD6}.Debug|Any CPU.ActiveCfg = Debug|Any CPU
		{338D6165-8841-4C7A-BB65-083986814BD6}.Debug|Any CPU.Build.0 = Debug|Any CPU
		{338D6165-8841-4C7A-BB65-083986814BD6}.Debug|x64.ActiveCfg = Debug|Any CPU
		{338D6165-8841-4C7A-BB65-083986814BD6}.Debug|x64.Build.0 = Debug|Any CPU
		{338D6165-8841-4C7A-BB65-083986814BD6}.Debug|x86.ActiveCfg = Debug|Any CPU
		{338D6165-8841-4C7A-BB65-083986814BD6}.Debug|x86.Build.0 = Debug|Any CPU
		{338D6165-8841-4C7A-BB65-083986814BD6}.Release|Any CPU.ActiveCfg = Release|Any CPU
		{338D6165-8841-4C7A-BB65-083986814BD6}.Release|Any CPU.Build.0 = Release|Any CPU
		{338D6165-8841-4C7A-BB65-083986814BD6}.Release|x64.ActiveCfg = Release|Any CPU
		{338D6165-8841-4C7A-BB65-083986814BD6}.Release|x64.Build.0 = Release|Any CPU
		{338D6165-8841-4C7A-BB65-083986814BD6}.Release|x86.ActiveCfg = Release|Any CPU
		{338D6165-8841-4C7A-BB65-083986814BD6}.Release|x86.Build.0 = Release|Any CPU
		{EBF2AEFD-F41E-4739-BDF2-A9968231D83E}.Debug|Any CPU.ActiveCfg = Debug|Any CPU
		{EBF2AEFD-F41E-4739-BDF2-A9968231D83E}.Debug|Any CPU.Build.0 = Debug|Any CPU
		{EBF2AEFD-F41E-4739-BDF2-A9968231D83E}.Debug|x64.ActiveCfg = Debug|Any CPU
		{EBF2AEFD-F41E-4739-BDF2-A9968231D83E}.Debug|x64.Build.0 = Debug|Any CPU
		{EBF2AEFD-F41E-4739-BDF2-A9968231D83E}.Debug|x86.ActiveCfg = Debug|Any CPU
		{EBF2AEFD-F41E-4739-BDF2-A9968231D83E}.Debug|x86.Build.0 = Debug|Any CPU
		{EBF2AEFD-F41E-4739-BDF2-A9968231D83E}.Release|Any CPU.ActiveCfg = Release|Any CPU
		{EBF2AEFD-F41E-4739-BDF2-A9968231D83E}.Release|Any CPU.Build.0 = Release|Any CPU
		{EBF2AEFD-F41E-4739-BDF2-A9968231D83E}.Release|x64.ActiveCfg = Release|Any CPU
		{EBF2AEFD-F41E-4739-BDF2-A9968231D83E}.Release|x64.Build.0 = Release|Any CPU
		{EBF2AEFD-F41E-4739-BDF2-A9968231D83E}.Release|x86.ActiveCfg = Release|Any CPU
		{EBF2AEFD-F41E-4739-BDF2-A9968231D83E}.Release|x86.Build.0 = Release|Any CPU
		{AFBE0FB4-04A4-41AE-ADB9-97EF075A9BB4}.Debug|Any CPU.ActiveCfg = Debug|Any CPU
		{AFBE0FB4-04A4-41AE-ADB9-97EF075A9BB4}.Debug|Any CPU.Build.0 = Debug|Any CPU
		{AFBE0FB4-04A4-41AE-ADB9-97EF075A9BB4}.Debug|x64.ActiveCfg = Debug|Any CPU
		{AFBE0FB4-04A4-41AE-ADB9-97EF075A9BB4}.Debug|x64.Build.0 = Debug|Any CPU
		{AFBE0FB4-04A4-41AE-ADB9-97EF075A9BB4}.Debug|x86.ActiveCfg = Debug|Any CPU
		{AFBE0FB4-04A4-41AE-ADB9-97EF075A9BB4}.Debug|x86.Build.0 = Debug|Any CPU
		{AFBE0FB4-04A4-41AE-ADB9-97EF075A9BB4}.Release|Any CPU.ActiveCfg = Release|Any CPU
		{AFBE0FB4-04A4-41AE-ADB9-97EF075A9BB4}.Release|Any CPU.Build.0 = Release|Any CPU
		{AFBE0FB4-04A4-41AE-ADB9-97EF075A9BB4}.Release|x64.ActiveCfg = Release|Any CPU
		{AFBE0FB4-04A4-41AE-ADB9-97EF075A9BB4}.Release|x64.Build.0 = Release|Any CPU
		{AFBE0FB4-04A4-41AE-ADB9-97EF075A9BB4}.Release|x86.ActiveCfg = Release|Any CPU
		{AFBE0FB4-04A4-41AE-ADB9-97EF075A9BB4}.Release|x86.Build.0 = Release|Any CPU
		{42A36944-8FAF-4996-97B0-D5E004142DB3}.Debug|Any CPU.ActiveCfg = Debug|Any CPU
		{42A36944-8FAF-4996-97B0-D5E004142DB3}.Debug|Any CPU.Build.0 = Debug|Any CPU
		{42A36944-8FAF-4996-97B0-D5E004142DB3}.Debug|x64.ActiveCfg = Debug|Any CPU
		{42A36944-8FAF-4996-97B0-D5E004142DB3}.Debug|x64.Build.0 = Debug|Any CPU
		{42A36944-8FAF-4996-97B0-D5E004142DB3}.Debug|x86.ActiveCfg = Debug|Any CPU
		{42A36944-8FAF-4996-97B0-D5E004142DB3}.Debug|x86.Build.0 = Debug|Any CPU
		{42A36944-8FAF-4996-97B0-D5E004142DB3}.Release|Any CPU.ActiveCfg = Release|Any CPU
		{42A36944-8FAF-4996-97B0-D5E004142DB3}.Release|Any CPU.Build.0 = Release|Any CPU
		{42A36944-8FAF-4996-97B0-D5E004142DB3}.Release|x64.ActiveCfg = Release|Any CPU
		{42A36944-8FAF-4996-97B0-D5E004142DB3}.Release|x64.Build.0 = Release|Any CPU
		{42A36944-8FAF-4996-97B0-D5E004142DB3}.Release|x86.ActiveCfg = Release|Any CPU
		{42A36944-8FAF-4996-97B0-D5E004142DB3}.Release|x86.Build.0 = Release|Any CPU
		{F2545A0B-C25F-4A76-B67C-46B0AF810C13}.Debug|Any CPU.ActiveCfg = Debug|Any CPU
		{F2545A0B-C25F-4A76-B67C-46B0AF810C13}.Debug|Any CPU.Build.0 = Debug|Any CPU
		{F2545A0B-C25F-4A76-B67C-46B0AF810C13}.Debug|x64.ActiveCfg = Debug|Any CPU
		{F2545A0B-C25F-4A76-B67C-46B0AF810C13}.Debug|x64.Build.0 = Debug|Any CPU
		{F2545A0B-C25F-4A76-B67C-46B0AF810C13}.Debug|x86.ActiveCfg = Debug|Any CPU
		{F2545A0B-C25F-4A76-B67C-46B0AF810C13}.Debug|x86.Build.0 = Debug|Any CPU
		{F2545A0B-C25F-4A76-B67C-46B0AF810C13}.Release|Any CPU.ActiveCfg = Release|Any CPU
		{F2545A0B-C25F-4A76-B67C-46B0AF810C13}.Release|Any CPU.Build.0 = Release|Any CPU
		{F2545A0B-C25F-4A76-B67C-46B0AF810C13}.Release|x64.ActiveCfg = Release|Any CPU
		{F2545A0B-C25F-4A76-B67C-46B0AF810C13}.Release|x64.Build.0 = Release|Any CPU
		{F2545A0B-C25F-4A76-B67C-46B0AF810C13}.Release|x86.ActiveCfg = Release|Any CPU
		{F2545A0B-C25F-4A76-B67C-46B0AF810C13}.Release|x86.Build.0 = Release|Any CPU
		{D7F6A84D-FADA-4DC3-9C9E-1BE7BC008B31}.Debug|Any CPU.ActiveCfg = Debug|Any CPU
		{D7F6A84D-FADA-4DC3-9C9E-1BE7BC008B31}.Debug|Any CPU.Build.0 = Debug|Any CPU
		{D7F6A84D-FADA-4DC3-9C9E-1BE7BC008B31}.Debug|x64.ActiveCfg = Debug|Any CPU
		{D7F6A84D-FADA-4DC3-9C9E-1BE7BC008B31}.Debug|x64.Build.0 = Debug|Any CPU
		{D7F6A84D-FADA-4DC3-9C9E-1BE7BC008B31}.Debug|x86.ActiveCfg = Debug|Any CPU
		{D7F6A84D-FADA-4DC3-9C9E-1BE7BC008B31}.Debug|x86.Build.0 = Debug|Any CPU
		{D7F6A84D-FADA-4DC3-9C9E-1BE7BC008B31}.Release|Any CPU.ActiveCfg = Release|Any CPU
		{D7F6A84D-FADA-4DC3-9C9E-1BE7BC008B31}.Release|Any CPU.Build.0 = Release|Any CPU
		{D7F6A84D-FADA-4DC3-9C9E-1BE7BC008B31}.Release|x64.ActiveCfg = Release|Any CPU
		{D7F6A84D-FADA-4DC3-9C9E-1BE7BC008B31}.Release|x64.Build.0 = Release|Any CPU
		{D7F6A84D-FADA-4DC3-9C9E-1BE7BC008B31}.Release|x86.ActiveCfg = Release|Any CPU
		{D7F6A84D-FADA-4DC3-9C9E-1BE7BC008B31}.Release|x86.Build.0 = Release|Any CPU
		{51FA80B0-E511-418C-919F-BEFB1511D0E4}.Debug|Any CPU.ActiveCfg = Debug|Any CPU
		{51FA80B0-E511-418C-919F-BEFB1511D0E4}.Debug|Any CPU.Build.0 = Debug|Any CPU
		{51FA80B0-E511-418C-919F-BEFB1511D0E4}.Debug|x64.ActiveCfg = Debug|Any CPU
		{51FA80B0-E511-418C-919F-BEFB1511D0E4}.Debug|x64.Build.0 = Debug|Any CPU
		{51FA80B0-E511-418C-919F-BEFB1511D0E4}.Debug|x86.ActiveCfg = Debug|Any CPU
		{51FA80B0-E511-418C-919F-BEFB1511D0E4}.Debug|x86.Build.0 = Debug|Any CPU
		{51FA80B0-E511-418C-919F-BEFB1511D0E4}.Release|Any CPU.ActiveCfg = Release|Any CPU
		{51FA80B0-E511-418C-919F-BEFB1511D0E4}.Release|Any CPU.Build.0 = Release|Any CPU
		{51FA80B0-E511-418C-919F-BEFB1511D0E4}.Release|x64.ActiveCfg = Release|Any CPU
		{51FA80B0-E511-418C-919F-BEFB1511D0E4}.Release|x64.Build.0 = Release|Any CPU
		{51FA80B0-E511-418C-919F-BEFB1511D0E4}.Release|x86.ActiveCfg = Release|Any CPU
		{51FA80B0-E511-418C-919F-BEFB1511D0E4}.Release|x86.Build.0 = Release|Any CPU
		{E7879ED1-9980-4D4B-A063-E460B36CA403}.Debug|Any CPU.ActiveCfg = Debug|Any CPU
		{E7879ED1-9980-4D4B-A063-E460B36CA403}.Debug|Any CPU.Build.0 = Debug|Any CPU
		{E7879ED1-9980-4D4B-A063-E460B36CA403}.Debug|x64.ActiveCfg = Debug|Any CPU
		{E7879ED1-9980-4D4B-A063-E460B36CA403}.Debug|x64.Build.0 = Debug|Any CPU
		{E7879ED1-9980-4D4B-A063-E460B36CA403}.Debug|x86.ActiveCfg = Debug|Any CPU
		{E7879ED1-9980-4D4B-A063-E460B36CA403}.Debug|x86.Build.0 = Debug|Any CPU
		{E7879ED1-9980-4D4B-A063-E460B36CA403}.Release|Any CPU.ActiveCfg = Release|Any CPU
		{E7879ED1-9980-4D4B-A063-E460B36CA403}.Release|Any CPU.Build.0 = Release|Any CPU
		{E7879ED1-9980-4D4B-A063-E460B36CA403}.Release|x64.ActiveCfg = Release|Any CPU
		{E7879ED1-9980-4D4B-A063-E460B36CA403}.Release|x64.Build.0 = Release|Any CPU
		{E7879ED1-9980-4D4B-A063-E460B36CA403}.Release|x86.ActiveCfg = Release|Any CPU
		{E7879ED1-9980-4D4B-A063-E460B36CA403}.Release|x86.Build.0 = Release|Any CPU
		{34148E71-1798-4A0C-9E85-A7652B1C45A4}.Debug|Any CPU.ActiveCfg = Debug|Any CPU
		{34148E71-1798-4A0C-9E85-A7652B1C45A4}.Debug|Any CPU.Build.0 = Debug|Any CPU
		{34148E71-1798-4A0C-9E85-A7652B1C45A4}.Debug|x64.ActiveCfg = Debug|Any CPU
		{34148E71-1798-4A0C-9E85-A7652B1C45A4}.Debug|x64.Build.0 = Debug|Any CPU
		{34148E71-1798-4A0C-9E85-A7652B1C45A4}.Debug|x86.ActiveCfg = Debug|Any CPU
		{34148E71-1798-4A0C-9E85-A7652B1C45A4}.Debug|x86.Build.0 = Debug|Any CPU
		{34148E71-1798-4A0C-9E85-A7652B1C45A4}.Release|Any CPU.ActiveCfg = Release|Any CPU
		{34148E71-1798-4A0C-9E85-A7652B1C45A4}.Release|Any CPU.Build.0 = Release|Any CPU
		{34148E71-1798-4A0C-9E85-A7652B1C45A4}.Release|x64.ActiveCfg = Release|Any CPU
		{34148E71-1798-4A0C-9E85-A7652B1C45A4}.Release|x64.Build.0 = Release|Any CPU
		{34148E71-1798-4A0C-9E85-A7652B1C45A4}.Release|x86.ActiveCfg = Release|Any CPU
		{34148E71-1798-4A0C-9E85-A7652B1C45A4}.Release|x86.Build.0 = Release|Any CPU
		{E898CB3F-8F34-4A18-9915-2A1E5274DBF8}.Debug|Any CPU.ActiveCfg = Debug|Any CPU
		{E898CB3F-8F34-4A18-9915-2A1E5274DBF8}.Debug|Any CPU.Build.0 = Debug|Any CPU
		{E898CB3F-8F34-4A18-9915-2A1E5274DBF8}.Debug|x64.ActiveCfg = Debug|Any CPU
		{E898CB3F-8F34-4A18-9915-2A1E5274DBF8}.Debug|x64.Build.0 = Debug|Any CPU
		{E898CB3F-8F34-4A18-9915-2A1E5274DBF8}.Debug|x86.ActiveCfg = Debug|Any CPU
		{E898CB3F-8F34-4A18-9915-2A1E5274DBF8}.Debug|x86.Build.0 = Debug|Any CPU
		{E898CB3F-8F34-4A18-9915-2A1E5274DBF8}.Release|Any CPU.ActiveCfg = Release|Any CPU
		{E898CB3F-8F34-4A18-9915-2A1E5274DBF8}.Release|Any CPU.Build.0 = Release|Any CPU
		{E898CB3F-8F34-4A18-9915-2A1E5274DBF8}.Release|x64.ActiveCfg = Release|Any CPU
		{E898CB3F-8F34-4A18-9915-2A1E5274DBF8}.Release|x64.Build.0 = Release|Any CPU
		{E898CB3F-8F34-4A18-9915-2A1E5274DBF8}.Release|x86.ActiveCfg = Release|Any CPU
		{E898CB3F-8F34-4A18-9915-2A1E5274DBF8}.Release|x86.Build.0 = Release|Any CPU
		{D730EF9F-4AA3-4B52-9518-120A25235EC8}.Debug|Any CPU.ActiveCfg = Debug|Any CPU
		{D730EF9F-4AA3-4B52-9518-120A25235EC8}.Debug|Any CPU.Build.0 = Debug|Any CPU
		{D730EF9F-4AA3-4B52-9518-120A25235EC8}.Debug|x64.ActiveCfg = Debug|Any CPU
		{D730EF9F-4AA3-4B52-9518-120A25235EC8}.Debug|x64.Build.0 = Debug|Any CPU
		{D730EF9F-4AA3-4B52-9518-120A25235EC8}.Debug|x86.ActiveCfg = Debug|Any CPU
		{D730EF9F-4AA3-4B52-9518-120A25235EC8}.Debug|x86.Build.0 = Debug|Any CPU
		{D730EF9F-4AA3-4B52-9518-120A25235EC8}.Release|Any CPU.ActiveCfg = Release|Any CPU
		{D730EF9F-4AA3-4B52-9518-120A25235EC8}.Release|Any CPU.Build.0 = Release|Any CPU
		{D730EF9F-4AA3-4B52-9518-120A25235EC8}.Release|x64.ActiveCfg = Release|Any CPU
		{D730EF9F-4AA3-4B52-9518-120A25235EC8}.Release|x64.Build.0 = Release|Any CPU
		{D730EF9F-4AA3-4B52-9518-120A25235EC8}.Release|x86.ActiveCfg = Release|Any CPU
		{D730EF9F-4AA3-4B52-9518-120A25235EC8}.Release|x86.Build.0 = Release|Any CPU
		{245FFEE4-7286-4EF1-8AFB-D1BE38407FFE}.Debug|Any CPU.ActiveCfg = Debug|Any CPU
		{245FFEE4-7286-4EF1-8AFB-D1BE38407FFE}.Debug|Any CPU.Build.0 = Debug|Any CPU
		{245FFEE4-7286-4EF1-8AFB-D1BE38407FFE}.Debug|x64.ActiveCfg = Debug|Any CPU
		{245FFEE4-7286-4EF1-8AFB-D1BE38407FFE}.Debug|x64.Build.0 = Debug|Any CPU
		{245FFEE4-7286-4EF1-8AFB-D1BE38407FFE}.Debug|x86.ActiveCfg = Debug|Any CPU
		{245FFEE4-7286-4EF1-8AFB-D1BE38407FFE}.Debug|x86.Build.0 = Debug|Any CPU
		{245FFEE4-7286-4EF1-8AFB-D1BE38407FFE}.Release|Any CPU.ActiveCfg = Release|Any CPU
		{245FFEE4-7286-4EF1-8AFB-D1BE38407FFE}.Release|Any CPU.Build.0 = Release|Any CPU
		{245FFEE4-7286-4EF1-8AFB-D1BE38407FFE}.Release|x64.ActiveCfg = Release|Any CPU
		{245FFEE4-7286-4EF1-8AFB-D1BE38407FFE}.Release|x64.Build.0 = Release|Any CPU
		{245FFEE4-7286-4EF1-8AFB-D1BE38407FFE}.Release|x86.ActiveCfg = Release|Any CPU
		{245FFEE4-7286-4EF1-8AFB-D1BE38407FFE}.Release|x86.Build.0 = Release|Any CPU
		{2B3CD55A-8467-4DAC-A64A-99241CF5B903}.Debug|Any CPU.ActiveCfg = Debug|Any CPU
		{2B3CD55A-8467-4DAC-A64A-99241CF5B903}.Debug|Any CPU.Build.0 = Debug|Any CPU
		{2B3CD55A-8467-4DAC-A64A-99241CF5B903}.Debug|x64.ActiveCfg = Debug|Any CPU
		{2B3CD55A-8467-4DAC-A64A-99241CF5B903}.Debug|x64.Build.0 = Debug|Any CPU
		{2B3CD55A-8467-4DAC-A64A-99241CF5B903}.Debug|x86.ActiveCfg = Debug|Any CPU
		{2B3CD55A-8467-4DAC-A64A-99241CF5B903}.Debug|x86.Build.0 = Debug|Any CPU
		{2B3CD55A-8467-4DAC-A64A-99241CF5B903}.Release|Any CPU.ActiveCfg = Release|Any CPU
		{2B3CD55A-8467-4DAC-A64A-99241CF5B903}.Release|Any CPU.Build.0 = Release|Any CPU
		{2B3CD55A-8467-4DAC-A64A-99241CF5B903}.Release|x64.ActiveCfg = Release|Any CPU
		{2B3CD55A-8467-4DAC-A64A-99241CF5B903}.Release|x64.Build.0 = Release|Any CPU
		{2B3CD55A-8467-4DAC-A64A-99241CF5B903}.Release|x86.ActiveCfg = Release|Any CPU
		{2B3CD55A-8467-4DAC-A64A-99241CF5B903}.Release|x86.Build.0 = Release|Any CPU
		{E228A1C0-78B9-40CB-8EE1-3A974F271AD2}.Debug|Any CPU.ActiveCfg = Debug|Any CPU
		{E228A1C0-78B9-40CB-8EE1-3A974F271AD2}.Debug|Any CPU.Build.0 = Debug|Any CPU
		{E228A1C0-78B9-40CB-8EE1-3A974F271AD2}.Debug|x64.ActiveCfg = Debug|Any CPU
		{E228A1C0-78B9-40CB-8EE1-3A974F271AD2}.Debug|x64.Build.0 = Debug|Any CPU
		{E228A1C0-78B9-40CB-8EE1-3A974F271AD2}.Debug|x86.ActiveCfg = Debug|Any CPU
		{E228A1C0-78B9-40CB-8EE1-3A974F271AD2}.Debug|x86.Build.0 = Debug|Any CPU
		{E228A1C0-78B9-40CB-8EE1-3A974F271AD2}.Release|Any CPU.ActiveCfg = Release|Any CPU
		{E228A1C0-78B9-40CB-8EE1-3A974F271AD2}.Release|Any CPU.Build.0 = Release|Any CPU
		{E228A1C0-78B9-40CB-8EE1-3A974F271AD2}.Release|x64.ActiveCfg = Release|Any CPU
		{E228A1C0-78B9-40CB-8EE1-3A974F271AD2}.Release|x64.Build.0 = Release|Any CPU
		{E228A1C0-78B9-40CB-8EE1-3A974F271AD2}.Release|x86.ActiveCfg = Release|Any CPU
		{E228A1C0-78B9-40CB-8EE1-3A974F271AD2}.Release|x86.Build.0 = Release|Any CPU
		{2EC4860E-7E18-41A6-A93B-33093D77F14C}.Debug|Any CPU.ActiveCfg = Debug|Any CPU
		{2EC4860E-7E18-41A6-A93B-33093D77F14C}.Debug|Any CPU.Build.0 = Debug|Any CPU
		{2EC4860E-7E18-41A6-A93B-33093D77F14C}.Debug|x64.ActiveCfg = Debug|Any CPU
		{2EC4860E-7E18-41A6-A93B-33093D77F14C}.Debug|x64.Build.0 = Debug|Any CPU
		{2EC4860E-7E18-41A6-A93B-33093D77F14C}.Debug|x86.ActiveCfg = Debug|Any CPU
		{2EC4860E-7E18-41A6-A93B-33093D77F14C}.Debug|x86.Build.0 = Debug|Any CPU
		{2EC4860E-7E18-41A6-A93B-33093D77F14C}.Release|Any CPU.ActiveCfg = Release|Any CPU
		{2EC4860E-7E18-41A6-A93B-33093D77F14C}.Release|Any CPU.Build.0 = Release|Any CPU
		{2EC4860E-7E18-41A6-A93B-33093D77F14C}.Release|x64.ActiveCfg = Release|Any CPU
		{2EC4860E-7E18-41A6-A93B-33093D77F14C}.Release|x64.Build.0 = Release|Any CPU
		{2EC4860E-7E18-41A6-A93B-33093D77F14C}.Release|x86.ActiveCfg = Release|Any CPU
		{2EC4860E-7E18-41A6-A93B-33093D77F14C}.Release|x86.Build.0 = Release|Any CPU
		{998288E4-5314-418B-A6F2-5CCB9FC9E40D}.Debug|Any CPU.ActiveCfg = Debug|Any CPU
		{998288E4-5314-418B-A6F2-5CCB9FC9E40D}.Debug|Any CPU.Build.0 = Debug|Any CPU
		{998288E4-5314-418B-A6F2-5CCB9FC9E40D}.Debug|x64.ActiveCfg = Debug|Any CPU
		{998288E4-5314-418B-A6F2-5CCB9FC9E40D}.Debug|x64.Build.0 = Debug|Any CPU
		{998288E4-5314-418B-A6F2-5CCB9FC9E40D}.Debug|x86.ActiveCfg = Debug|Any CPU
		{998288E4-5314-418B-A6F2-5CCB9FC9E40D}.Debug|x86.Build.0 = Debug|Any CPU
		{998288E4-5314-418B-A6F2-5CCB9FC9E40D}.Release|Any CPU.ActiveCfg = Release|Any CPU
		{998288E4-5314-418B-A6F2-5CCB9FC9E40D}.Release|Any CPU.Build.0 = Release|Any CPU
		{998288E4-5314-418B-A6F2-5CCB9FC9E40D}.Release|x64.ActiveCfg = Release|Any CPU
		{998288E4-5314-418B-A6F2-5CCB9FC9E40D}.Release|x64.Build.0 = Release|Any CPU
		{998288E4-5314-418B-A6F2-5CCB9FC9E40D}.Release|x86.ActiveCfg = Release|Any CPU
		{998288E4-5314-418B-A6F2-5CCB9FC9E40D}.Release|x86.Build.0 = Release|Any CPU
		{16EBC602-258E-4412-8861-7935F6E373C3}.Debug|Any CPU.ActiveCfg = Debug|Any CPU
		{16EBC602-258E-4412-8861-7935F6E373C3}.Debug|Any CPU.Build.0 = Debug|Any CPU
		{16EBC602-258E-4412-8861-7935F6E373C3}.Debug|x64.ActiveCfg = Debug|Any CPU
		{16EBC602-258E-4412-8861-7935F6E373C3}.Debug|x64.Build.0 = Debug|Any CPU
		{16EBC602-258E-4412-8861-7935F6E373C3}.Debug|x86.ActiveCfg = Debug|Any CPU
		{16EBC602-258E-4412-8861-7935F6E373C3}.Debug|x86.Build.0 = Debug|Any CPU
		{16EBC602-258E-4412-8861-7935F6E373C3}.Release|Any CPU.ActiveCfg = Release|Any CPU
		{16EBC602-258E-4412-8861-7935F6E373C3}.Release|Any CPU.Build.0 = Release|Any CPU
		{16EBC602-258E-4412-8861-7935F6E373C3}.Release|x64.ActiveCfg = Release|Any CPU
		{16EBC602-258E-4412-8861-7935F6E373C3}.Release|x64.Build.0 = Release|Any CPU
		{16EBC602-258E-4412-8861-7935F6E373C3}.Release|x86.ActiveCfg = Release|Any CPU
		{16EBC602-258E-4412-8861-7935F6E373C3}.Release|x86.Build.0 = Release|Any CPU
		{4F252A41-2DE8-4D7B-9227-E1FBBEB15444}.Debug|Any CPU.ActiveCfg = Debug|Any CPU
		{4F252A41-2DE8-4D7B-9227-E1FBBEB15444}.Debug|Any CPU.Build.0 = Debug|Any CPU
		{4F252A41-2DE8-4D7B-9227-E1FBBEB15444}.Debug|x64.ActiveCfg = Debug|Any CPU
		{4F252A41-2DE8-4D7B-9227-E1FBBEB15444}.Debug|x64.Build.0 = Debug|Any CPU
		{4F252A41-2DE8-4D7B-9227-E1FBBEB15444}.Debug|x86.ActiveCfg = Debug|Any CPU
		{4F252A41-2DE8-4D7B-9227-E1FBBEB15444}.Debug|x86.Build.0 = Debug|Any CPU
		{4F252A41-2DE8-4D7B-9227-E1FBBEB15444}.Release|Any CPU.ActiveCfg = Release|Any CPU
		{4F252A41-2DE8-4D7B-9227-E1FBBEB15444}.Release|Any CPU.Build.0 = Release|Any CPU
		{4F252A41-2DE8-4D7B-9227-E1FBBEB15444}.Release|x64.ActiveCfg = Release|Any CPU
		{4F252A41-2DE8-4D7B-9227-E1FBBEB15444}.Release|x64.Build.0 = Release|Any CPU
		{4F252A41-2DE8-4D7B-9227-E1FBBEB15444}.Release|x86.ActiveCfg = Release|Any CPU
		{4F252A41-2DE8-4D7B-9227-E1FBBEB15444}.Release|x86.Build.0 = Release|Any CPU
		{A7594A66-9F7D-4BCE-8D13-05EEE7D4902B}.Debug|Any CPU.ActiveCfg = Debug|Any CPU
		{A7594A66-9F7D-4BCE-8D13-05EEE7D4902B}.Debug|Any CPU.Build.0 = Debug|Any CPU
		{A7594A66-9F7D-4BCE-8D13-05EEE7D4902B}.Debug|x64.ActiveCfg = Debug|Any CPU
		{A7594A66-9F7D-4BCE-8D13-05EEE7D4902B}.Debug|x64.Build.0 = Debug|Any CPU
		{A7594A66-9F7D-4BCE-8D13-05EEE7D4902B}.Debug|x86.ActiveCfg = Debug|Any CPU
		{A7594A66-9F7D-4BCE-8D13-05EEE7D4902B}.Debug|x86.Build.0 = Debug|Any CPU
		{A7594A66-9F7D-4BCE-8D13-05EEE7D4902B}.Release|Any CPU.ActiveCfg = Release|Any CPU
		{A7594A66-9F7D-4BCE-8D13-05EEE7D4902B}.Release|Any CPU.Build.0 = Release|Any CPU
		{A7594A66-9F7D-4BCE-8D13-05EEE7D4902B}.Release|x64.ActiveCfg = Release|Any CPU
		{A7594A66-9F7D-4BCE-8D13-05EEE7D4902B}.Release|x64.Build.0 = Release|Any CPU
		{A7594A66-9F7D-4BCE-8D13-05EEE7D4902B}.Release|x86.ActiveCfg = Release|Any CPU
		{A7594A66-9F7D-4BCE-8D13-05EEE7D4902B}.Release|x86.Build.0 = Release|Any CPU
		{8F0082F9-D189-4455-8856-57EB565F24BE}.Debug|Any CPU.ActiveCfg = Debug|Any CPU
		{8F0082F9-D189-4455-8856-57EB565F24BE}.Debug|Any CPU.Build.0 = Debug|Any CPU
		{8F0082F9-D189-4455-8856-57EB565F24BE}.Debug|x64.ActiveCfg = Debug|Any CPU
		{8F0082F9-D189-4455-8856-57EB565F24BE}.Debug|x64.Build.0 = Debug|Any CPU
		{8F0082F9-D189-4455-8856-57EB565F24BE}.Debug|x86.ActiveCfg = Debug|Any CPU
		{8F0082F9-D189-4455-8856-57EB565F24BE}.Debug|x86.Build.0 = Debug|Any CPU
		{8F0082F9-D189-4455-8856-57EB565F24BE}.Release|Any CPU.ActiveCfg = Release|Any CPU
		{8F0082F9-D189-4455-8856-57EB565F24BE}.Release|Any CPU.Build.0 = Release|Any CPU
		{8F0082F9-D189-4455-8856-57EB565F24BE}.Release|x64.ActiveCfg = Release|Any CPU
		{8F0082F9-D189-4455-8856-57EB565F24BE}.Release|x64.Build.0 = Release|Any CPU
		{8F0082F9-D189-4455-8856-57EB565F24BE}.Release|x86.ActiveCfg = Release|Any CPU
		{8F0082F9-D189-4455-8856-57EB565F24BE}.Release|x86.Build.0 = Release|Any CPU
		{564AED24-5AD0-4BC6-ACA7-2C1753E9C508}.Debug|Any CPU.ActiveCfg = Debug|Any CPU
		{564AED24-5AD0-4BC6-ACA7-2C1753E9C508}.Debug|Any CPU.Build.0 = Debug|Any CPU
		{564AED24-5AD0-4BC6-ACA7-2C1753E9C508}.Debug|x64.ActiveCfg = Debug|Any CPU
		{564AED24-5AD0-4BC6-ACA7-2C1753E9C508}.Debug|x64.Build.0 = Debug|Any CPU
		{564AED24-5AD0-4BC6-ACA7-2C1753E9C508}.Debug|x86.ActiveCfg = Debug|Any CPU
		{564AED24-5AD0-4BC6-ACA7-2C1753E9C508}.Debug|x86.Build.0 = Debug|Any CPU
		{564AED24-5AD0-4BC6-ACA7-2C1753E9C508}.Release|Any CPU.ActiveCfg = Release|Any CPU
		{564AED24-5AD0-4BC6-ACA7-2C1753E9C508}.Release|Any CPU.Build.0 = Release|Any CPU
		{564AED24-5AD0-4BC6-ACA7-2C1753E9C508}.Release|x64.ActiveCfg = Release|Any CPU
		{564AED24-5AD0-4BC6-ACA7-2C1753E9C508}.Release|x64.Build.0 = Release|Any CPU
		{564AED24-5AD0-4BC6-ACA7-2C1753E9C508}.Release|x86.ActiveCfg = Release|Any CPU
		{564AED24-5AD0-4BC6-ACA7-2C1753E9C508}.Release|x86.Build.0 = Release|Any CPU
		{79FB1C8C-A130-478C-962A-8906AF4F5495}.Debug|Any CPU.ActiveCfg = Debug|Any CPU
		{79FB1C8C-A130-478C-962A-8906AF4F5495}.Debug|Any CPU.Build.0 = Debug|Any CPU
		{79FB1C8C-A130-478C-962A-8906AF4F5495}.Debug|x64.ActiveCfg = Debug|Any CPU
		{79FB1C8C-A130-478C-962A-8906AF4F5495}.Debug|x64.Build.0 = Debug|Any CPU
		{79FB1C8C-A130-478C-962A-8906AF4F5495}.Debug|x86.ActiveCfg = Debug|Any CPU
		{79FB1C8C-A130-478C-962A-8906AF4F5495}.Debug|x86.Build.0 = Debug|Any CPU
		{79FB1C8C-A130-478C-962A-8906AF4F5495}.Release|Any CPU.ActiveCfg = Release|Any CPU
		{79FB1C8C-A130-478C-962A-8906AF4F5495}.Release|Any CPU.Build.0 = Release|Any CPU
		{79FB1C8C-A130-478C-962A-8906AF4F5495}.Release|x64.ActiveCfg = Release|Any CPU
		{79FB1C8C-A130-478C-962A-8906AF4F5495}.Release|x64.Build.0 = Release|Any CPU
		{79FB1C8C-A130-478C-962A-8906AF4F5495}.Release|x86.ActiveCfg = Release|Any CPU
		{79FB1C8C-A130-478C-962A-8906AF4F5495}.Release|x86.Build.0 = Release|Any CPU
		{72CC2EEE-3A3F-4213-8697-ABA74963B6B0}.Debug|Any CPU.ActiveCfg = Debug|Any CPU
		{72CC2EEE-3A3F-4213-8697-ABA74963B6B0}.Debug|Any CPU.Build.0 = Debug|Any CPU
		{72CC2EEE-3A3F-4213-8697-ABA74963B6B0}.Debug|x64.ActiveCfg = Debug|Any CPU
		{72CC2EEE-3A3F-4213-8697-ABA74963B6B0}.Debug|x64.Build.0 = Debug|Any CPU
		{72CC2EEE-3A3F-4213-8697-ABA74963B6B0}.Debug|x86.ActiveCfg = Debug|Any CPU
		{72CC2EEE-3A3F-4213-8697-ABA74963B6B0}.Debug|x86.Build.0 = Debug|Any CPU
		{72CC2EEE-3A3F-4213-8697-ABA74963B6B0}.Release|Any CPU.ActiveCfg = Release|Any CPU
		{72CC2EEE-3A3F-4213-8697-ABA74963B6B0}.Release|Any CPU.Build.0 = Release|Any CPU
		{72CC2EEE-3A3F-4213-8697-ABA74963B6B0}.Release|x64.ActiveCfg = Release|Any CPU
		{72CC2EEE-3A3F-4213-8697-ABA74963B6B0}.Release|x64.Build.0 = Release|Any CPU
		{72CC2EEE-3A3F-4213-8697-ABA74963B6B0}.Release|x86.ActiveCfg = Release|Any CPU
		{72CC2EEE-3A3F-4213-8697-ABA74963B6B0}.Release|x86.Build.0 = Release|Any CPU
		{D1C21466-6F3F-4572-8A03-DFE2A19DC568}.Debug|Any CPU.ActiveCfg = Debug|Any CPU
		{D1C21466-6F3F-4572-8A03-DFE2A19DC568}.Debug|Any CPU.Build.0 = Debug|Any CPU
		{D1C21466-6F3F-4572-8A03-DFE2A19DC568}.Debug|x64.ActiveCfg = Debug|Any CPU
		{D1C21466-6F3F-4572-8A03-DFE2A19DC568}.Debug|x64.Build.0 = Debug|Any CPU
		{D1C21466-6F3F-4572-8A03-DFE2A19DC568}.Debug|x86.ActiveCfg = Debug|Any CPU
		{D1C21466-6F3F-4572-8A03-DFE2A19DC568}.Debug|x86.Build.0 = Debug|Any CPU
		{D1C21466-6F3F-4572-8A03-DFE2A19DC568}.Release|Any CPU.ActiveCfg = Release|Any CPU
		{D1C21466-6F3F-4572-8A03-DFE2A19DC568}.Release|Any CPU.Build.0 = Release|Any CPU
		{D1C21466-6F3F-4572-8A03-DFE2A19DC568}.Release|x64.ActiveCfg = Release|Any CPU
		{D1C21466-6F3F-4572-8A03-DFE2A19DC568}.Release|x64.Build.0 = Release|Any CPU
		{D1C21466-6F3F-4572-8A03-DFE2A19DC568}.Release|x86.ActiveCfg = Release|Any CPU
		{D1C21466-6F3F-4572-8A03-DFE2A19DC568}.Release|x86.Build.0 = Release|Any CPU
		{F3679FD3-896B-4145-8DB1-821ECBA9C7B0}.Debug|Any CPU.ActiveCfg = Debug|Any CPU
		{F3679FD3-896B-4145-8DB1-821ECBA9C7B0}.Debug|Any CPU.Build.0 = Debug|Any CPU
		{F3679FD3-896B-4145-8DB1-821ECBA9C7B0}.Debug|x64.ActiveCfg = Debug|Any CPU
		{F3679FD3-896B-4145-8DB1-821ECBA9C7B0}.Debug|x64.Build.0 = Debug|Any CPU
		{F3679FD3-896B-4145-8DB1-821ECBA9C7B0}.Debug|x86.ActiveCfg = Debug|Any CPU
		{F3679FD3-896B-4145-8DB1-821ECBA9C7B0}.Debug|x86.Build.0 = Debug|Any CPU
		{F3679FD3-896B-4145-8DB1-821ECBA9C7B0}.Release|Any CPU.ActiveCfg = Release|Any CPU
		{F3679FD3-896B-4145-8DB1-821ECBA9C7B0}.Release|Any CPU.Build.0 = Release|Any CPU
		{F3679FD3-896B-4145-8DB1-821ECBA9C7B0}.Release|x64.ActiveCfg = Release|Any CPU
		{F3679FD3-896B-4145-8DB1-821ECBA9C7B0}.Release|x64.Build.0 = Release|Any CPU
		{F3679FD3-896B-4145-8DB1-821ECBA9C7B0}.Release|x86.ActiveCfg = Release|Any CPU
		{F3679FD3-896B-4145-8DB1-821ECBA9C7B0}.Release|x86.Build.0 = Release|Any CPU
		{34A57DB5-9737-44A2-9064-F1B2D5E67AC9}.Debug|Any CPU.ActiveCfg = Debug|Any CPU
		{34A57DB5-9737-44A2-9064-F1B2D5E67AC9}.Debug|Any CPU.Build.0 = Debug|Any CPU
		{34A57DB5-9737-44A2-9064-F1B2D5E67AC9}.Debug|x64.ActiveCfg = Debug|Any CPU
		{34A57DB5-9737-44A2-9064-F1B2D5E67AC9}.Debug|x64.Build.0 = Debug|Any CPU
		{34A57DB5-9737-44A2-9064-F1B2D5E67AC9}.Debug|x86.ActiveCfg = Debug|Any CPU
		{34A57DB5-9737-44A2-9064-F1B2D5E67AC9}.Debug|x86.Build.0 = Debug|Any CPU
		{34A57DB5-9737-44A2-9064-F1B2D5E67AC9}.Release|Any CPU.ActiveCfg = Release|Any CPU
		{34A57DB5-9737-44A2-9064-F1B2D5E67AC9}.Release|Any CPU.Build.0 = Release|Any CPU
		{34A57DB5-9737-44A2-9064-F1B2D5E67AC9}.Release|x64.ActiveCfg = Release|Any CPU
		{34A57DB5-9737-44A2-9064-F1B2D5E67AC9}.Release|x64.Build.0 = Release|Any CPU
		{34A57DB5-9737-44A2-9064-F1B2D5E67AC9}.Release|x86.ActiveCfg = Release|Any CPU
		{34A57DB5-9737-44A2-9064-F1B2D5E67AC9}.Release|x86.Build.0 = Release|Any CPU
	EndGlobalSection
	GlobalSection(SolutionProperties) = preSolution
		HideSolutionNode = FALSE
	EndGlobalSection
	GlobalSection(ExtensibilityGlobals) = postSolution
		SolutionGuid = {30560A5B-A792-4E1D-8EFC-078D603D226D}
	EndGlobalSection
EndGlobal
